
Microsoft Visual Studio Solution File, Format Version 10.00
# Visual Studio 2008
Project("{8BC9CEB8-8B4A-11D0-8D11-00A0C91BC942}") = "BRAnyChatSDKDemo", "BRAnyChatSDKDemo\BRAnyChatSDKDemo.vcproj", "{37F7F182-1EDC-423B-A654-BAF178379D2C}"
EndProject
Project("{8BC9CEB8-8B4A-11D0-8D11-00A0C91BC942}") = "AnyChatVideoMixer", "AnyChatVideoMixer\AnyChatVideoMixer.vcproj", "{9E00D5BE-A553-4A4D-A392-420F572E2588}"
EndProject
Project("{8BC9CEB8-8B4A-11D0-8D11-00A0C91BC942}") = "AnyChatInputVideo", "AnyChatInputVideo\AnyChatInputVideo.vcproj", "{84AA1E4D-76B3-4FF7-BC93-3578E8011CD0}"
EndProject
Project("{8BC9CEB8-8B4A-11D0-8D11-00A0C91BC942}") = "Hello AnyChat", "Hello AnyChat\Hello AnyChat.vcproj", "{89812FFB-D489-4372-8D8F-4D36372A7A93}"
EndProject
Global
	GlobalSection(SolutionConfigurationPlatforms) = preSolution
		Debug|Win32 = Debug|Win32
		Release|Win32 = Release|Win32
	EndGlobalSection
	GlobalSection(ProjectConfigurationPlatforms) = postSolution
		{37F7F182-1EDC-423B-A654-BAF178379D2C}.Debug|Win32.ActiveCfg = Debug|Win32
		{37F7F182-1EDC-423B-A654-BAF178379D2C}.Debug|Win32.Build.0 = Debug|Win32
		{37F7F182-1EDC-423B-A654-BAF178379D2C}.Release|Win32.ActiveCfg = Release|Win32
		{37F7F182-1EDC-423B-A654-BAF178379D2C}.Release|Win32.Build.0 = Release|Win32
		{9E00D5BE-A553-4A4D-A392-420F572E2588}.Debug|Win32.ActiveCfg = Debug|Win32
		{9E00D5BE-A553-4A4D-A392-420F572E2588}.Debug|Win32.Build.0 = Debug|Win32
		{9E00D5BE-A553-4A4D-A392-420F572E2588}.Release|Win32.ActiveCfg = Release|Win32
		{9E00D5BE-A553-4A4D-A392-420F572E2588}.Release|Win32.Build.0 = Release|Win32
		{84AA1E4D-76B3-4FF7-BC93-3578E8011CD0}.Debug|Win32.ActiveCfg = Debug|Win32
		{84AA1E4D-76B3-4FF7-BC93-3578E8011CD0}.Debug|Win32.Build.0 = Debug|Win32
		{84AA1E4D-76B3-4FF7-BC93-3578E8011CD0}.Release|Win32.ActiveCfg = Release|Win32
		{84AA1E4D-76B3-4FF7-BC93-3578E8011CD0}.Release|Win32.Build.0 = Release|Win32
		{89812FFB-D489-4372-8D8F-4D36372A7A93}.Debug|Win32.ActiveCfg = Debug|Win32
		{89812FFB-D489-4372-8D8F-4D36372A7A93}.Debug|Win32.Build.0 = Debug|Win32
		{89812FFB-D489-4372-8D8F-4D36372A7A93}.Release|Win32.ActiveCfg = Release|Win32
		{89812FFB-D489-4372-8D8F-4D36372A7A93}.Release|Win32.Build.0 = Release|Win32
	EndGlobalSection
	GlobalSection(SolutionProperties) = preSolution
		HideSolutionNode = FALSE
	EndGlobalSection
EndGlobal
