// !$*UTF8*$!
{
	archiveVersion = 1;
	classes = {
	};
	objectVersion = 46;
	objects = {

/* Begin PBXBuildFile section */
		09558ADE1ECDBA6D00D966CE /* libz.tbd in Frameworks */ = {isa = PBXBuildFile; fileRef = 09558ADD1ECDBA6D00D966CE /* libz.tbd */; };
		096D5C451EDE9C15001100ED /* libanychatcore.a in Frameworks */ = {isa = PBXBuildFile; fileRef = 096D5C351EDE9C15001100ED /* libanychatcore.a */; };
		096D5C461EDE9C15001100ED /* libavcodec.a in Frameworks */ = {isa = PBXBuildFile; fileRef = 096D5C361EDE9C15001100ED /* libavcodec.a */; };
		096D5C471EDE9C15001100ED /* libavfilter.a in Frameworks */ = {isa = PBXBuildFile; fileRef = 096D5C371EDE9C15001100ED /* libavfilter.a */; };
		096D5C481EDE9C15001100ED /* libavformat.a in Frameworks */ = {isa = PBXBuildFile; fileRef = 096D5C381EDE9C15001100ED /* libavformat.a */; };
		096D5C491EDE9C15001100ED /* libavutil.a in Frameworks */ = {isa = PBXBuildFile; fileRef = 096D5C391EDE9C15001100ED /* libavutil.a */; };
		096D5C4A1EDE9C15001100ED /* libmediacore.a in Frameworks */ = {isa = PBXBuildFile; fileRef = 096D5C3A1EDE9C15001100ED /* libmediacore.a */; };
		096D5C4B1EDE9C15001100ED /* libmediashow.a in Frameworks */ = {isa = PBXBuildFile; fileRef = 096D5C3B1EDE9C15001100ED /* libmediashow.a */; };
		096D5C4C1EDE9C15001100ED /* libmediautil.a in Frameworks */ = {isa = PBXBuildFile; fileRef = 096D5C3C1EDE9C15001100ED /* libmediautil.a */; };
		096D5C4D1EDE9C15001100ED /* libmp3lame.a in Frameworks */ = {isa = PBXBuildFile; fileRef = 096D5C3D1EDE9C15001100ED /* libmp3lame.a */; };
		096D5C4E1EDE9C15001100ED /* libppthelper.a in Frameworks */ = {isa = PBXBuildFile; fileRef = 096D5C3E1EDE9C15001100ED /* libppthelper.a */; };
		096D5C4F1EDE9C15001100ED /* libswresample.a in Frameworks */ = {isa = PBXBuildFile; fileRef = 096D5C3F1EDE9C15001100ED /* libswresample.a */; };
		096D5C501EDE9C15001100ED /* libswscale.a in Frameworks */ = {isa = PBXBuildFile; fileRef = 096D5C401EDE9C15001100ED /* libswscale.a */; };
		096D5C511EDE9C15001100ED /* libvo-amrwbenc.a in Frameworks */ = {isa = PBXBuildFile; fileRef = 096D5C411EDE9C15001100ED /* libvo-amrwbenc.a */; };
		096D5C521EDE9C15001100ED /* libx264.a in Frameworks */ = {isa = PBXBuildFile; fileRef = 096D5C421EDE9C15001100ED /* libx264.a */; };
		096D5C531EDE9C15001100ED /* libyuv_neon.a in Frameworks */ = {isa = PBXBuildFile; fileRef = 096D5C431EDE9C15001100ED /* libyuv_neon.a */; };
		096D5C541EDE9C15001100ED /* libyuv.a in Frameworks */ = {isa = PBXBuildFile; fileRef = 096D5C441EDE9C15001100ED /* libyuv.a */; };
		098DF24A1EA743B500FB36FA /* VideoToolbox.framework in Frameworks */ = {isa = PBXBuildFile; fileRef = 098DF2491EA743B500FB36FA /* VideoToolbox.framework */; };
		F854CF072147509B002FC106 /* libc++.tbd in Frameworks */ = {isa = PBXBuildFile; fileRef = F854CF062147509B002FC106 /* libc++.tbd */; };
		FBCD379819D82B4B000FF14E /* QuartzCore.framework in Frameworks */ = {isa = PBXBuildFile; fileRef = FBCD379719D82B4B000FF14E /* QuartzCore.framework */; };
		FE0D8B0619FF9CC300D5FD3E /* bg_TestMsg.jpg in Resources */ = {isa = PBXBuildFile; fileRef = FE0D8B0519FF9CC300D5FD3E /* bg_TestMsg.jpg */; };
		FE1B2E7519C692F300773FE6 /* VideoVC.m in Sources */ = {isa = PBXBuildFile; fileRef = FE1B2E7319C692F300773FE6 /* VideoVC.m */; };
		FE20E49719D960C200189A8A /* btn_logout_01.png in Resources */ = {isa = PBXBuildFile; fileRef = FE20E49319D960C200189A8A /* btn_logout_01.png */; };
		FE20E49819D960C200189A8A /* btn_login_01.png in Resources */ = {isa = PBXBuildFile; fileRef = FE20E49419D960C200189A8A /* btn_login_01.png */; };
		FE20E49B19D968A800189A8A /* bg.png in Resources */ = {isa = PBXBuildFile; fileRef = FE20E49A19D968A800189A8A /* bg.png */; };
		FE3EAB6019E5233A00030ECA /* Default-568h@2x.png in Resources */ = {isa = PBXBuildFile; fileRef = FE3EAB5E19E5233A00030ECA /* Default-568h@2x.png */; };
		FE3EAB6119E5233A00030ECA /* Default@2x.png in Resources */ = {isa = PBXBuildFile; fileRef = FE3EAB5F19E5233A00030ECA /* Default@2x.png */; };
		FE56F0021C21348200576F27 /* Icon_box@2x.png in Resources */ = {isa = PBXBuildFile; fileRef = FE56F0001C21348200576F27 /* Icon_box@2x.png */; };
		FE56F0031C21348200576F27 /* Icon_box@3x.png in Resources */ = {isa = PBXBuildFile; fileRef = FE56F0011C21348200576F27 /* Icon_box@3x.png */; };
		FE56F0051C21356800576F27 /* Images.xcassets in Resources */ = {isa = PBXBuildFile; fileRef = FE56F0041C21356800576F27 /* Images.xcassets */; };
		FE6CD55619FA3C07008BC6E4 /* bg_menu.jpg in Resources */ = {isa = PBXBuildFile; fileRef = FE6CD55419FA3C07008BC6E4 /* bg_menu.jpg */; };
		FE9361D51A0C626000A1A597 /* Icon_onRecordVideo.png in Resources */ = {isa = PBXBuildFile; fileRef = FE9361D31A0C626000A1A597 /* Icon_onRecordVideo.png */; };
		FE9361D61A0C626000A1A597 /* Icon_offRecordVideo.png in Resources */ = {isa = PBXBuildFile; fileRef = FE9361D41A0C626000A1A597 /* Icon_offRecordVideo.png */; };
		FE9361D81A0CA05B00A1A597 /* Icon_SnapShot.png in Resources */ = {isa = PBXBuildFile; fileRef = FE9361D71A0CA05B00A1A597 /* Icon_SnapShot.png */; };
		FE94CEA71C646D8300D199DE /* checked.png in Resources */ = {isa = PBXBuildFile; fileRef = FE94CEA31C646D8300D199DE /* checked.png */; };
		FE94CEA81C646D8300D199DE /* checked@2x.png in Resources */ = {isa = PBXBuildFile; fileRef = FE94CEA41C646D8300D199DE /* checked@2x.png */; };
		FE94CEA91C646D8300D199DE /* unchecked.png in Resources */ = {isa = PBXBuildFile; fileRef = FE94CEA51C646D8300D199DE /* unchecked.png */; };
		FE94CEAA1C646D8300D199DE /* unchecked@2x.png in Resources */ = {isa = PBXBuildFile; fileRef = FE94CEA61C646D8300D199DE /* unchecked@2x.png */; };
		FE9AFD471A6E63F900B445CF /* UserVideoSettings.plist in Resources */ = {isa = PBXBuildFile; fileRef = FE9AFD461A6E63F900B445CF /* UserVideoSettings.plist */; };
		FE9DD19119DA916C008889EC /* cell_01.png in Resources */ = {isa = PBXBuildFile; fileRef = FE9DD19019DA916C008889EC /* cell_01.png */; };
		FE9EC5E71A26D14400FE2E5D /* Icon_playList2_140.png in Resources */ = {isa = PBXBuildFile; fileRef = FE9EC5E61A26D14400FE2E5D /* Icon_playList2_140.png */; };
		FE9EC5F31A26EF3000FE2E5D /* MBProgressHUD.m in Sources */ = {isa = PBXBuildFile; fileRef = FE9EC5F01A26EF3000FE2E5D /* MBProgressHUD.m */; };
		FE9EC5F41A26EF3000FE2E5D /* MZTimerLabel.m in Sources */ = {isa = PBXBuildFile; fileRef = FE9EC5F21A26EF3000FE2E5D /* MZTimerLabel.m */; };
		FEA9264619E4EE7400FC42AC /* Icon_ip.png in Resources */ = {isa = PBXBuildFile; fileRef = FEA9264419E4EE7400FC42AC /* Icon_ip.png */; };
		FEA9264719E4EE7400FC42AC /* Icon_port.png in Resources */ = {isa = PBXBuildFile; fileRef = FEA9264519E4EE7400FC42AC /* Icon_port.png */; };
		FEA9264A19E4EEB300FC42AC /* Icon_name.png in Resources */ = {isa = PBXBuildFile; fileRef = FEA9264819E4EEB300FC42AC /* Icon_name.png */; };
		FEA9264B19E4EEB300FC42AC /* Icon_room.png in Resources */ = {isa = PBXBuildFile; fileRef = FEA9264919E4EEB300FC42AC /* Icon_room.png */; };
		FEB052821A1055A50044B495 /* QuickLook.framework in Frameworks */ = {isa = PBXBuildFile; fileRef = FEB052811A1055A50044B495 /* QuickLook.framework */; };
		FEB863E019F0E6BE00594BF5 /* bg_video@2x.png in Resources */ = {isa = PBXBuildFile; fileRef = FEB863DF19F0E6BE00594BF5 /* bg_video@2x.png */; };
		FEBBA25119C2CC0B009EE02C /* Foundation.framework in Frameworks */ = {isa = PBXBuildFile; fileRef = FEBBA25019C2CC0B009EE02C /* Foundation.framework */; };
		FEBBA25319C2CC0B009EE02C /* CoreGraphics.framework in Frameworks */ = {isa = PBXBuildFile; fileRef = FEBBA25219C2CC0B009EE02C /* CoreGraphics.framework */; };
		FEBBA25519C2CC0B009EE02C /* UIKit.framework in Frameworks */ = {isa = PBXBuildFile; fileRef = FEBBA25419C2CC0B009EE02C /* UIKit.framework */; };
		FEBBA25B19C2CC0B009EE02C /* InfoPlist.strings in Resources */ = {isa = PBXBuildFile; fileRef = FEBBA25919C2CC0B009EE02C /* InfoPlist.strings */; };
		FEBBA25D19C2CC0B009EE02C /* main.m in Sources */ = {isa = PBXBuildFile; fileRef = FEBBA25C19C2CC0B009EE02C /* main.m */; };
		FEBBA26119C2CC0B009EE02C /* AppDelegate.m in Sources */ = {isa = PBXBuildFile; fileRef = FEBBA26019C2CC0B009EE02C /* AppDelegate.m */; };
		FEBBA2AE19C2CE06009EE02C /* CoreAudio.framework in Frameworks */ = {isa = PBXBuildFile; fileRef = FEBBA2AD19C2CE06009EE02C /* CoreAudio.framework */; };
		FEBBA2B019C2CE12009EE02C /* CoreVideo.framework in Frameworks */ = {isa = PBXBuildFile; fileRef = FEBBA2AF19C2CE12009EE02C /* CoreVideo.framework */; };
		FEBBA2B219C2CE21009EE02C /* AudioToolbox.framework in Frameworks */ = {isa = PBXBuildFile; fileRef = FEBBA2B119C2CE21009EE02C /* AudioToolbox.framework */; };
		FEBBA2B419C2CE2B009EE02C /* AVFoundation.framework in Frameworks */ = {isa = PBXBuildFile; fileRef = FEBBA2B319C2CE2B009EE02C /* AVFoundation.framework */; };
		FEBBA2B619C2CE36009EE02C /* CoreMedia.framework in Frameworks */ = {isa = PBXBuildFile; fileRef = FEBBA2B519C2CE36009EE02C /* CoreMedia.framework */; };
		FEBBA2BA19C2CF67009EE02C /* AnyChatVC.m in Sources */ = {isa = PBXBuildFile; fileRef = FEBBA2B819C2CF67009EE02C /* AnyChatVC.m */; };
		FEBC7CCE1A2FF51000F81D3B /* SettingVC.m in Sources */ = {isa = PBXBuildFile; fileRef = FEBC7CCC1A2FF51000F81D3B /* SettingVC.m */; };
		FEBC7CCF1A2FF51000F81D3B /* SettingVC.xib in Resources */ = {isa = PBXBuildFile; fileRef = FEBC7CCD1A2FF51000F81D3B /* SettingVC.xib */; };
		FEBC7CD71A2FF58A00F81D3B /* DetailVC.m in Sources */ = {isa = PBXBuildFile; fileRef = FEBC7CD51A2FF58A00F81D3B /* DetailVC.m */; };
		FEBC7CD81A2FF58A00F81D3B /* DetailVC.xib in Resources */ = {isa = PBXBuildFile; fileRef = FEBC7CD61A2FF58A00F81D3B /* DetailVC.xib */; };
		FEC56CBD19D7B0320008EA42 /* Icon@2x.png in Resources */ = {isa = PBXBuildFile; fileRef = FEC56CBC19D7B0320008EA42 /* Icon@2x.png */; };
		FECF536D19EF721A00338859 /* bg_video-568h@2x.png in Resources */ = {isa = PBXBuildFile; fileRef = FECF536C19EF721A00338859 /* bg_video-568h@2x.png */; };
		FEDD96CD1A7724C80093CAF9 /* Icon_back.png in Resources */ = {isa = PBXBuildFile; fileRef = FEDD96CC1A7724C80093CAF9 /* Icon_back.png */; };
		FEDD96CF1A7736040093CAF9 /* VideoSettings.plist in Resources */ = {isa = PBXBuildFile; fileRef = FEDD96CE1A7736040093CAF9 /* VideoSettings.plist */; };
		FEDEE6811A15AE57006FB454 /* bg_loginTitle.png in Resources */ = {isa = PBXBuildFile; fileRef = FEDEE6801A15AE57006FB454 /* bg_loginTitle.png */; };
		FEDEE6831A15D7D6006FB454 /* Icon_switchCamera_b_102.png in Resources */ = {isa = PBXBuildFile; fileRef = FEDEE6821A15D7D6006FB454 /* Icon_switchCamera_b_102.png */; };
		FEDEE6851A15DA04006FB454 /* Icon_switchCamera_w_102.png in Resources */ = {isa = PBXBuildFile; fileRef = FEDEE6841A15DA04006FB454 /* Icon_switchCamera_w_102.png */; };
		FEDEE68A1A15EA74006FB454 /* Icon_offRecordVideo_Local.png in Resources */ = {isa = PBXBuildFile; fileRef = FEDEE6861A15EA74006FB454 /* Icon_offRecordVideo_Local.png */; };
		FEDEE68B1A15EA74006FB454 /* Icon_offRecordVideo_Server.png in Resources */ = {isa = PBXBuildFile; fileRef = FEDEE6871A15EA74006FB454 /* Icon_offRecordVideo_Server.png */; };
		FEDEE68C1A15EA74006FB454 /* Icon_onRecordVideo_Local.png in Resources */ = {isa = PBXBuildFile; fileRef = FEDEE6881A15EA74006FB454 /* Icon_onRecordVideo_Local.png */; };
		FEDEE68D1A15EA74006FB454 /* Icon_onRecordVideo_Server.png in Resources */ = {isa = PBXBuildFile; fileRef = FEDEE6891A15EA74006FB454 /* Icon_onRecordVideo_Server.png */; };
		FEDEE6901A15F124006FB454 /* Icon_takePhoto_Local.png in Resources */ = {isa = PBXBuildFile; fileRef = FEDEE68E1A15F124006FB454 /* Icon_takePhoto_Local.png */; };
		FEDEE6911A15F124006FB454 /* Icon_takePhoto_Server.png in Resources */ = {isa = PBXBuildFile; fileRef = FEDEE68F1A15F124006FB454 /* Icon_takePhoto_Server.png */; };
		FEE6C84419F628A300477365 /* Icon_switchCamera_w.png in Resources */ = {isa = PBXBuildFile; fileRef = FEE6C83C19F628A300477365 /* Icon_switchCamera_w.png */; };
		FEE6C84519F628A300477365 /* Icon_switchCamera_b.png in Resources */ = {isa = PBXBuildFile; fileRef = FEE6C83D19F628A300477365 /* Icon_switchCamera_b.png */; };
		FEE6C84619F628A300477365 /* Icon_speak_on.png in Resources */ = {isa = PBXBuildFile; fileRef = FEE6C83E19F628A300477365 /* Icon_speak_on.png */; };
		FEE6C84719F628A300477365 /* Icon_speak_off.png in Resources */ = {isa = PBXBuildFile; fileRef = FEE6C83F19F628A300477365 /* Icon_speak_off.png */; };
		FEE6C84819F628A300477365 /* Icon_EndCall.png in Resources */ = {isa = PBXBuildFile; fileRef = FEE6C84019F628A300477365 /* Icon_EndCall.png */; };
		FEE6C84919F628A300477365 /* Icon_camera_on.png in Resources */ = {isa = PBXBuildFile; fileRef = FEE6C84119F628A300477365 /* Icon_camera_on.png */; };
		FEE6C84A19F628A300477365 /* Icon_camera_off.png in Resources */ = {isa = PBXBuildFile; fileRef = FEE6C84219F628A300477365 /* Icon_camera_off.png */; };
		FEE6C84B19F628A300477365 /* bg_video_footer.png in Resources */ = {isa = PBXBuildFile; fileRef = FEE6C84319F628A300477365 /* bg_video_footer.png */; };
		FEE6C85019F630A300477365 /* VideoVC.xib in Resources */ = {isa = PBXBuildFile; fileRef = FEE6C84E19F630A300477365 /* VideoVC.xib */; };
		FEE6C85119F630A300477365 /* AnyChatVC.xib in Resources */ = {isa = PBXBuildFile; fileRef = FEE6C84F19F630A300477365 /* AnyChatVC.xib */; };
/* End PBXBuildFile section */

/* Begin PBXFileReference section */
		09558ADD1ECDBA6D00D966CE /* libz.tbd */ = {isa = PBXFileReference; lastKnownFileType = "sourcecode.text-based-dylib-definition"; name = libz.tbd; path = usr/lib/libz.tbd; sourceTree = SDKROOT; };
		096D5C351EDE9C15001100ED /* libanychatcore.a */ = {isa = PBXFileReference; lastKnownFileType = archive.ar; path = libanychatcore.a; sourceTree = "<group>"; };
		096D5C361EDE9C15001100ED /* libavcodec.a */ = {isa = PBXFileReference; lastKnownFileType = archive.ar; path = libavcodec.a; sourceTree = "<group>"; };
		096D5C371EDE9C15001100ED /* libavfilter.a */ = {isa = PBXFileReference; lastKnownFileType = archive.ar; path = libavfilter.a; sourceTree = "<group>"; };
		096D5C381EDE9C15001100ED /* libavformat.a */ = {isa = PBXFileReference; lastKnownFileType = archive.ar; path = libavformat.a; sourceTree = "<group>"; };
		096D5C391EDE9C15001100ED /* libavutil.a */ = {isa = PBXFileReference; lastKnownFileType = archive.ar; path = libavutil.a; sourceTree = "<group>"; };
		096D5C3A1EDE9C15001100ED /* libmediacore.a */ = {isa = PBXFileReference; lastKnownFileType = archive.ar; path = libmediacore.a; sourceTree = "<group>"; };
		096D5C3B1EDE9C15001100ED /* libmediashow.a */ = {isa = PBXFileReference; lastKnownFileType = archive.ar; path = libmediashow.a; sourceTree = "<group>"; };
		096D5C3C1EDE9C15001100ED /* libmediautil.a */ = {isa = PBXFileReference; lastKnownFileType = archive.ar; path = libmediautil.a; sourceTree = "<group>"; };
		096D5C3D1EDE9C15001100ED /* libmp3lame.a */ = {isa = PBXFileReference; lastKnownFileType = archive.ar; path = libmp3lame.a; sourceTree = "<group>"; };
		096D5C3E1EDE9C15001100ED /* libppthelper.a */ = {isa = PBXFileReference; lastKnownFileType = archive.ar; path = libppthelper.a; sourceTree = "<group>"; };
		096D5C3F1EDE9C15001100ED /* libswresample.a */ = {isa = PBXFileReference; lastKnownFileType = archive.ar; path = libswresample.a; sourceTree = "<group>"; };
		096D5C401EDE9C15001100ED /* libswscale.a */ = {isa = PBXFileReference; lastKnownFileType = archive.ar; path = libswscale.a; sourceTree = "<group>"; };
		096D5C411EDE9C15001100ED /* libvo-amrwbenc.a */ = {isa = PBXFileReference; lastKnownFileType = archive.ar; path = "libvo-amrwbenc.a"; sourceTree = "<group>"; };
		096D5C421EDE9C15001100ED /* libx264.a */ = {isa = PBXFileReference; lastKnownFileType = archive.ar; path = libx264.a; sourceTree = "<group>"; };
		096D5C431EDE9C15001100ED /* libyuv_neon.a */ = {isa = PBXFileReference; lastKnownFileType = archive.ar; path = libyuv_neon.a; sourceTree = "<group>"; };
		096D5C441EDE9C15001100ED /* libyuv.a */ = {isa = PBXFileReference; lastKnownFileType = archive.ar; path = libyuv.a; sourceTree = "<group>"; };
		098DF2491EA743B500FB36FA /* VideoToolbox.framework */ = {isa = PBXFileReference; lastKnownFileType = wrapper.framework; name = VideoToolbox.framework; path = System/Library/Frameworks/VideoToolbox.framework; sourceTree = SDKROOT; };
		09B5897A1ECEDDB7009BF992 /* libstdc++.6.tbd */ = {isa = PBXFileReference; lastKnownFileType = "sourcecode.text-based-dylib-definition"; name = "libstdc++.6.tbd"; path = "usr/lib/libstdc++.6.tbd"; sourceTree = SDKROOT; };
		F854CF062147509B002FC106 /* libc++.tbd */ = {isa = PBXFileReference; lastKnownFileType = "sourcecode.text-based-dylib-definition"; name = "libc++.tbd"; path = "usr/lib/libc++.tbd"; sourceTree = SDKROOT; };
		FBCD379719D82B4B000FF14E /* QuartzCore.framework */ = {isa = PBXFileReference; lastKnownFileType = wrapper.framework; name = QuartzCore.framework; path = System/Library/Frameworks/QuartzCore.framework; sourceTree = SDKROOT; };
		FE0D8B0519FF9CC300D5FD3E /* bg_TestMsg.jpg */ = {isa = PBXFileReference; lastKnownFileType = image.jpeg; path = bg_TestMsg.jpg; sourceTree = "<group>"; };
		FE1B2E7219C692F300773FE6 /* VideoVC.h */ = {isa = PBXFileReference; fileEncoding = 4; lastKnownFileType = sourcecode.c.h; path = VideoVC.h; sourceTree = "<group>"; };
		FE1B2E7319C692F300773FE6 /* VideoVC.m */ = {isa = PBXFileReference; fileEncoding = 4; lastKnownFileType = sourcecode.c.objc; lineEnding = 0; path = VideoVC.m; sourceTree = "<group>"; xcLanguageSpecificationIdentifier = xcode.lang.objc; };
		FE20E49319D960C200189A8A /* btn_logout_01.png */ = {isa = PBXFileReference; lastKnownFileType = image.png; path = btn_logout_01.png; sourceTree = "<group>"; };
		FE20E49419D960C200189A8A /* btn_login_01.png */ = {isa = PBXFileReference; lastKnownFileType = image.png; path = btn_login_01.png; sourceTree = "<group>"; };
		FE20E49A19D968A800189A8A /* bg.png */ = {isa = PBXFileReference; lastKnownFileType = image.png; path = bg.png; sourceTree = "<group>"; };
		FE3EAB5E19E5233A00030ECA /* Default-568h@2x.png */ = {isa = PBXFileReference; lastKnownFileType = image.png; path = "Default-568h@2x.png"; sourceTree = "<group>"; };
		FE3EAB5F19E5233A00030ECA /* Default@2x.png */ = {isa = PBXFileReference; lastKnownFileType = image.png; path = "Default@2x.png"; sourceTree = "<group>"; };
		FE56F0001C21348200576F27 /* Icon_box@2x.png */ = {isa = PBXFileReference; lastKnownFileType = image.png; path = "Icon_box@2x.png"; sourceTree = "<group>"; };
		FE56F0011C21348200576F27 /* Icon_box@3x.png */ = {isa = PBXFileReference; lastKnownFileType = image.png; path = "Icon_box@3x.png"; sourceTree = "<group>"; };
		FE56F0041C21356800576F27 /* Images.xcassets */ = {isa = PBXFileReference; lastKnownFileType = folder.assetcatalog; name = Images.xcassets; path = AnyChatMeeting/Images.xcassets; sourceTree = "<group>"; };
		FE6CD55419FA3C07008BC6E4 /* bg_menu.jpg */ = {isa = PBXFileReference; lastKnownFileType = image.jpeg; path = bg_menu.jpg; sourceTree = "<group>"; };
		FE9361D31A0C626000A1A597 /* Icon_onRecordVideo.png */ = {isa = PBXFileReference; lastKnownFileType = image.png; name = Icon_onRecordVideo.png; path = AnyChatMeeting/Resources/video_footer/Icon_onRecordVideo.png; sourceTree = SOURCE_ROOT; };
		FE9361D41A0C626000A1A597 /* Icon_offRecordVideo.png */ = {isa = PBXFileReference; lastKnownFileType = image.png; name = Icon_offRecordVideo.png; path = AnyChatMeeting/Resources/video_footer/Icon_offRecordVideo.png; sourceTree = SOURCE_ROOT; };
		FE9361D71A0CA05B00A1A597 /* Icon_SnapShot.png */ = {isa = PBXFileReference; lastKnownFileType = image.png; name = Icon_SnapShot.png; path = AnyChatMeeting/Resources/video_footer/Icon_SnapShot.png; sourceTree = SOURCE_ROOT; };
		FE94CEA31C646D8300D199DE /* checked.png */ = {isa = PBXFileReference; lastKnownFileType = image.png; path = checked.png; sourceTree = "<group>"; };
		FE94CEA41C646D8300D199DE /* checked@2x.png */ = {isa = PBXFileReference; lastKnownFileType = image.png; path = "checked@2x.png"; sourceTree = "<group>"; };
		FE94CEA51C646D8300D199DE /* unchecked.png */ = {isa = PBXFileReference; lastKnownFileType = image.png; path = unchecked.png; sourceTree = "<group>"; };
		FE94CEA61C646D8300D199DE /* unchecked@2x.png */ = {isa = PBXFileReference; lastKnownFileType = image.png; path = "unchecked@2x.png"; sourceTree = "<group>"; };
		FE94D0661C65EF2D00D199DE /* AnyChatDefine.h */ = {isa = PBXFileReference; fileEncoding = 4; lastKnownFileType = sourcecode.c.h; path = AnyChatDefine.h; sourceTree = "<group>"; };
		FE94D0671C65EF2D00D199DE /* AnyChatErrorCode.h */ = {isa = PBXFileReference; fileEncoding = 4; lastKnownFileType = sourcecode.c.h; path = AnyChatErrorCode.h; sourceTree = "<group>"; };
		FE94D0681C65EF2D00D199DE /* AnyChatObjectDefine.h */ = {isa = PBXFileReference; fileEncoding = 4; lastKnownFileType = sourcecode.c.h; path = AnyChatObjectDefine.h; sourceTree = "<group>"; };
		FE94D0691C65EF2D00D199DE /* AnyChatPlatform.h */ = {isa = PBXFileReference; fileEncoding = 4; lastKnownFileType = sourcecode.c.h; path = AnyChatPlatform.h; sourceTree = "<group>"; };
		FE9AFD461A6E63F900B445CF /* UserVideoSettings.plist */ = {isa = PBXFileReference; fileEncoding = 4; lastKnownFileType = text.plist.xml; path = UserVideoSettings.plist; sourceTree = "<group>"; };
		FE9DD19019DA916C008889EC /* cell_01.png */ = {isa = PBXFileReference; lastKnownFileType = image.png; path = cell_01.png; sourceTree = "<group>"; };
		FE9EC5E61A26D14400FE2E5D /* Icon_playList2_140.png */ = {isa = PBXFileReference; lastKnownFileType = image.png; path = Icon_playList2_140.png; sourceTree = "<group>"; };
		FE9EC5EF1A26EF3000FE2E5D /* MBProgressHUD.h */ = {isa = PBXFileReference; fileEncoding = 4; lastKnownFileType = sourcecode.c.h; path = MBProgressHUD.h; sourceTree = "<group>"; };
		FE9EC5F01A26EF3000FE2E5D /* MBProgressHUD.m */ = {isa = PBXFileReference; fileEncoding = 4; lastKnownFileType = sourcecode.c.objc; path = MBProgressHUD.m; sourceTree = "<group>"; };
		FE9EC5F11A26EF3000FE2E5D /* MZTimerLabel.h */ = {isa = PBXFileReference; fileEncoding = 4; lastKnownFileType = sourcecode.c.h; path = MZTimerLabel.h; sourceTree = "<group>"; };
		FE9EC5F21A26EF3000FE2E5D /* MZTimerLabel.m */ = {isa = PBXFileReference; fileEncoding = 4; lastKnownFileType = sourcecode.c.objc; path = MZTimerLabel.m; sourceTree = "<group>"; };
		FEA9264419E4EE7400FC42AC /* Icon_ip.png */ = {isa = PBXFileReference; lastKnownFileType = image.png; path = Icon_ip.png; sourceTree = "<group>"; };
		FEA9264519E4EE7400FC42AC /* Icon_port.png */ = {isa = PBXFileReference; lastKnownFileType = image.png; path = Icon_port.png; sourceTree = "<group>"; };
		FEA9264819E4EEB300FC42AC /* Icon_name.png */ = {isa = PBXFileReference; lastKnownFileType = image.png; path = Icon_name.png; sourceTree = "<group>"; };
		FEA9264919E4EEB300FC42AC /* Icon_room.png */ = {isa = PBXFileReference; lastKnownFileType = image.png; path = Icon_room.png; sourceTree = "<group>"; };
		FEB052811A1055A50044B495 /* QuickLook.framework */ = {isa = PBXFileReference; lastKnownFileType = wrapper.framework; name = QuickLook.framework; path = System/Library/Frameworks/QuickLook.framework; sourceTree = SDKROOT; };
		FEB863DF19F0E6BE00594BF5 /* bg_video@2x.png */ = {isa = PBXFileReference; lastKnownFileType = image.png; path = "bg_video@2x.png"; sourceTree = "<group>"; };
		FEBBA24D19C2CC0B009EE02C /* AnyChatMeeting.app */ = {isa = PBXFileReference; explicitFileType = wrapper.application; includeInIndex = 0; path = AnyChatMeeting.app; sourceTree = BUILT_PRODUCTS_DIR; };
		FEBBA25019C2CC0B009EE02C /* Foundation.framework */ = {isa = PBXFileReference; lastKnownFileType = wrapper.framework; name = Foundation.framework; path = System/Library/Frameworks/Foundation.framework; sourceTree = SDKROOT; };
		FEBBA25219C2CC0B009EE02C /* CoreGraphics.framework */ = {isa = PBXFileReference; lastKnownFileType = wrapper.framework; name = CoreGraphics.framework; path = System/Library/Frameworks/CoreGraphics.framework; sourceTree = SDKROOT; };
		FEBBA25419C2CC0B009EE02C /* UIKit.framework */ = {isa = PBXFileReference; lastKnownFileType = wrapper.framework; name = UIKit.framework; path = System/Library/Frameworks/UIKit.framework; sourceTree = SDKROOT; };
		FEBBA25819C2CC0B009EE02C /* AnyChatMeeting-Info.plist */ = {isa = PBXFileReference; lastKnownFileType = text.plist.xml; path = "AnyChatMeeting-Info.plist"; sourceTree = "<group>"; };
		FEBBA25A19C2CC0B009EE02C /* en */ = {isa = PBXFileReference; lastKnownFileType = text.plist.strings; name = en; path = en.lproj/InfoPlist.strings; sourceTree = "<group>"; };
		FEBBA25C19C2CC0B009EE02C /* main.m */ = {isa = PBXFileReference; lastKnownFileType = sourcecode.c.objc; path = main.m; sourceTree = "<group>"; };
		FEBBA25E19C2CC0B009EE02C /* AnyChatMeeting-Prefix.pch */ = {isa = PBXFileReference; lastKnownFileType = sourcecode.c.h; path = "AnyChatMeeting-Prefix.pch"; sourceTree = "<group>"; };
		FEBBA25F19C2CC0B009EE02C /* AppDelegate.h */ = {isa = PBXFileReference; lastKnownFileType = sourcecode.c.h; path = AppDelegate.h; sourceTree = "<group>"; };
		FEBBA26019C2CC0B009EE02C /* AppDelegate.m */ = {isa = PBXFileReference; lastKnownFileType = sourcecode.c.objc; path = AppDelegate.m; sourceTree = "<group>"; };
		FEBBA2AD19C2CE06009EE02C /* CoreAudio.framework */ = {isa = PBXFileReference; lastKnownFileType = wrapper.framework; name = CoreAudio.framework; path = System/Library/Frameworks/CoreAudio.framework; sourceTree = SDKROOT; };
		FEBBA2AF19C2CE12009EE02C /* CoreVideo.framework */ = {isa = PBXFileReference; lastKnownFileType = wrapper.framework; name = CoreVideo.framework; path = System/Library/Frameworks/CoreVideo.framework; sourceTree = SDKROOT; };
		FEBBA2B119C2CE21009EE02C /* AudioToolbox.framework */ = {isa = PBXFileReference; lastKnownFileType = wrapper.framework; name = AudioToolbox.framework; path = System/Library/Frameworks/AudioToolbox.framework; sourceTree = SDKROOT; };
		FEBBA2B319C2CE2B009EE02C /* AVFoundation.framework */ = {isa = PBXFileReference; lastKnownFileType = wrapper.framework; name = AVFoundation.framework; path = System/Library/Frameworks/AVFoundation.framework; sourceTree = SDKROOT; };
		FEBBA2B519C2CE36009EE02C /* CoreMedia.framework */ = {isa = PBXFileReference; lastKnownFileType = wrapper.framework; name = CoreMedia.framework; path = System/Library/Frameworks/CoreMedia.framework; sourceTree = SDKROOT; };
		FEBBA2B719C2CF67009EE02C /* AnyChatVC.h */ = {isa = PBXFileReference; fileEncoding = 4; lastKnownFileType = sourcecode.c.h; path = AnyChatVC.h; sourceTree = "<group>"; };
		FEBBA2B819C2CF67009EE02C /* AnyChatVC.m */ = {isa = PBXFileReference; fileEncoding = 4; lastKnownFileType = sourcecode.c.objc; lineEnding = 0; path = AnyChatVC.m; sourceTree = "<group>"; xcLanguageSpecificationIdentifier = xcode.lang.objc; };
		FEBC7CCB1A2FF51000F81D3B /* SettingVC.h */ = {isa = PBXFileReference; fileEncoding = 4; lastKnownFileType = sourcecode.c.h; path = SettingVC.h; sourceTree = "<group>"; };
		FEBC7CCC1A2FF51000F81D3B /* SettingVC.m */ = {isa = PBXFileReference; fileEncoding = 4; lastKnownFileType = sourcecode.c.objc; path = SettingVC.m; sourceTree = "<group>"; };
		FEBC7CCD1A2FF51000F81D3B /* SettingVC.xib */ = {isa = PBXFileReference; fileEncoding = 4; lastKnownFileType = file.xib; path = SettingVC.xib; sourceTree = "<group>"; };
		FEBC7CD41A2FF58A00F81D3B /* DetailVC.h */ = {isa = PBXFileReference; fileEncoding = 4; lastKnownFileType = sourcecode.c.h; path = DetailVC.h; sourceTree = "<group>"; };
		FEBC7CD51A2FF58A00F81D3B /* DetailVC.m */ = {isa = PBXFileReference; fileEncoding = 4; lastKnownFileType = sourcecode.c.objc; path = DetailVC.m; sourceTree = "<group>"; };
		FEBC7CD61A2FF58A00F81D3B /* DetailVC.xib */ = {isa = PBXFileReference; fileEncoding = 4; lastKnownFileType = file.xib; path = DetailVC.xib; sourceTree = "<group>"; };
		FEC56CBC19D7B0320008EA42 /* Icon@2x.png */ = {isa = PBXFileReference; lastKnownFileType = image.png; path = "Icon@2x.png"; sourceTree = "<group>"; };
		FECF536C19EF721A00338859 /* bg_video-568h@2x.png */ = {isa = PBXFileReference; lastKnownFileType = image.png; path = "bg_video-568h@2x.png"; sourceTree = "<group>"; };
		FEDD96CC1A7724C80093CAF9 /* Icon_back.png */ = {isa = PBXFileReference; lastKnownFileType = image.png; path = Icon_back.png; sourceTree = "<group>"; };
		FEDD96CE1A7736040093CAF9 /* VideoSettings.plist */ = {isa = PBXFileReference; fileEncoding = 4; lastKnownFileType = text.plist.xml; path = VideoSettings.plist; sourceTree = "<group>"; };
		FEDEE6801A15AE57006FB454 /* bg_loginTitle.png */ = {isa = PBXFileReference; lastKnownFileType = image.png; path = bg_loginTitle.png; sourceTree = "<group>"; };
		FEDEE6821A15D7D6006FB454 /* Icon_switchCamera_b_102.png */ = {isa = PBXFileReference; lastKnownFileType = image.png; name = Icon_switchCamera_b_102.png; path = AnyChatMeeting/Resources/video_footer/Icon_switchCamera_b_102.png; sourceTree = SOURCE_ROOT; };
		FEDEE6841A15DA04006FB454 /* Icon_switchCamera_w_102.png */ = {isa = PBXFileReference; lastKnownFileType = image.png; name = Icon_switchCamera_w_102.png; path = AnyChatMeeting/Resources/video_footer/Icon_switchCamera_w_102.png; sourceTree = SOURCE_ROOT; };
		FEDEE6861A15EA74006FB454 /* Icon_offRecordVideo_Local.png */ = {isa = PBXFileReference; lastKnownFileType = image.png; name = Icon_offRecordVideo_Local.png; path = AnyChatMeeting/Resources/video_footer/Icon_offRecordVideo_Local.png; sourceTree = SOURCE_ROOT; };
		FEDEE6871A15EA74006FB454 /* Icon_offRecordVideo_Server.png */ = {isa = PBXFileReference; lastKnownFileType = image.png; name = Icon_offRecordVideo_Server.png; path = AnyChatMeeting/Resources/video_footer/Icon_offRecordVideo_Server.png; sourceTree = SOURCE_ROOT; };
		FEDEE6881A15EA74006FB454 /* Icon_onRecordVideo_Local.png */ = {isa = PBXFileReference; lastKnownFileType = image.png; name = Icon_onRecordVideo_Local.png; path = AnyChatMeeting/Resources/video_footer/Icon_onRecordVideo_Local.png; sourceTree = SOURCE_ROOT; };
		FEDEE6891A15EA74006FB454 /* Icon_onRecordVideo_Server.png */ = {isa = PBXFileReference; lastKnownFileType = image.png; name = Icon_onRecordVideo_Server.png; path = AnyChatMeeting/Resources/video_footer/Icon_onRecordVideo_Server.png; sourceTree = SOURCE_ROOT; };
		FEDEE68E1A15F124006FB454 /* Icon_takePhoto_Local.png */ = {isa = PBXFileReference; lastKnownFileType = image.png; name = Icon_takePhoto_Local.png; path = AnyChatMeeting/Resources/video_footer/Icon_takePhoto_Local.png; sourceTree = SOURCE_ROOT; };
		FEDEE68F1A15F124006FB454 /* Icon_takePhoto_Server.png */ = {isa = PBXFileReference; lastKnownFileType = image.png; name = Icon_takePhoto_Server.png; path = AnyChatMeeting/Resources/video_footer/Icon_takePhoto_Server.png; sourceTree = SOURCE_ROOT; };
		FEE6C83C19F628A300477365 /* Icon_switchCamera_w.png */ = {isa = PBXFileReference; lastKnownFileType = image.png; name = Icon_switchCamera_w.png; path = AnyChatMeeting/Resources/video_footer/Icon_switchCamera_w.png; sourceTree = SOURCE_ROOT; };
		FEE6C83D19F628A300477365 /* Icon_switchCamera_b.png */ = {isa = PBXFileReference; lastKnownFileType = image.png; name = Icon_switchCamera_b.png; path = AnyChatMeeting/Resources/video_footer/Icon_switchCamera_b.png; sourceTree = SOURCE_ROOT; };
		FEE6C83E19F628A300477365 /* Icon_speak_on.png */ = {isa = PBXFileReference; lastKnownFileType = image.png; name = Icon_speak_on.png; path = AnyChatMeeting/Resources/video_footer/Icon_speak_on.png; sourceTree = SOURCE_ROOT; };
		FEE6C83F19F628A300477365 /* Icon_speak_off.png */ = {isa = PBXFileReference; lastKnownFileType = image.png; name = Icon_speak_off.png; path = AnyChatMeeting/Resources/video_footer/Icon_speak_off.png; sourceTree = SOURCE_ROOT; };
		FEE6C84019F628A300477365 /* Icon_EndCall.png */ = {isa = PBXFileReference; lastKnownFileType = image.png; name = Icon_EndCall.png; path = AnyChatMeeting/Resources/video_footer/Icon_EndCall.png; sourceTree = SOURCE_ROOT; };
		FEE6C84119F628A300477365 /* Icon_camera_on.png */ = {isa = PBXFileReference; lastKnownFileType = image.png; name = Icon_camera_on.png; path = AnyChatMeeting/Resources/video_footer/Icon_camera_on.png; sourceTree = SOURCE_ROOT; };
		FEE6C84219F628A300477365 /* Icon_camera_off.png */ = {isa = PBXFileReference; lastKnownFileType = image.png; name = Icon_camera_off.png; path = AnyChatMeeting/Resources/video_footer/Icon_camera_off.png; sourceTree = SOURCE_ROOT; };
		FEE6C84319F628A300477365 /* bg_video_footer.png */ = {isa = PBXFileReference; lastKnownFileType = image.png; name = bg_video_footer.png; path = AnyChatMeeting/Resources/video_footer/bg_video_footer.png; sourceTree = SOURCE_ROOT; };
		FEE6C84E19F630A300477365 /* VideoVC.xib */ = {isa = PBXFileReference; fileEncoding = 4; lastKnownFileType = file.xib; name = VideoVC.xib; path = AnyChatMeeting/VideoVC.xib; sourceTree = SOURCE_ROOT; };
		FEE6C84F19F630A300477365 /* AnyChatVC.xib */ = {isa = PBXFileReference; fileEncoding = 4; lastKnownFileType = file.xib; name = AnyChatVC.xib; path = AnyChatMeeting/AnyChatVC.xib; sourceTree = SOURCE_ROOT; };
/* End PBXFileReference section */

/* Begin PBXFrameworksBuildPhase section */
		FEBBA24A19C2CC0B009EE02C /* Frameworks */ = {
			isa = PBXFrameworksBuildPhase;
			buildActionMask = 2147483647;
			files = (
				F854CF072147509B002FC106 /* libc++.tbd in Frameworks */,
				096D5C491EDE9C15001100ED /* libavutil.a in Frameworks */,
				096D5C511EDE9C15001100ED /* libvo-amrwbenc.a in Frameworks */,
				096D5C4C1EDE9C15001100ED /* libmediautil.a in Frameworks */,
				096D5C471EDE9C15001100ED /* libavfilter.a in Frameworks */,
				09558ADE1ECDBA6D00D966CE /* libz.tbd in Frameworks */,
				096D5C531EDE9C15001100ED /* libyuv_neon.a in Frameworks */,
				096D5C481EDE9C15001100ED /* libavformat.a in Frameworks */,
				096D5C461EDE9C15001100ED /* libavcodec.a in Frameworks */,
				098DF24A1EA743B500FB36FA /* VideoToolbox.framework in Frameworks */,
				FEB052821A1055A50044B495 /* QuickLook.framework in Frameworks */,
				096D5C4A1EDE9C15001100ED /* libmediacore.a in Frameworks */,
				096D5C541EDE9C15001100ED /* libyuv.a in Frameworks */,
				096D5C521EDE9C15001100ED /* libx264.a in Frameworks */,
				096D5C4B1EDE9C15001100ED /* libmediashow.a in Frameworks */,
				FEBBA2B619C2CE36009EE02C /* CoreMedia.framework in Frameworks */,
				096D5C4E1EDE9C15001100ED /* libppthelper.a in Frameworks */,
				FEBBA2B419C2CE2B009EE02C /* AVFoundation.framework in Frameworks */,
				FEBBA2B219C2CE21009EE02C /* AudioToolbox.framework in Frameworks */,
				096D5C451EDE9C15001100ED /* libanychatcore.a in Frameworks */,
				096D5C501EDE9C15001100ED /* libswscale.a in Frameworks */,
				096D5C4F1EDE9C15001100ED /* libswresample.a in Frameworks */,
				FEBBA2B019C2CE12009EE02C /* CoreVideo.framework in Frameworks */,
				FEBBA2AE19C2CE06009EE02C /* CoreAudio.framework in Frameworks */,
				FBCD379819D82B4B000FF14E /* QuartzCore.framework in Frameworks */,
				FEBBA25319C2CC0B009EE02C /* CoreGraphics.framework in Frameworks */,
				FEBBA25519C2CC0B009EE02C /* UIKit.framework in Frameworks */,
				FEBBA25119C2CC0B009EE02C /* Foundation.framework in Frameworks */,
				096D5C4D1EDE9C15001100ED /* libmp3lame.a in Frameworks */,
			);
			runOnlyForDeploymentPostprocessing = 0;
		};
/* End PBXFrameworksBuildPhase section */

/* Begin PBXGroup section */
		FE8CF22219FA1FC1005E2F71 /* Login */ = {
			isa = PBXGroup;
			children = (
				FEBBA2B719C2CF67009EE02C /* AnyChatVC.h */,
				FEBBA2B819C2CF67009EE02C /* AnyChatVC.m */,
				FEE6C84F19F630A300477365 /* AnyChatVC.xib */,
			);
			name = Login;
			sourceTree = "<group>";
		};
		FE8CF22319FA203A005E2F71 /* Video */ = {
			isa = PBXGroup;
			children = (
				FE1B2E7219C692F300773FE6 /* VideoVC.h */,
				FE1B2E7319C692F300773FE6 /* VideoVC.m */,
				FEE6C84E19F630A300477365 /* VideoVC.xib */,
			);
			name = Video;
			sourceTree = "<group>";
		};
		FE94CEA21C646D8300D199DE /* radio-res-ios */ = {
			isa = PBXGroup;
			children = (
				FE94CEA31C646D8300D199DE /* checked.png */,
				FE94CEA41C646D8300D199DE /* checked@2x.png */,
				FE94CEA51C646D8300D199DE /* unchecked.png */,
				FE94CEA61C646D8300D199DE /* unchecked@2x.png */,
			);
			path = "radio-res-ios";
			sourceTree = "<group>";
		};
		FE94D0641C65EF2D00D199DE /* sdk */ = {
			isa = PBXGroup;
			children = (
				FE94D0651C65EF2D00D199DE /* include */,
				FE94D06A1C65EF2D00D199DE /* libs */,
			);
			name = sdk;
			path = ../../../sdk;
			sourceTree = "<group>";
		};
		FE94D0651C65EF2D00D199DE /* include */ = {
			isa = PBXGroup;
			children = (
				FE94D0661C65EF2D00D199DE /* AnyChatDefine.h */,
				FE94D0671C65EF2D00D199DE /* AnyChatErrorCode.h */,
				FE94D0681C65EF2D00D199DE /* AnyChatObjectDefine.h */,
				FE94D0691C65EF2D00D199DE /* AnyChatPlatform.h */,
			);
			path = include;
			sourceTree = "<group>";
		};
		FE94D06A1C65EF2D00D199DE /* libs */ = {
			isa = PBXGroup;
			children = (
				096D5C351EDE9C15001100ED /* libanychatcore.a */,
				096D5C361EDE9C15001100ED /* libavcodec.a */,
				096D5C371EDE9C15001100ED /* libavfilter.a */,
				096D5C381EDE9C15001100ED /* libavformat.a */,
				096D5C391EDE9C15001100ED /* libavutil.a */,
				096D5C3A1EDE9C15001100ED /* libmediacore.a */,
				096D5C3B1EDE9C15001100ED /* libmediashow.a */,
				096D5C3C1EDE9C15001100ED /* libmediautil.a */,
				096D5C3D1EDE9C15001100ED /* libmp3lame.a */,
				096D5C3E1EDE9C15001100ED /* libppthelper.a */,
				096D5C3F1EDE9C15001100ED /* libswresample.a */,
				096D5C401EDE9C15001100ED /* libswscale.a */,
				096D5C411EDE9C15001100ED /* libvo-amrwbenc.a */,
				096D5C421EDE9C15001100ED /* libx264.a */,
				096D5C431EDE9C15001100ED /* libyuv_neon.a */,
				096D5C441EDE9C15001100ED /* libyuv.a */,
			);
			path = libs;
			sourceTree = "<group>";
		};
		FE9EC5EE1A26EF3000FE2E5D /* Utilities */ = {
			isa = PBXGroup;
			children = (
				FE9EC5EF1A26EF3000FE2E5D /* MBProgressHUD.h */,
				FE9EC5F01A26EF3000FE2E5D /* MBProgressHUD.m */,
				FE9EC5F11A26EF3000FE2E5D /* MZTimerLabel.h */,
				FE9EC5F21A26EF3000FE2E5D /* MZTimerLabel.m */,
			);
			name = Utilities;
			path = AnyChatMeeting/Utilities;
			sourceTree = "<group>";
		};
		FEBBA24419C2CC0B009EE02C = {
			isa = PBXGroup;
			children = (
				FE56F0041C21356800576F27 /* Images.xcassets */,
				FEBBA25619C2CC0B009EE02C /* AnyChat */,
				FEBBA25719C2CC0B009EE02C /* Supporting Files */,
				FE9EC5EE1A26EF3000FE2E5D /* Utilities */,
				FEBBA24F19C2CC0B009EE02C /* Frameworks */,
				FEBBA24E19C2CC0B009EE02C /* Products */,
			);
			sourceTree = "<group>";
		};
		FEBBA24E19C2CC0B009EE02C /* Products */ = {
			isa = PBXGroup;
			children = (
				FEBBA24D19C2CC0B009EE02C /* AnyChatMeeting.app */,
			);
			name = Products;
			sourceTree = "<group>";
		};
		FEBBA24F19C2CC0B009EE02C /* Frameworks */ = {
			isa = PBXGroup;
			children = (
				F854CF062147509B002FC106 /* libc++.tbd */,
				09B5897A1ECEDDB7009BF992 /* libstdc++.6.tbd */,
				09558ADD1ECDBA6D00D966CE /* libz.tbd */,
				098DF2491EA743B500FB36FA /* VideoToolbox.framework */,
				FEB052811A1055A50044B495 /* QuickLook.framework */,
				FBCD379719D82B4B000FF14E /* QuartzCore.framework */,
				FEBBA2B519C2CE36009EE02C /* CoreMedia.framework */,
				FEBBA2B319C2CE2B009EE02C /* AVFoundation.framework */,
				FEBBA2B119C2CE21009EE02C /* AudioToolbox.framework */,
				FEBBA2AF19C2CE12009EE02C /* CoreVideo.framework */,
				FEBBA2AD19C2CE06009EE02C /* CoreAudio.framework */,
				FEBBA25019C2CC0B009EE02C /* Foundation.framework */,
				FEBBA25219C2CC0B009EE02C /* CoreGraphics.framework */,
				FEBBA25419C2CC0B009EE02C /* UIKit.framework */,
			);
			name = Frameworks;
			sourceTree = "<group>";
		};
		FEBBA25619C2CC0B009EE02C /* AnyChat */ = {
			isa = PBXGroup;
			children = (
				FE94D0641C65EF2D00D199DE /* sdk */,
				FEBBA25F19C2CC0B009EE02C /* AppDelegate.h */,
				FEBBA26019C2CC0B009EE02C /* AppDelegate.m */,
				FE8CF22219FA1FC1005E2F71 /* Login */,
				FE8CF22319FA203A005E2F71 /* Video */,
				FEBC7CCA1A2FF4F400F81D3B /* Setting */,
			);
			name = AnyChat;
			path = AnyChatMeeting;
			sourceTree = "<group>";
		};
		FEBBA25719C2CC0B009EE02C /* Supporting Files */ = {
			isa = PBXGroup;
			children = (
				FECF538119EFBB3A00338859 /* images */,
				FEBBA25819C2CC0B009EE02C /* AnyChatMeeting-Info.plist */,
				FEBBA25919C2CC0B009EE02C /* InfoPlist.strings */,
				FEBBA25C19C2CC0B009EE02C /* main.m */,
				FEBBA25E19C2CC0B009EE02C /* AnyChatMeeting-Prefix.pch */,
			);
			name = "Supporting Files";
			path = AnyChatMeeting;
			sourceTree = "<group>";
		};
		FEBC7CCA1A2FF4F400F81D3B /* Setting */ = {
			isa = PBXGroup;
			children = (
				FEBC7CCB1A2FF51000F81D3B /* SettingVC.h */,
				FEBC7CCC1A2FF51000F81D3B /* SettingVC.m */,
				FEBC7CCD1A2FF51000F81D3B /* SettingVC.xib */,
				FEBC7CD41A2FF58A00F81D3B /* DetailVC.h */,
				FEBC7CD51A2FF58A00F81D3B /* DetailVC.m */,
				FEBC7CD61A2FF58A00F81D3B /* DetailVC.xib */,
				FEDD96CE1A7736040093CAF9 /* VideoSettings.plist */,
				FE9AFD461A6E63F900B445CF /* UserVideoSettings.plist */,
			);
			name = Setting;
			sourceTree = "<group>";
		};
		FECF537019EFA72100338859 /* video_footer */ = {
			isa = PBXGroup;
			children = (
				FEDEE68E1A15F124006FB454 /* Icon_takePhoto_Local.png */,
				FEDEE68F1A15F124006FB454 /* Icon_takePhoto_Server.png */,
				FEDEE6861A15EA74006FB454 /* Icon_offRecordVideo_Local.png */,
				FEDEE6871A15EA74006FB454 /* Icon_offRecordVideo_Server.png */,
				FEDEE6881A15EA74006FB454 /* Icon_onRecordVideo_Local.png */,
				FEDEE6891A15EA74006FB454 /* Icon_onRecordVideo_Server.png */,
				FEDEE6841A15DA04006FB454 /* Icon_switchCamera_w_102.png */,
				FEDEE6821A15D7D6006FB454 /* Icon_switchCamera_b_102.png */,
				FE9361D71A0CA05B00A1A597 /* Icon_SnapShot.png */,
				FE9361D31A0C626000A1A597 /* Icon_onRecordVideo.png */,
				FE9361D41A0C626000A1A597 /* Icon_offRecordVideo.png */,
				FEE6C83C19F628A300477365 /* Icon_switchCamera_w.png */,
				FEE6C83D19F628A300477365 /* Icon_switchCamera_b.png */,
				FEE6C83E19F628A300477365 /* Icon_speak_on.png */,
				FEE6C83F19F628A300477365 /* Icon_speak_off.png */,
				FEE6C84019F628A300477365 /* Icon_EndCall.png */,
				FEE6C84119F628A300477365 /* Icon_camera_on.png */,
				FEE6C84219F628A300477365 /* Icon_camera_off.png */,
				FEE6C84319F628A300477365 /* bg_video_footer.png */,
			);
			path = video_footer;
			sourceTree = "<group>";
		};
		FECF538119EFBB3A00338859 /* images */ = {
			isa = PBXGroup;
			children = (
				FE94CEA21C646D8300D199DE /* radio-res-ios */,
				FE56F0001C21348200576F27 /* Icon_box@2x.png */,
				FE56F0011C21348200576F27 /* Icon_box@3x.png */,
				FEDD96CC1A7724C80093CAF9 /* Icon_back.png */,
				FE9EC5E61A26D14400FE2E5D /* Icon_playList2_140.png */,
				FEDEE6801A15AE57006FB454 /* bg_loginTitle.png */,
				FE0D8B0519FF9CC300D5FD3E /* bg_TestMsg.jpg */,
				FE6CD55419FA3C07008BC6E4 /* bg_menu.jpg */,
				FECF537019EFA72100338859 /* video_footer */,
				FE3EAB5E19E5233A00030ECA /* Default-568h@2x.png */,
				FE3EAB5F19E5233A00030ECA /* Default@2x.png */,
				FEB863DF19F0E6BE00594BF5 /* bg_video@2x.png */,
				FECF536C19EF721A00338859 /* bg_video-568h@2x.png */,
				FE20E49A19D968A800189A8A /* bg.png */,
				FE20E49319D960C200189A8A /* btn_logout_01.png */,
				FE20E49419D960C200189A8A /* btn_login_01.png */,
				FEC56CBC19D7B0320008EA42 /* Icon@2x.png */,
				FE9DD19019DA916C008889EC /* cell_01.png */,
				FEA9264419E4EE7400FC42AC /* Icon_ip.png */,
				FEA9264819E4EEB300FC42AC /* Icon_name.png */,
				FEA9264919E4EEB300FC42AC /* Icon_room.png */,
				FEA9264519E4EE7400FC42AC /* Icon_port.png */,
			);
			name = images;
			path = Resources;
			sourceTree = "<group>";
		};
/* End PBXGroup section */

/* Begin PBXNativeTarget section */
		FEBBA24C19C2CC0B009EE02C /* AnyChatMeeting */ = {
			isa = PBXNativeTarget;
			buildConfigurationList = FEBBA27919C2CC0B009EE02C /* Build configuration list for PBXNativeTarget "AnyChatMeeting" */;
			buildPhases = (
				FEBBA24919C2CC0B009EE02C /* Sources */,
				FEBBA24B19C2CC0B009EE02C /* Resources */,
				FEBBA24A19C2CC0B009EE02C /* Frameworks */,
			);
			buildRules = (
			);
			dependencies = (
			);
			name = AnyChatMeeting;
			productName = helloAnyChat;
			productReference = FEBBA24D19C2CC0B009EE02C /* AnyChatMeeting.app */;
			productType = "com.apple.product-type.application";
		};
/* End PBXNativeTarget section */

/* Begin PBXProject section */
		FEBBA24519C2CC0B009EE02C /* Project object */ = {
			isa = PBXProject;
			attributes = {
				LastUpgradeCheck = 0510;
				ORGANIZATIONNAME = "GuangZhou BaiRui NetWork Technology Co.,Ltd.";
				TargetAttributes = {
					FEBBA24C19C2CC0B009EE02C = {
						DevelopmentTeam = 6TZ958XNMU;
						ProvisioningStyle = Automatic;
					};
				};
			};
			buildConfigurationList = FEBBA24819C2CC0B009EE02C /* Build configuration list for PBXProject "AnyChatMeeting" */;
			compatibilityVersion = "Xcode 3.2";
			developmentRegion = English;
			hasScannedForEncodings = 0;
			knownRegions = (
				en,
			);
			mainGroup = FEBBA24419C2CC0B009EE02C;
			productRefGroup = FEBBA24E19C2CC0B009EE02C /* Products */;
			projectDirPath = "";
			projectRoot = "";
			targets = (
				FEBBA24C19C2CC0B009EE02C /* AnyChatMeeting */,
			);
		};
/* End PBXProject section */

/* Begin PBXResourcesBuildPhase section */
		FEBBA24B19C2CC0B009EE02C /* Resources */ = {
			isa = PBXResourcesBuildPhase;
			buildActionMask = 2147483647;
			files = (
				FE9AFD471A6E63F900B445CF /* UserVideoSettings.plist in Resources */,
				FEDEE6851A15DA04006FB454 /* Icon_switchCamera_w_102.png in Resources */,
				FEE6C85019F630A300477365 /* VideoVC.xib in Resources */,
				FEDEE68B1A15EA74006FB454 /* Icon_offRecordVideo_Server.png in Resources */,
				FE0D8B0619FF9CC300D5FD3E /* bg_TestMsg.jpg in Resources */,
				FE6CD55619FA3C07008BC6E4 /* bg_menu.jpg in Resources */,
				FEDD96CF1A7736040093CAF9 /* VideoSettings.plist in Resources */,
				FEE6C84A19F628A300477365 /* Icon_camera_off.png in Resources */,
				FEBC7CCF1A2FF51000F81D3B /* SettingVC.xib in Resources */,
				FEDEE6831A15D7D6006FB454 /* Icon_switchCamera_b_102.png in Resources */,
				FEDEE6901A15F124006FB454 /* Icon_takePhoto_Local.png in Resources */,
				FEA9264A19E4EEB300FC42AC /* Icon_name.png in Resources */,
				FE20E49B19D968A800189A8A /* bg.png in Resources */,
				FE3EAB6019E5233A00030ECA /* Default-568h@2x.png in Resources */,
				FE94CEA91C646D8300D199DE /* unchecked.png in Resources */,
				FE94CEAA1C646D8300D199DE /* unchecked@2x.png in Resources */,
				FE56F0021C21348200576F27 /* Icon_box@2x.png in Resources */,
				FEBC7CD81A2FF58A00F81D3B /* DetailVC.xib in Resources */,
				FE20E49819D960C200189A8A /* btn_login_01.png in Resources */,
				FEDEE6911A15F124006FB454 /* Icon_takePhoto_Server.png in Resources */,
				FEDEE68A1A15EA74006FB454 /* Icon_offRecordVideo_Local.png in Resources */,
				FEE6C84919F628A300477365 /* Icon_camera_on.png in Resources */,
				FEDD96CD1A7724C80093CAF9 /* Icon_back.png in Resources */,
				FE94CEA71C646D8300D199DE /* checked.png in Resources */,
				FEE6C84519F628A300477365 /* Icon_switchCamera_b.png in Resources */,
				FEBBA25B19C2CC0B009EE02C /* InfoPlist.strings in Resources */,
				FECF536D19EF721A00338859 /* bg_video-568h@2x.png in Resources */,
				FEA9264719E4EE7400FC42AC /* Icon_port.png in Resources */,
				FE94CEA81C646D8300D199DE /* checked@2x.png in Resources */,
				FE56F0051C21356800576F27 /* Images.xcassets in Resources */,
				FEDEE68C1A15EA74006FB454 /* Icon_onRecordVideo_Local.png in Resources */,
				FE9361D81A0CA05B00A1A597 /* Icon_SnapShot.png in Resources */,
				FE56F0031C21348200576F27 /* Icon_box@3x.png in Resources */,
				FEB863E019F0E6BE00594BF5 /* bg_video@2x.png in Resources */,
				FE9361D61A0C626000A1A597 /* Icon_offRecordVideo.png in Resources */,
				FE9361D51A0C626000A1A597 /* Icon_onRecordVideo.png in Resources */,
				FEA9264619E4EE7400FC42AC /* Icon_ip.png in Resources */,
				FEE6C84619F628A300477365 /* Icon_speak_on.png in Resources */,
				FEE6C84719F628A300477365 /* Icon_speak_off.png in Resources */,
				FEE6C85119F630A300477365 /* AnyChatVC.xib in Resources */,
				FEDEE6811A15AE57006FB454 /* bg_loginTitle.png in Resources */,
				FEE6C84419F628A300477365 /* Icon_switchCamera_w.png in Resources */,
				FE9DD19119DA916C008889EC /* cell_01.png in Resources */,
				FE20E49719D960C200189A8A /* btn_logout_01.png in Resources */,
				FEC56CBD19D7B0320008EA42 /* Icon@2x.png in Resources */,
				FE3EAB6119E5233A00030ECA /* Default@2x.png in Resources */,
				FEDEE68D1A15EA74006FB454 /* Icon_onRecordVideo_Server.png in Resources */,
				FEE6C84819F628A300477365 /* Icon_EndCall.png in Resources */,
				FEE6C84B19F628A300477365 /* bg_video_footer.png in Resources */,
				FEA9264B19E4EEB300FC42AC /* Icon_room.png in Resources */,
				FE9EC5E71A26D14400FE2E5D /* Icon_playList2_140.png in Resources */,
			);
			runOnlyForDeploymentPostprocessing = 0;
		};
/* End PBXResourcesBuildPhase section */

/* Begin PBXSourcesBuildPhase section */
		FEBBA24919C2CC0B009EE02C /* Sources */ = {
			isa = PBXSourcesBuildPhase;
			buildActionMask = 2147483647;
			files = (
				FEBBA26119C2CC0B009EE02C /* AppDelegate.m in Sources */,
				FEBBA25D19C2CC0B009EE02C /* main.m in Sources */,
				FE1B2E7519C692F300773FE6 /* VideoVC.m in Sources */,
				FE9EC5F41A26EF3000FE2E5D /* MZTimerLabel.m in Sources */,
				FEBC7CD71A2FF58A00F81D3B /* DetailVC.m in Sources */,
				FE9EC5F31A26EF3000FE2E5D /* MBProgressHUD.m in Sources */,
				FEBC7CCE1A2FF51000F81D3B /* SettingVC.m in Sources */,
				FEBBA2BA19C2CF67009EE02C /* AnyChatVC.m in Sources */,
			);
			runOnlyForDeploymentPostprocessing = 0;
		};
/* End PBXSourcesBuildPhase section */

/* Begin PBXVariantGroup section */
		FEBBA25919C2CC0B009EE02C /* InfoPlist.strings */ = {
			isa = PBXVariantGroup;
			children = (
				FEBBA25A19C2CC0B009EE02C /* en */,
			);
			name = InfoPlist.strings;
			sourceTree = "<group>";
		};
/* End PBXVariantGroup section */

/* Begin XCBuildConfiguration section */
		FEBBA27719C2CC0B009EE02C /* Debug */ = {
			isa = XCBuildConfiguration;
			buildSettings = {
				ALWAYS_SEARCH_USER_PATHS = NO;
				CLANG_CXX_LANGUAGE_STANDARD = "gnu++0x";
				CLANG_CXX_LIBRARY = "libc++";
				CLANG_ENABLE_MODULES = YES;
				CLANG_ENABLE_OBJC_ARC = YES;
				CLANG_WARN_BOOL_CONVERSION = YES;
				CLANG_WARN_CONSTANT_CONVERSION = YES;
				CLANG_WARN_DIRECT_OBJC_ISA_USAGE = YES_ERROR;
				CLANG_WARN_EMPTY_BODY = YES;
				CLANG_WARN_ENUM_CONVERSION = YES;
				CLANG_WARN_INT_CONVERSION = YES;
				CLANG_WARN_OBJC_ROOT_CLASS = YES_ERROR;
				CLANG_WARN__DUPLICATE_METHOD_MATCH = YES;
				CODE_SIGN_IDENTITY = "";
				"CODE_SIGN_IDENTITY[sdk=iphoneos*]" = "iPhone Developer";
				COPY_PHASE_STRIP = NO;
				GCC_C_LANGUAGE_STANDARD = gnu99;
				GCC_DYNAMIC_NO_PIC = NO;
				GCC_OPTIMIZATION_LEVEL = 0;
				GCC_PREPROCESSOR_DEFINITIONS = (
					"DEBUG=1",
					"$(inherited)",
				);
				GCC_SYMBOLS_PRIVATE_EXTERN = NO;
				GCC_WARN_64_TO_32_BIT_CONVERSION = YES;
				GCC_WARN_ABOUT_RETURN_TYPE = YES_ERROR;
				GCC_WARN_UNDECLARED_SELECTOR = YES;
				GCC_WARN_UNINITIALIZED_AUTOS = YES_AGGRESSIVE;
				GCC_WARN_UNUSED_FUNCTION = YES;
				GCC_WARN_UNUSED_VARIABLE = YES;
				HEADER_SEARCH_PATHS = (
					"$(inherited)",
					../../sdk/include,
				);
				IPHONEOS_DEPLOYMENT_TARGET = 6.0;
				LIBRARY_SEARCH_PATHS = (
					"$(inherited)",
					../../sdk/libs,
				);
				ONLY_ACTIVE_ARCH = YES;
				PROVISIONING_PROFILE = "";
				SDKROOT = iphoneos;
				VALID_ARCHS = "i386 armv7 armv7s arm64 x86_64";
			};
			name = Debug;
		};
		FEBBA27819C2CC0B009EE02C /* Release */ = {
			isa = XCBuildConfiguration;
			buildSettings = {
				ALWAYS_SEARCH_USER_PATHS = NO;
				CLANG_CXX_LANGUAGE_STANDARD = "gnu++0x";
				CLANG_CXX_LIBRARY = "libc++";
				CLANG_ENABLE_MODULES = YES;
				CLANG_ENABLE_OBJC_ARC = YES;
				CLANG_WARN_BOOL_CONVERSION = YES;
				CLANG_WARN_CONSTANT_CONVERSION = YES;
				CLANG_WARN_DIRECT_OBJC_ISA_USAGE = YES_ERROR;
				CLANG_WARN_EMPTY_BODY = YES;
				CLANG_WARN_ENUM_CONVERSION = YES;
				CLANG_WARN_INT_CONVERSION = YES;
				CLANG_WARN_OBJC_ROOT_CLASS = YES_ERROR;
				CLANG_WARN__DUPLICATE_METHOD_MATCH = YES;
				CODE_SIGN_IDENTITY = "";
				"CODE_SIGN_IDENTITY[sdk=iphoneos*]" = "iPhone Developer";
				COPY_PHASE_STRIP = YES;
				ENABLE_NS_ASSERTIONS = NO;
				GCC_C_LANGUAGE_STANDARD = gnu99;
				GCC_WARN_64_TO_32_BIT_CONVERSION = YES;
				GCC_WARN_ABOUT_RETURN_TYPE = YES_ERROR;
				GCC_WARN_UNDECLARED_SELECTOR = YES;
				GCC_WARN_UNINITIALIZED_AUTOS = YES_AGGRESSIVE;
				GCC_WARN_UNUSED_FUNCTION = YES;
				GCC_WARN_UNUSED_VARIABLE = YES;
				HEADER_SEARCH_PATHS = (
					"$(inherited)",
					../../sdk/include,
				);
				IPHONEOS_DEPLOYMENT_TARGET = 6.0;
				LIBRARY_SEARCH_PATHS = (
					"$(inherited)",
					../../sdk/libs,
				);
				PROVISIONING_PROFILE = "";
				SDKROOT = iphoneos;
				VALIDATE_PRODUCT = YES;
				VALID_ARCHS = "i386 armv7 armv7s arm64 x86_64";
			};
			name = Release;
		};
		FEBBA27A19C2CC0B009EE02C /* Debug */ = {
			isa = XCBuildConfiguration;
			buildSettings = {
				ASSETCATALOG_COMPILER_APPICON_NAME = AppIcon;
				ASSETCATALOG_COMPILER_LAUNCHIMAGE_NAME = LaunchImage;
				CLANG_CXX_LANGUAGE_STANDARD = "gnu++0x";
				CODE_SIGN_IDENTITY = "iPhone Distribution: Guangzhou BaiRui Network Technology Co. Ltd.";
				"CODE_SIGN_IDENTITY[sdk=iphoneos*]" = "iPhone Developer";
				DEVELOPMENT_TEAM = 6TZ958XNMU;
				ENABLE_BITCODE = NO;
				GCC_PRECOMPILE_PREFIX_HEADER = YES;
				GCC_PREFIX_HEADER = "AnyChatMeeting/AnyChatMeeting-Prefix.pch";
				HEADER_SEARCH_PATHS = (
					"$(inherited)",
					../../sdk/include,
				);
				INFOPLIST_FILE = "AnyChatMeeting/AnyChatMeeting-Info.plist";
				IPHONEOS_DEPLOYMENT_TARGET = 8.0;
				LD_NO_PIE = NO;
				LIBRARY_SEARCH_PATHS = (
					"$(inherited)",
					../../sdk/libs,
				);
				ONLY_ACTIVE_ARCH = NO;
				PRODUCT_BUNDLE_IDENTIFIER = com.bairuitech.AnyChatMeeting;
				PRODUCT_NAME = AnyChatMeeting;
				PROVISIONING_PROFILE = "";
				PROVISIONING_PROFILE_SPECIFIER = "";
				TARGETED_DEVICE_FAMILY = 1;
				VALID_ARCHS = "i386 armv7 armv7s arm64 x86_64";
				WRAPPER_EXTENSION = app;
			};
			name = Debug;
		};
		FEBBA27B19C2CC0B009EE02C /* Release */ = {
			isa = XCBuildConfiguration;
			buildSettings = {
				ASSETCATALOG_COMPILER_APPICON_NAME = AppIcon;
				ASSETCATALOG_COMPILER_LAUNCHIMAGE_NAME = LaunchImage;
				CLANG_CXX_LANGUAGE_STANDARD = "gnu++0x";
				CODE_SIGN_IDENTITY = "iPhone Distribution: Guangzhou BaiRui Network Technology Co. Ltd.";
				"CODE_SIGN_IDENTITY[sdk=iphoneos*]" = "iPhone Developer";
				DEVELOPMENT_TEAM = 6TZ958XNMU;
				ENABLE_BITCODE = NO;
				GCC_PRECOMPILE_PREFIX_HEADER = YES;
				GCC_PREFIX_HEADER = "AnyChatMeeting/AnyChatMeeting-Prefix.pch";
				HEADER_SEARCH_PATHS = (
					"$(inherited)",
					../../sdk/include,
				);
				INFOPLIST_FILE = "AnyChatMeeting/AnyChatMeeting-Info.plist";
				IPHONEOS_DEPLOYMENT_TARGET = 8.0;
				LD_NO_PIE = NO;
				LIBRARY_SEARCH_PATHS = (
					"$(inherited)",
					../../sdk/libs,
				);
				PRODUCT_BUNDLE_IDENTIFIER = com.bairuitech.AnyChatMeeting;
				PRODUCT_NAME = AnyChatMeeting;
				PROVISIONING_PROFILE = "";
				PROVISIONING_PROFILE_SPECIFIER = "";
				TARGETED_DEVICE_FAMILY = 1;
				VALID_ARCHS = "i386 armv7 armv7s arm64 x86_64";
				WRAPPER_EXTENSION = app;
			};
			name = Release;
		};
/* End XCBuildConfiguration section */

/* Begin XCConfigurationList section */
		FEBBA24819C2CC0B009EE02C /* Build configuration list for PBXProject "AnyChatMeeting" */ = {
			isa = XCConfigurationList;
			buildConfigurations = (
				FEBBA27719C2CC0B009EE02C /* Debug */,
				FEBBA27819C2CC0B009EE02C /* Release */,
			);
			defaultConfigurationIsVisible = 0;
			defaultConfigurationName = Release;
		};
		FEBBA27919C2CC0B009EE02C /* Build configuration list for PBXNativeTarget "AnyChatMeeting" */ = {
			isa = XCConfigurationList;
			buildConfigurations = (
				FEBBA27A19C2CC0B009EE02C /* Debug */,
				FEBBA27B19C2CC0B009EE02C /* Release */,
			);
			defaultConfigurationIsVisible = 0;
			defaultConfigurationName = Release;
		};
/* End XCConfigurationList section */
	};
	rootObject = FEBBA24519C2CC0B009EE02C /* Project object */;
}
