// !$*UTF8*$!
{
	archiveVersion = 1;
	classes = {
	};
	objectVersion = 46;
	objects = {

/* Begin PBXBuildFile section */
		09558A921ECDB95300D966CE /* libz.tbd in Frameworks */ = {isa = PBXBuildFile; fileRef = 09558A911ECDB95300D966CE /* libz.tbd */; };
		096D5C051EDE9BAC001100ED /* libanychatcore.a in Frameworks */ = {isa = PBXBuildFile; fileRef = 096D5BF51EDE9BAC001100ED /* libanychatcore.a */; };
		096D5C061EDE9BAC001100ED /* libavcodec.a in Frameworks */ = {isa = PBXBuildFile; fileRef = 096D5BF61EDE9BAC001100ED /* libavcodec.a */; };
		096D5C071EDE9BAC001100ED /* libavfilter.a in Frameworks */ = {isa = PBXBuildFile; fileRef = 096D5BF71EDE9BAC001100ED /* libavfilter.a */; };
		096D5C081EDE9BAC001100ED /* libavformat.a in Frameworks */ = {isa = PBXBuildFile; fileRef = 096D5BF81EDE9BAC001100ED /* libavformat.a */; };
		096D5C091EDE9BAC001100ED /* libavutil.a in Frameworks */ = {isa = PBXBuildFile; fileRef = 096D5BF91EDE9BAC001100ED /* libavutil.a */; };
		096D5C0A1EDE9BAC001100ED /* libmediacore.a in Frameworks */ = {isa = PBXBuildFile; fileRef = 096D5BFA1EDE9BAC001100ED /* libmediacore.a */; };
		096D5C0B1EDE9BAC001100ED /* libmediashow.a in Frameworks */ = {isa = PBXBuildFile; fileRef = 096D5BFB1EDE9BAC001100ED /* libmediashow.a */; };
		096D5C0C1EDE9BAC001100ED /* libmediautil.a in Frameworks */ = {isa = PBXBuildFile; fileRef = 096D5BFC1EDE9BAC001100ED /* libmediautil.a */; };
		096D5C0D1EDE9BAC001100ED /* libmp3lame.a in Frameworks */ = {isa = PBXBuildFile; fileRef = 096D5BFD1EDE9BAC001100ED /* libmp3lame.a */; };
		096D5C0E1EDE9BAC001100ED /* libppthelper.a in Frameworks */ = {isa = PBXBuildFile; fileRef = 096D5BFE1EDE9BAC001100ED /* libppthelper.a */; };
		096D5C0F1EDE9BAC001100ED /* libswresample.a in Frameworks */ = {isa = PBXBuildFile; fileRef = 096D5BFF1EDE9BAC001100ED /* libswresample.a */; };
		096D5C101EDE9BAC001100ED /* libswscale.a in Frameworks */ = {isa = PBXBuildFile; fileRef = 096D5C001EDE9BAC001100ED /* libswscale.a */; };
		096D5C111EDE9BAC001100ED /* libvo-amrwbenc.a in Frameworks */ = {isa = PBXBuildFile; fileRef = 096D5C011EDE9BAC001100ED /* libvo-amrwbenc.a */; };
		096D5C121EDE9BAC001100ED /* libx264.a in Frameworks */ = {isa = PBXBuildFile; fileRef = 096D5C021EDE9BAC001100ED /* libx264.a */; };
		096D5C131EDE9BAC001100ED /* libyuv_neon.a in Frameworks */ = {isa = PBXBuildFile; fileRef = 096D5C031EDE9BAC001100ED /* libyuv_neon.a */; };
		096D5C141EDE9BAC001100ED /* libyuv.a in Frameworks */ = {isa = PBXBuildFile; fileRef = 096D5C041EDE9BAC001100ED /* libyuv.a */; };
		098DF24E1EA743D400FB36FA /* VideoToolbox.framework in Frameworks */ = {isa = PBXBuildFile; fileRef = 098DF24D1EA743D400FB36FA /* VideoToolbox.framework */; };
		F84AE8AF22C33F80004CD66F /* Images.xcassets in Resources */ = {isa = PBXBuildFile; fileRef = F84AE8AE22C33F80004CD66F /* Images.xcassets */; };
		F84AE8DA22C340CD004CD66F /* IQNSArray+Sort.m in Sources */ = {isa = PBXBuildFile; fileRef = F84AE8B422C340CC004CD66F /* IQNSArray+Sort.m */; };
		F84AE8DB22C340CD004CD66F /* IQUIScrollView+Additions.m in Sources */ = {isa = PBXBuildFile; fileRef = F84AE8B622C340CC004CD66F /* IQUIScrollView+Additions.m */; };
		F84AE8DC22C340CD004CD66F /* IQUITextFieldView+Additions.m in Sources */ = {isa = PBXBuildFile; fileRef = F84AE8B822C340CC004CD66F /* IQUITextFieldView+Additions.m */; };
		F84AE8DD22C340CD004CD66F /* IQUIView+Hierarchy.m in Sources */ = {isa = PBXBuildFile; fileRef = F84AE8BA22C340CC004CD66F /* IQUIView+Hierarchy.m */; };
		F84AE8DE22C340CD004CD66F /* IQUIViewController+Additions.m in Sources */ = {isa = PBXBuildFile; fileRef = F84AE8BC22C340CC004CD66F /* IQUIViewController+Additions.m */; };
		F84AE8DF22C340CD004CD66F /* IQKeyboardManager.m in Sources */ = {isa = PBXBuildFile; fileRef = F84AE8C122C340CC004CD66F /* IQKeyboardManager.m */; };
		F84AE8E022C340CD004CD66F /* IQKeyboardReturnKeyHandler.m in Sources */ = {isa = PBXBuildFile; fileRef = F84AE8C322C340CC004CD66F /* IQKeyboardReturnKeyHandler.m */; };
		F84AE8E122C340CD004CD66F /* IQTextView.m in Sources */ = {isa = PBXBuildFile; fileRef = F84AE8C622C340CC004CD66F /* IQTextView.m */; };
		F84AE8E222C340CD004CD66F /* IQBarButtonItem.m in Sources */ = {isa = PBXBuildFile; fileRef = F84AE8C922C340CC004CD66F /* IQBarButtonItem.m */; };
		F84AE8E322C340CD004CD66F /* IQPreviousNextView.m in Sources */ = {isa = PBXBuildFile; fileRef = F84AE8CB22C340CC004CD66F /* IQPreviousNextView.m */; };
		F84AE8E422C340CD004CD66F /* IQTitleBarButtonItem.m in Sources */ = {isa = PBXBuildFile; fileRef = F84AE8CD22C340CC004CD66F /* IQTitleBarButtonItem.m */; };
		F84AE8E522C340CD004CD66F /* IQToolbar.m in Sources */ = {isa = PBXBuildFile; fileRef = F84AE8CF22C340CC004CD66F /* IQToolbar.m */; };
		F84AE8E622C340CD004CD66F /* IQUIView+IQKeyboardToolbar.m in Sources */ = {isa = PBXBuildFile; fileRef = F84AE8D122C340CC004CD66F /* IQUIView+IQKeyboardToolbar.m */; };
		F84AE8E722C340CD004CD66F /* IQKeyboardManager.bundle in Resources */ = {isa = PBXBuildFile; fileRef = F84AE8D322C340CC004CD66F /* IQKeyboardManager.bundle */; };
		F84AE8E822C340CD004CD66F /* LEOAlertView.m in Sources */ = {isa = PBXBuildFile; fileRef = F84AE8D622C340CD004CD66F /* LEOAlertView.m */; };
		F84AE8E922C340CD004CD66F /* UIView+AdaptScreen.m in Sources */ = {isa = PBXBuildFile; fileRef = F84AE8D822C340CD004CD66F /* UIView+AdaptScreen.m */; };
		F84AE8EA22C340CD004CD66F /* MZTimerLabel.m in Sources */ = {isa = PBXBuildFile; fileRef = F84AE8D922C340CD004CD66F /* MZTimerLabel.m */; };
		F84AE8ED22C340F8004CD66F /* ACBaseViewController.m in Sources */ = {isa = PBXBuildFile; fileRef = F84AE8EB22C340F8004CD66F /* ACBaseViewController.m */; };
		F84AE8EF22C3473C004CD66F /* Launch Screen.storyboard in Resources */ = {isa = PBXBuildFile; fileRef = F84AE8EE22C3473C004CD66F /* Launch Screen.storyboard */; };
		F84AE8F122C34A91004CD66F /* tableVCell.xib in Resources */ = {isa = PBXBuildFile; fileRef = F84AE8F022C34A91004CD66F /* tableVCell.xib */; };
		F84AE8F522C35646004CD66F /* ACVideoAlertView.xib in Resources */ = {isa = PBXBuildFile; fileRef = F84AE8F322C35645004CD66F /* ACVideoAlertView.xib */; };
		F84AE8F622C35646004CD66F /* ACVideoAlertView.m in Sources */ = {isa = PBXBuildFile; fileRef = F84AE8F422C35646004CD66F /* ACVideoAlertView.m */; };
		F854CF0B21475157002FC106 /* libc++.tbd in Frameworks */ = {isa = PBXBuildFile; fileRef = F854CF0A21475157002FC106 /* libc++.tbd */; };
		F88FC35722E01DFD00A58B31 /* UINavigationController+DeviceOrientataion.m in Sources */ = {isa = PBXBuildFile; fileRef = F88FC35622E01DFD00A58B31 /* UINavigationController+DeviceOrientataion.m */; };
		FE673EC01A1ED9E300C18ACD /* Settings.bundle in Resources */ = {isa = PBXBuildFile; fileRef = FE673EBF1A1ED9E300C18ACD /* Settings.bundle */; };
		FE673EC31A1EE70E00C18ACD /* bg_video@2x.png in Resources */ = {isa = PBXBuildFile; fileRef = FE673EC11A1EE70E00C18ACD /* bg_video@2x.png */; };
		FE673EC41A1EE70E00C18ACD /* bg_video-568h@2x.png in Resources */ = {isa = PBXBuildFile; fileRef = FE673EC21A1EE70E00C18ACD /* bg_video-568h@2x.png */; };
		FE673ECE1A1EE77600C18ACD /* bg_video_footer.png in Resources */ = {isa = PBXBuildFile; fileRef = FE673EC61A1EE77600C18ACD /* bg_video_footer.png */; };
		FE673ECF1A1EE77600C18ACD /* Icon_EndCall.png in Resources */ = {isa = PBXBuildFile; fileRef = FE673EC71A1EE77600C18ACD /* Icon_EndCall.png */; };
		FE673ED01A1EE77600C18ACD /* Icon_noCamera.png in Resources */ = {isa = PBXBuildFile; fileRef = FE673EC81A1EE77600C18ACD /* Icon_noCamera.png */; };
		FE673ED11A1EE77600C18ACD /* Icon_camera.png in Resources */ = {isa = PBXBuildFile; fileRef = FE673EC91A1EE77600C18ACD /* Icon_camera.png */; };
		FE673ED21A1EE77600C18ACD /* Icon_voice.png in Resources */ = {isa = PBXBuildFile; fileRef = FE673ECA1A1EE77600C18ACD /* Icon_voice.png */; };
		FE673ED31A1EE77600C18ACD /* Icon_noVoice.png in Resources */ = {isa = PBXBuildFile; fileRef = FE673ECB1A1EE77600C18ACD /* Icon_noVoice.png */; };
		FE673ED41A1EE77600C18ACD /* Icon_camera_w.png in Resources */ = {isa = PBXBuildFile; fileRef = FE673ECC1A1EE77600C18ACD /* Icon_camera_w.png */; };
		FE673ED51A1EE77600C18ACD /* Icon_camera_w_b.png in Resources */ = {isa = PBXBuildFile; fileRef = FE673ECD1A1EE77600C18ACD /* Icon_camera_w_b.png */; };
		FE94CDEC1C609EDF00D199DE /* checked.png in Resources */ = {isa = PBXBuildFile; fileRef = FE94CDE81C609EDF00D199DE /* checked.png */; };
		FE94CDED1C609EDF00D199DE /* checked@2x.png in Resources */ = {isa = PBXBuildFile; fileRef = FE94CDE91C609EDF00D199DE /* checked@2x.png */; };
		FE94CDEE1C609EDF00D199DE /* unchecked.png in Resources */ = {isa = PBXBuildFile; fileRef = FE94CDEA1C609EDF00D199DE /* unchecked.png */; };
		FE94CDEF1C609EDF00D199DE /* unchecked@2x.png in Resources */ = {isa = PBXBuildFile; fileRef = FE94CDEB1C609EDF00D199DE /* unchecked@2x.png */; };
		FE94CF791C65979B00D199DE /* MBProgressHUD+JT.m in Sources */ = {isa = PBXBuildFile; fileRef = FE94CF751C65979B00D199DE /* MBProgressHUD+JT.m */; };
		FE94CF7A1C65979B00D199DE /* MBProgressHUD.bundle in Resources */ = {isa = PBXBuildFile; fileRef = FE94CF761C65979B00D199DE /* MBProgressHUD.bundle */; };
		FE94CF7B1C65979B00D199DE /* MBProgressHUD.m in Sources */ = {isa = PBXBuildFile; fileRef = FE94CF781C65979B00D199DE /* MBProgressHUD.m */; };
		FE95ECA119B944AC000798CF /* LoginViewController.m in Sources */ = {isa = PBXBuildFile; fileRef = FE95EC9019B944AC000798CF /* LoginViewController.m */; };
		FE95ECA219B944AC000798CF /* LoginViewController.xib in Resources */ = {isa = PBXBuildFile; fileRef = FE95EC9119B944AC000798CF /* LoginViewController.xib */; };
		FE95ECA319B944AC000798CF /* UserEntity.m in Sources */ = {isa = PBXBuildFile; fileRef = FE95EC9319B944AC000798CF /* UserEntity.m */; };
		FE95ECA419B944AC000798CF /* VideoViewController.m in Sources */ = {isa = PBXBuildFile; fileRef = FE95EC9519B944AC000798CF /* VideoViewController.m */; };
		FE95ECA519B944AC000798CF /* VideoViewController.xib in Resources */ = {isa = PBXBuildFile; fileRef = FE95EC9619B944AC000798CF /* VideoViewController.xib */; };
		FE95ECA619B944AC000798CF /* UserInfo.m in Sources */ = {isa = PBXBuildFile; fileRef = FE95EC9819B944AC000798CF /* UserInfo.m */; };
		FE95ECA719B944AC000798CF /* HallViewController.m in Sources */ = {isa = PBXBuildFile; fileRef = FE95EC9A19B944AC000798CF /* HallViewController.m */; };
		FE95ECA819B944AC000798CF /* HallViewController.xib in Resources */ = {isa = PBXBuildFile; fileRef = FE95EC9B19B944AC000798CF /* HallViewController.xib */; };
		FEB337C819B8555200D2C2F3 /* Foundation.framework in Frameworks */ = {isa = PBXBuildFile; fileRef = FEB337C719B8555200D2C2F3 /* Foundation.framework */; };
		FEB337CA19B8555200D2C2F3 /* CoreGraphics.framework in Frameworks */ = {isa = PBXBuildFile; fileRef = FEB337C919B8555200D2C2F3 /* CoreGraphics.framework */; };
		FEB337CC19B8555200D2C2F3 /* UIKit.framework in Frameworks */ = {isa = PBXBuildFile; fileRef = FEB337CB19B8555200D2C2F3 /* UIKit.framework */; };
		FEB337D219B8555200D2C2F3 /* InfoPlist.strings in Resources */ = {isa = PBXBuildFile; fileRef = FEB337D019B8555200D2C2F3 /* InfoPlist.strings */; };
		FEB337D419B8555200D2C2F3 /* main.m in Sources */ = {isa = PBXBuildFile; fileRef = FEB337D319B8555200D2C2F3 /* main.m */; };
		FEB337D819B8555200D2C2F3 /* AnyChatAppDelegate.m in Sources */ = {isa = PBXBuildFile; fileRef = FEB337D719B8555200D2C2F3 /* AnyChatAppDelegate.m */; };
		FEB3382119B857D500D2C2F3 /* CoreMedia.framework in Frameworks */ = {isa = PBXBuildFile; fileRef = FEB3382019B857D500D2C2F3 /* CoreMedia.framework */; };
		FEB3382319B857DB00D2C2F3 /* AVFoundation.framework in Frameworks */ = {isa = PBXBuildFile; fileRef = FEB3382219B857DB00D2C2F3 /* AVFoundation.framework */; };
		FEB3382519B857E400D2C2F3 /* AudioToolbox.framework in Frameworks */ = {isa = PBXBuildFile; fileRef = FEB3382419B857E400D2C2F3 /* AudioToolbox.framework */; };
		FEB3382719B857EC00D2C2F3 /* CoreVideo.framework in Frameworks */ = {isa = PBXBuildFile; fileRef = FEB3382619B857EC00D2C2F3 /* CoreVideo.framework */; };
		FEB3382919B857F800D2C2F3 /* CoreAudio.framework in Frameworks */ = {isa = PBXBuildFile; fileRef = FEB3382819B857F800D2C2F3 /* CoreAudio.framework */; };
		FEB3386B19B85FFE00D2C2F3 /* Toast+UIView.m in Sources */ = {isa = PBXBuildFile; fileRef = FEB3386919B85FFE00D2C2F3 /* Toast+UIView.m */; };
		FEB3387819B8608300D2C2F3 /* 1.png in Resources */ = {isa = PBXBuildFile; fileRef = FEB3386D19B8608300D2C2F3 /* 1.png */; };
		FEB3387A19B8608300D2C2F3 /* 120x120.png in Resources */ = {isa = PBXBuildFile; fileRef = FEB3386F19B8608300D2C2F3 /* 120x120.png */; };
		FEB3387B19B8608300D2C2F3 /* 2.png in Resources */ = {isa = PBXBuildFile; fileRef = FEB3387019B8608300D2C2F3 /* 2.png */; };
		FEB3387C19B8608300D2C2F3 /* 3.png in Resources */ = {isa = PBXBuildFile; fileRef = FEB3387119B8608300D2C2F3 /* 3.png */; };
		FEB3387D19B8608300D2C2F3 /* 4.png in Resources */ = {isa = PBXBuildFile; fileRef = FEB3387219B8608300D2C2F3 /* 4.png */; };
		FEB3387E19B8608300D2C2F3 /* 5.png in Resources */ = {isa = PBXBuildFile; fileRef = FEB3387319B8608300D2C2F3 /* 5.png */; };
		FEB3387F19B8608300D2C2F3 /* 6.png in Resources */ = {isa = PBXBuildFile; fileRef = FEB3387419B8608300D2C2F3 /* 6.png */; };
		FEB3388019B8608300D2C2F3 /* 7.png in Resources */ = {isa = PBXBuildFile; fileRef = FEB3387519B8608300D2C2F3 /* 7.png */; };
		FEB3388119B8608300D2C2F3 /* 8.png in Resources */ = {isa = PBXBuildFile; fileRef = FEB3387619B8608300D2C2F3 /* 8.png */; };
		FEB3388219B8608300D2C2F3 /* 9.png in Resources */ = {isa = PBXBuildFile; fileRef = FEB3387719B8608300D2C2F3 /* 9.png */; };
		FEB3388519B861E800D2C2F3 /* login_bk.png in Resources */ = {isa = PBXBuildFile; fileRef = FEB3388419B861E800D2C2F3 /* login_bk.png */; };
		FEB3388A19B861FD00D2C2F3 /* Default@2x.png in Resources */ = {isa = PBXBuildFile; fileRef = FEB3388719B861FD00D2C2F3 /* Default@2x.png */; };
		FEB3388B19B861FD00D2C2F3 /* Default-568h@2x.png in Resources */ = {isa = PBXBuildFile; fileRef = FEB3388819B861FD00D2C2F3 /* Default-568h@2x.png */; };
		FEB3388E19B862B400D2C2F3 /* AnyChatNavigationController.m in Sources */ = {isa = PBXBuildFile; fileRef = FEB3388D19B862B400D2C2F3 /* AnyChatNavigationController.m */; };
/* End PBXBuildFile section */

/* Begin PBXFileReference section */
		09558A911ECDB95300D966CE /* libz.tbd */ = {isa = PBXFileReference; lastKnownFileType = "sourcecode.text-based-dylib-definition"; name = libz.tbd; path = usr/lib/libz.tbd; sourceTree = SDKROOT; };
		096D5BF51EDE9BAC001100ED /* libanychatcore.a */ = {isa = PBXFileReference; lastKnownFileType = archive.ar; path = libanychatcore.a; sourceTree = "<group>"; };
		096D5BF61EDE9BAC001100ED /* libavcodec.a */ = {isa = PBXFileReference; lastKnownFileType = archive.ar; path = libavcodec.a; sourceTree = "<group>"; };
		096D5BF71EDE9BAC001100ED /* libavfilter.a */ = {isa = PBXFileReference; lastKnownFileType = archive.ar; path = libavfilter.a; sourceTree = "<group>"; };
		096D5BF81EDE9BAC001100ED /* libavformat.a */ = {isa = PBXFileReference; lastKnownFileType = archive.ar; path = libavformat.a; sourceTree = "<group>"; };
		096D5BF91EDE9BAC001100ED /* libavutil.a */ = {isa = PBXFileReference; lastKnownFileType = archive.ar; path = libavutil.a; sourceTree = "<group>"; };
		096D5BFA1EDE9BAC001100ED /* libmediacore.a */ = {isa = PBXFileReference; lastKnownFileType = archive.ar; path = libmediacore.a; sourceTree = "<group>"; };
		096D5BFB1EDE9BAC001100ED /* libmediashow.a */ = {isa = PBXFileReference; lastKnownFileType = archive.ar; path = libmediashow.a; sourceTree = "<group>"; };
		096D5BFC1EDE9BAC001100ED /* libmediautil.a */ = {isa = PBXFileReference; lastKnownFileType = archive.ar; path = libmediautil.a; sourceTree = "<group>"; };
		096D5BFD1EDE9BAC001100ED /* libmp3lame.a */ = {isa = PBXFileReference; lastKnownFileType = archive.ar; path = libmp3lame.a; sourceTree = "<group>"; };
		096D5BFE1EDE9BAC001100ED /* libppthelper.a */ = {isa = PBXFileReference; lastKnownFileType = archive.ar; path = libppthelper.a; sourceTree = "<group>"; };
		096D5BFF1EDE9BAC001100ED /* libswresample.a */ = {isa = PBXFileReference; lastKnownFileType = archive.ar; path = libswresample.a; sourceTree = "<group>"; };
		096D5C001EDE9BAC001100ED /* libswscale.a */ = {isa = PBXFileReference; lastKnownFileType = archive.ar; path = libswscale.a; sourceTree = "<group>"; };
		096D5C011EDE9BAC001100ED /* libvo-amrwbenc.a */ = {isa = PBXFileReference; lastKnownFileType = archive.ar; path = "libvo-amrwbenc.a"; sourceTree = "<group>"; };
		096D5C021EDE9BAC001100ED /* libx264.a */ = {isa = PBXFileReference; lastKnownFileType = archive.ar; path = libx264.a; sourceTree = "<group>"; };
		096D5C031EDE9BAC001100ED /* libyuv_neon.a */ = {isa = PBXFileReference; lastKnownFileType = archive.ar; path = libyuv_neon.a; sourceTree = "<group>"; };
		096D5C041EDE9BAC001100ED /* libyuv.a */ = {isa = PBXFileReference; lastKnownFileType = archive.ar; path = libyuv.a; sourceTree = "<group>"; };
		098DF24D1EA743D400FB36FA /* VideoToolbox.framework */ = {isa = PBXFileReference; lastKnownFileType = wrapper.framework; name = VideoToolbox.framework; path = System/Library/Frameworks/VideoToolbox.framework; sourceTree = SDKROOT; };
		F84AE8AE22C33F80004CD66F /* Images.xcassets */ = {isa = PBXFileReference; lastKnownFileType = folder.assetcatalog; path = Images.xcassets; sourceTree = "<group>"; };
		F84AE8B022C340CC004CD66F /* UIView+AdaptScreen.h */ = {isa = PBXFileReference; fileEncoding = 4; lastKnownFileType = sourcecode.c.h; path = "UIView+AdaptScreen.h"; sourceTree = "<group>"; };
		F84AE8B322C340CC004CD66F /* IQNSArray+Sort.h */ = {isa = PBXFileReference; fileEncoding = 4; lastKnownFileType = sourcecode.c.h; path = "IQNSArray+Sort.h"; sourceTree = "<group>"; };
		F84AE8B422C340CC004CD66F /* IQNSArray+Sort.m */ = {isa = PBXFileReference; fileEncoding = 4; lastKnownFileType = sourcecode.c.objc; path = "IQNSArray+Sort.m"; sourceTree = "<group>"; };
		F84AE8B522C340CC004CD66F /* IQUIScrollView+Additions.h */ = {isa = PBXFileReference; fileEncoding = 4; lastKnownFileType = sourcecode.c.h; path = "IQUIScrollView+Additions.h"; sourceTree = "<group>"; };
		F84AE8B622C340CC004CD66F /* IQUIScrollView+Additions.m */ = {isa = PBXFileReference; fileEncoding = 4; lastKnownFileType = sourcecode.c.objc; path = "IQUIScrollView+Additions.m"; sourceTree = "<group>"; };
		F84AE8B722C340CC004CD66F /* IQUITextFieldView+Additions.h */ = {isa = PBXFileReference; fileEncoding = 4; lastKnownFileType = sourcecode.c.h; path = "IQUITextFieldView+Additions.h"; sourceTree = "<group>"; };
		F84AE8B822C340CC004CD66F /* IQUITextFieldView+Additions.m */ = {isa = PBXFileReference; fileEncoding = 4; lastKnownFileType = sourcecode.c.objc; path = "IQUITextFieldView+Additions.m"; sourceTree = "<group>"; };
		F84AE8B922C340CC004CD66F /* IQUIView+Hierarchy.h */ = {isa = PBXFileReference; fileEncoding = 4; lastKnownFileType = sourcecode.c.h; path = "IQUIView+Hierarchy.h"; sourceTree = "<group>"; };
		F84AE8BA22C340CC004CD66F /* IQUIView+Hierarchy.m */ = {isa = PBXFileReference; fileEncoding = 4; lastKnownFileType = sourcecode.c.objc; path = "IQUIView+Hierarchy.m"; sourceTree = "<group>"; };
		F84AE8BB22C340CC004CD66F /* IQUIViewController+Additions.h */ = {isa = PBXFileReference; fileEncoding = 4; lastKnownFileType = sourcecode.c.h; path = "IQUIViewController+Additions.h"; sourceTree = "<group>"; };
		F84AE8BC22C340CC004CD66F /* IQUIViewController+Additions.m */ = {isa = PBXFileReference; fileEncoding = 4; lastKnownFileType = sourcecode.c.objc; path = "IQUIViewController+Additions.m"; sourceTree = "<group>"; };
		F84AE8BE22C340CC004CD66F /* IQKeyboardManagerConstants.h */ = {isa = PBXFileReference; fileEncoding = 4; lastKnownFileType = sourcecode.c.h; path = IQKeyboardManagerConstants.h; sourceTree = "<group>"; };
		F84AE8BF22C340CC004CD66F /* IQKeyboardManagerConstantsInternal.h */ = {isa = PBXFileReference; fileEncoding = 4; lastKnownFileType = sourcecode.c.h; path = IQKeyboardManagerConstantsInternal.h; sourceTree = "<group>"; };
		F84AE8C022C340CC004CD66F /* IQKeyboardManager.h */ = {isa = PBXFileReference; fileEncoding = 4; lastKnownFileType = sourcecode.c.h; path = IQKeyboardManager.h; sourceTree = "<group>"; };
		F84AE8C122C340CC004CD66F /* IQKeyboardManager.m */ = {isa = PBXFileReference; fileEncoding = 4; lastKnownFileType = sourcecode.c.objc; path = IQKeyboardManager.m; sourceTree = "<group>"; };
		F84AE8C222C340CC004CD66F /* IQKeyboardReturnKeyHandler.h */ = {isa = PBXFileReference; fileEncoding = 4; lastKnownFileType = sourcecode.c.h; path = IQKeyboardReturnKeyHandler.h; sourceTree = "<group>"; };
		F84AE8C322C340CC004CD66F /* IQKeyboardReturnKeyHandler.m */ = {isa = PBXFileReference; fileEncoding = 4; lastKnownFileType = sourcecode.c.objc; path = IQKeyboardReturnKeyHandler.m; sourceTree = "<group>"; };
		F84AE8C522C340CC004CD66F /* IQTextView.h */ = {isa = PBXFileReference; fileEncoding = 4; lastKnownFileType = sourcecode.c.h; path = IQTextView.h; sourceTree = "<group>"; };
		F84AE8C622C340CC004CD66F /* IQTextView.m */ = {isa = PBXFileReference; fileEncoding = 4; lastKnownFileType = sourcecode.c.objc; path = IQTextView.m; sourceTree = "<group>"; };
		F84AE8C822C340CC004CD66F /* IQBarButtonItem.h */ = {isa = PBXFileReference; fileEncoding = 4; lastKnownFileType = sourcecode.c.h; path = IQBarButtonItem.h; sourceTree = "<group>"; };
		F84AE8C922C340CC004CD66F /* IQBarButtonItem.m */ = {isa = PBXFileReference; fileEncoding = 4; lastKnownFileType = sourcecode.c.objc; path = IQBarButtonItem.m; sourceTree = "<group>"; };
		F84AE8CA22C340CC004CD66F /* IQPreviousNextView.h */ = {isa = PBXFileReference; fileEncoding = 4; lastKnownFileType = sourcecode.c.h; path = IQPreviousNextView.h; sourceTree = "<group>"; };
		F84AE8CB22C340CC004CD66F /* IQPreviousNextView.m */ = {isa = PBXFileReference; fileEncoding = 4; lastKnownFileType = sourcecode.c.objc; path = IQPreviousNextView.m; sourceTree = "<group>"; };
		F84AE8CC22C340CC004CD66F /* IQTitleBarButtonItem.h */ = {isa = PBXFileReference; fileEncoding = 4; lastKnownFileType = sourcecode.c.h; path = IQTitleBarButtonItem.h; sourceTree = "<group>"; };
		F84AE8CD22C340CC004CD66F /* IQTitleBarButtonItem.m */ = {isa = PBXFileReference; fileEncoding = 4; lastKnownFileType = sourcecode.c.objc; path = IQTitleBarButtonItem.m; sourceTree = "<group>"; };
		F84AE8CE22C340CC004CD66F /* IQToolbar.h */ = {isa = PBXFileReference; fileEncoding = 4; lastKnownFileType = sourcecode.c.h; path = IQToolbar.h; sourceTree = "<group>"; };
		F84AE8CF22C340CC004CD66F /* IQToolbar.m */ = {isa = PBXFileReference; fileEncoding = 4; lastKnownFileType = sourcecode.c.objc; path = IQToolbar.m; sourceTree = "<group>"; };
		F84AE8D022C340CC004CD66F /* IQUIView+IQKeyboardToolbar.h */ = {isa = PBXFileReference; fileEncoding = 4; lastKnownFileType = sourcecode.c.h; path = "IQUIView+IQKeyboardToolbar.h"; sourceTree = "<group>"; };
		F84AE8D122C340CC004CD66F /* IQUIView+IQKeyboardToolbar.m */ = {isa = PBXFileReference; fileEncoding = 4; lastKnownFileType = sourcecode.c.objc; path = "IQUIView+IQKeyboardToolbar.m"; sourceTree = "<group>"; };
		F84AE8D322C340CC004CD66F /* IQKeyboardManager.bundle */ = {isa = PBXFileReference; lastKnownFileType = "wrapper.plug-in"; path = IQKeyboardManager.bundle; sourceTree = "<group>"; };
		F84AE8D522C340CD004CD66F /* LEOAlertView.h */ = {isa = PBXFileReference; fileEncoding = 4; lastKnownFileType = sourcecode.c.h; path = LEOAlertView.h; sourceTree = "<group>"; };
		F84AE8D622C340CD004CD66F /* LEOAlertView.m */ = {isa = PBXFileReference; fileEncoding = 4; lastKnownFileType = sourcecode.c.objc; path = LEOAlertView.m; sourceTree = "<group>"; };
		F84AE8D722C340CD004CD66F /* MZTimerLabel.h */ = {isa = PBXFileReference; fileEncoding = 4; lastKnownFileType = sourcecode.c.h; path = MZTimerLabel.h; sourceTree = "<group>"; };
		F84AE8D822C340CD004CD66F /* UIView+AdaptScreen.m */ = {isa = PBXFileReference; fileEncoding = 4; lastKnownFileType = sourcecode.c.objc; path = "UIView+AdaptScreen.m"; sourceTree = "<group>"; };
		F84AE8D922C340CD004CD66F /* MZTimerLabel.m */ = {isa = PBXFileReference; fileEncoding = 4; lastKnownFileType = sourcecode.c.objc; path = MZTimerLabel.m; sourceTree = "<group>"; };
		F84AE8EB22C340F8004CD66F /* ACBaseViewController.m */ = {isa = PBXFileReference; fileEncoding = 4; lastKnownFileType = sourcecode.c.objc; path = ACBaseViewController.m; sourceTree = "<group>"; };
		F84AE8EC22C340F8004CD66F /* ACBaseViewController.h */ = {isa = PBXFileReference; fileEncoding = 4; lastKnownFileType = sourcecode.c.h; path = ACBaseViewController.h; sourceTree = "<group>"; };
		F84AE8EE22C3473C004CD66F /* Launch Screen.storyboard */ = {isa = PBXFileReference; lastKnownFileType = file.storyboard; path = "Launch Screen.storyboard"; sourceTree = "<group>"; };
		F84AE8F022C34A91004CD66F /* tableVCell.xib */ = {isa = PBXFileReference; fileEncoding = 4; lastKnownFileType = file.xib; path = tableVCell.xib; sourceTree = "<group>"; };
		F84AE8F222C35645004CD66F /* ACVideoAlertView.h */ = {isa = PBXFileReference; fileEncoding = 4; lastKnownFileType = sourcecode.c.h; path = ACVideoAlertView.h; sourceTree = "<group>"; };
		F84AE8F322C35645004CD66F /* ACVideoAlertView.xib */ = {isa = PBXFileReference; fileEncoding = 4; lastKnownFileType = file.xib; path = ACVideoAlertView.xib; sourceTree = "<group>"; };
		F84AE8F422C35646004CD66F /* ACVideoAlertView.m */ = {isa = PBXFileReference; fileEncoding = 4; lastKnownFileType = sourcecode.c.objc; path = ACVideoAlertView.m; sourceTree = "<group>"; };
		F854CF0A21475157002FC106 /* libc++.tbd */ = {isa = PBXFileReference; lastKnownFileType = "sourcecode.text-based-dylib-definition"; name = "libc++.tbd"; path = "usr/lib/libc++.tbd"; sourceTree = SDKROOT; };
		F88FC35522E01DFD00A58B31 /* UINavigationController+DeviceOrientataion.h */ = {isa = PBXFileReference; lastKnownFileType = sourcecode.c.h; path = "UINavigationController+DeviceOrientataion.h"; sourceTree = "<group>"; };
		F88FC35622E01DFD00A58B31 /* UINavigationController+DeviceOrientataion.m */ = {isa = PBXFileReference; lastKnownFileType = sourcecode.c.objc; path = "UINavigationController+DeviceOrientataion.m"; sourceTree = "<group>"; };
		FE673EBF1A1ED9E300C18ACD /* Settings.bundle */ = {isa = PBXFileReference; lastKnownFileType = "wrapper.plug-in"; path = Settings.bundle; sourceTree = "<group>"; };
		FE673EC11A1EE70E00C18ACD /* bg_video@2x.png */ = {isa = PBXFileReference; lastKnownFileType = image.png; name = "bg_video@2x.png"; path = "AnyChatCallCenter/bk/bg_video@2x.png"; sourceTree = "<group>"; };
		FE673EC21A1EE70E00C18ACD /* bg_video-568h@2x.png */ = {isa = PBXFileReference; lastKnownFileType = image.png; name = "bg_video-568h@2x.png"; path = "AnyChatCallCenter/bk/bg_video-568h@2x.png"; sourceTree = "<group>"; };
		FE673EC61A1EE77600C18ACD /* bg_video_footer.png */ = {isa = PBXFileReference; lastKnownFileType = image.png; name = bg_video_footer.png; path = AnyChatCallCenter/bk/video_footer/bg_video_footer.png; sourceTree = "<group>"; };
		FE673EC71A1EE77600C18ACD /* Icon_EndCall.png */ = {isa = PBXFileReference; lastKnownFileType = image.png; name = Icon_EndCall.png; path = AnyChatCallCenter/bk/video_footer/Icon_EndCall.png; sourceTree = "<group>"; };
		FE673EC81A1EE77600C18ACD /* Icon_noCamera.png */ = {isa = PBXFileReference; lastKnownFileType = image.png; name = Icon_noCamera.png; path = AnyChatCallCenter/bk/video_footer/Icon_noCamera.png; sourceTree = "<group>"; };
		FE673EC91A1EE77600C18ACD /* Icon_camera.png */ = {isa = PBXFileReference; lastKnownFileType = image.png; name = Icon_camera.png; path = AnyChatCallCenter/bk/video_footer/Icon_camera.png; sourceTree = "<group>"; };
		FE673ECA1A1EE77600C18ACD /* Icon_voice.png */ = {isa = PBXFileReference; lastKnownFileType = image.png; name = Icon_voice.png; path = AnyChatCallCenter/bk/video_footer/Icon_voice.png; sourceTree = "<group>"; };
		FE673ECB1A1EE77600C18ACD /* Icon_noVoice.png */ = {isa = PBXFileReference; lastKnownFileType = image.png; name = Icon_noVoice.png; path = AnyChatCallCenter/bk/video_footer/Icon_noVoice.png; sourceTree = "<group>"; };
		FE673ECC1A1EE77600C18ACD /* Icon_camera_w.png */ = {isa = PBXFileReference; lastKnownFileType = image.png; name = Icon_camera_w.png; path = AnyChatCallCenter/bk/video_footer/Icon_camera_w.png; sourceTree = "<group>"; };
		FE673ECD1A1EE77600C18ACD /* Icon_camera_w_b.png */ = {isa = PBXFileReference; lastKnownFileType = image.png; name = Icon_camera_w_b.png; path = AnyChatCallCenter/bk/video_footer/Icon_camera_w_b.png; sourceTree = "<group>"; };
		FE94CDE81C609EDF00D199DE /* checked.png */ = {isa = PBXFileReference; lastKnownFileType = image.png; path = checked.png; sourceTree = "<group>"; };
		FE94CDE91C609EDF00D199DE /* checked@2x.png */ = {isa = PBXFileReference; lastKnownFileType = image.png; path = "checked@2x.png"; sourceTree = "<group>"; };
		FE94CDEA1C609EDF00D199DE /* unchecked.png */ = {isa = PBXFileReference; lastKnownFileType = image.png; path = unchecked.png; sourceTree = "<group>"; };
		FE94CDEB1C609EDF00D199DE /* unchecked@2x.png */ = {isa = PBXFileReference; lastKnownFileType = image.png; path = "unchecked@2x.png"; sourceTree = "<group>"; };
		FE94CF741C65979B00D199DE /* MBProgressHUD+JT.h */ = {isa = PBXFileReference; fileEncoding = 4; lastKnownFileType = sourcecode.c.h; path = "MBProgressHUD+JT.h"; sourceTree = "<group>"; };
		FE94CF751C65979B00D199DE /* MBProgressHUD+JT.m */ = {isa = PBXFileReference; fileEncoding = 4; lastKnownFileType = sourcecode.c.objc; path = "MBProgressHUD+JT.m"; sourceTree = "<group>"; };
		FE94CF761C65979B00D199DE /* MBProgressHUD.bundle */ = {isa = PBXFileReference; lastKnownFileType = "wrapper.plug-in"; path = MBProgressHUD.bundle; sourceTree = "<group>"; };
		FE94CF771C65979B00D199DE /* MBProgressHUD.h */ = {isa = PBXFileReference; fileEncoding = 4; lastKnownFileType = sourcecode.c.h; path = MBProgressHUD.h; sourceTree = "<group>"; };
		FE94CF781C65979B00D199DE /* MBProgressHUD.m */ = {isa = PBXFileReference; fileEncoding = 4; lastKnownFileType = sourcecode.c.objc; path = MBProgressHUD.m; sourceTree = "<group>"; };
		FE94D0DA1C65F09E00D199DE /* AnyChatDefine.h */ = {isa = PBXFileReference; fileEncoding = 4; lastKnownFileType = sourcecode.c.h; path = AnyChatDefine.h; sourceTree = "<group>"; };
		FE94D0DB1C65F09E00D199DE /* AnyChatErrorCode.h */ = {isa = PBXFileReference; fileEncoding = 4; lastKnownFileType = sourcecode.c.h; path = AnyChatErrorCode.h; sourceTree = "<group>"; };
		FE94D0DC1C65F09E00D199DE /* AnyChatObjectDefine.h */ = {isa = PBXFileReference; fileEncoding = 4; lastKnownFileType = sourcecode.c.h; path = AnyChatObjectDefine.h; sourceTree = "<group>"; };
		FE94D0DD1C65F09E00D199DE /* AnyChatPlatform.h */ = {isa = PBXFileReference; fileEncoding = 4; lastKnownFileType = sourcecode.c.h; path = AnyChatPlatform.h; sourceTree = "<group>"; };
		FE95EC8F19B944AC000798CF /* LoginViewController.h */ = {isa = PBXFileReference; fileEncoding = 4; lastKnownFileType = sourcecode.c.h; lineEnding = 0; path = LoginViewController.h; sourceTree = "<group>"; xcLanguageSpecificationIdentifier = xcode.lang.objcpp; };
		FE95EC9019B944AC000798CF /* LoginViewController.m */ = {isa = PBXFileReference; fileEncoding = 4; lastKnownFileType = sourcecode.c.objc; path = LoginViewController.m; sourceTree = "<group>"; };
		FE95EC9119B944AC000798CF /* LoginViewController.xib */ = {isa = PBXFileReference; fileEncoding = 4; lastKnownFileType = file.xib; path = LoginViewController.xib; sourceTree = "<group>"; };
		FE95EC9219B944AC000798CF /* UserEntity.h */ = {isa = PBXFileReference; fileEncoding = 4; lastKnownFileType = sourcecode.c.h; path = UserEntity.h; sourceTree = "<group>"; };
		FE95EC9319B944AC000798CF /* UserEntity.m */ = {isa = PBXFileReference; fileEncoding = 4; lastKnownFileType = sourcecode.c.objc; path = UserEntity.m; sourceTree = "<group>"; };
		FE95EC9419B944AC000798CF /* VideoViewController.h */ = {isa = PBXFileReference; fileEncoding = 4; lastKnownFileType = sourcecode.c.h; lineEnding = 0; path = VideoViewController.h; sourceTree = "<group>"; xcLanguageSpecificationIdentifier = xcode.lang.objcpp; };
		FE95EC9519B944AC000798CF /* VideoViewController.m */ = {isa = PBXFileReference; fileEncoding = 4; lastKnownFileType = sourcecode.c.objc; path = VideoViewController.m; sourceTree = "<group>"; };
		FE95EC9619B944AC000798CF /* VideoViewController.xib */ = {isa = PBXFileReference; fileEncoding = 4; lastKnownFileType = file.xib; path = VideoViewController.xib; sourceTree = "<group>"; };
		FE95EC9719B944AC000798CF /* UserInfo.h */ = {isa = PBXFileReference; fileEncoding = 4; lastKnownFileType = sourcecode.c.h; path = UserInfo.h; sourceTree = "<group>"; };
		FE95EC9819B944AC000798CF /* UserInfo.m */ = {isa = PBXFileReference; fileEncoding = 4; lastKnownFileType = sourcecode.c.objc; path = UserInfo.m; sourceTree = "<group>"; };
		FE95EC9919B944AC000798CF /* HallViewController.h */ = {isa = PBXFileReference; fileEncoding = 4; lastKnownFileType = sourcecode.c.h; lineEnding = 0; path = HallViewController.h; sourceTree = "<group>"; xcLanguageSpecificationIdentifier = xcode.lang.objcpp; };
		FE95EC9A19B944AC000798CF /* HallViewController.m */ = {isa = PBXFileReference; fileEncoding = 4; lastKnownFileType = sourcecode.c.objc; path = HallViewController.m; sourceTree = "<group>"; };
		FE95EC9B19B944AC000798CF /* HallViewController.xib */ = {isa = PBXFileReference; fileEncoding = 4; lastKnownFileType = file.xib; path = HallViewController.xib; sourceTree = "<group>"; };
		FEB337C419B8555200D2C2F3 /* AnyChatCallCenter.app */ = {isa = PBXFileReference; explicitFileType = wrapper.application; includeInIndex = 0; path = AnyChatCallCenter.app; sourceTree = BUILT_PRODUCTS_DIR; };
		FEB337C719B8555200D2C2F3 /* Foundation.framework */ = {isa = PBXFileReference; lastKnownFileType = wrapper.framework; name = Foundation.framework; path = System/Library/Frameworks/Foundation.framework; sourceTree = SDKROOT; };
		FEB337C919B8555200D2C2F3 /* CoreGraphics.framework */ = {isa = PBXFileReference; lastKnownFileType = wrapper.framework; name = CoreGraphics.framework; path = System/Library/Frameworks/CoreGraphics.framework; sourceTree = SDKROOT; };
		FEB337CB19B8555200D2C2F3 /* UIKit.framework */ = {isa = PBXFileReference; lastKnownFileType = wrapper.framework; name = UIKit.framework; path = System/Library/Frameworks/UIKit.framework; sourceTree = SDKROOT; };
		FEB337CF19B8555200D2C2F3 /* AnyChatCallCenter-Info.plist */ = {isa = PBXFileReference; lastKnownFileType = text.plist.xml; path = "AnyChatCallCenter-Info.plist"; sourceTree = "<group>"; };
		FEB337D119B8555200D2C2F3 /* en */ = {isa = PBXFileReference; lastKnownFileType = text.plist.strings; name = en; path = en.lproj/InfoPlist.strings; sourceTree = "<group>"; };
		FEB337D319B8555200D2C2F3 /* main.m */ = {isa = PBXFileReference; lastKnownFileType = sourcecode.c.objc; path = main.m; sourceTree = "<group>"; };
		FEB337D519B8555200D2C2F3 /* AnyChatCallCenter-Prefix.pch */ = {isa = PBXFileReference; lastKnownFileType = sourcecode.c.h; path = "AnyChatCallCenter-Prefix.pch"; sourceTree = "<group>"; };
		FEB337D619B8555200D2C2F3 /* AnyChatAppDelegate.h */ = {isa = PBXFileReference; lastKnownFileType = sourcecode.c.h; path = AnyChatAppDelegate.h; sourceTree = "<group>"; };
		FEB337D719B8555200D2C2F3 /* AnyChatAppDelegate.m */ = {isa = PBXFileReference; lastKnownFileType = sourcecode.c.objc; path = AnyChatAppDelegate.m; sourceTree = "<group>"; };
		FEB3382019B857D500D2C2F3 /* CoreMedia.framework */ = {isa = PBXFileReference; lastKnownFileType = wrapper.framework; name = CoreMedia.framework; path = System/Library/Frameworks/CoreMedia.framework; sourceTree = SDKROOT; };
		FEB3382219B857DB00D2C2F3 /* AVFoundation.framework */ = {isa = PBXFileReference; lastKnownFileType = wrapper.framework; name = AVFoundation.framework; path = System/Library/Frameworks/AVFoundation.framework; sourceTree = SDKROOT; };
		FEB3382419B857E400D2C2F3 /* AudioToolbox.framework */ = {isa = PBXFileReference; lastKnownFileType = wrapper.framework; name = AudioToolbox.framework; path = System/Library/Frameworks/AudioToolbox.framework; sourceTree = SDKROOT; };
		FEB3382619B857EC00D2C2F3 /* CoreVideo.framework */ = {isa = PBXFileReference; lastKnownFileType = wrapper.framework; name = CoreVideo.framework; path = System/Library/Frameworks/CoreVideo.framework; sourceTree = SDKROOT; };
		FEB3382819B857F800D2C2F3 /* CoreAudio.framework */ = {isa = PBXFileReference; lastKnownFileType = wrapper.framework; name = CoreAudio.framework; path = System/Library/Frameworks/CoreAudio.framework; sourceTree = SDKROOT; };
		FEB3386919B85FFE00D2C2F3 /* Toast+UIView.m */ = {isa = PBXFileReference; fileEncoding = 4; lastKnownFileType = sourcecode.c.objc; name = "Toast+UIView.m"; path = "AnyChatCallCenter/Toast/Toast+UIView.m"; sourceTree = SOURCE_ROOT; };
		FEB3386A19B85FFE00D2C2F3 /* Toast+UIView.h */ = {isa = PBXFileReference; fileEncoding = 4; lastKnownFileType = sourcecode.c.h; name = "Toast+UIView.h"; path = "AnyChatCallCenter/Toast/Toast+UIView.h"; sourceTree = SOURCE_ROOT; };
		FEB3386D19B8608300D2C2F3 /* 1.png */ = {isa = PBXFileReference; lastKnownFileType = image.png; path = 1.png; sourceTree = "<group>"; };
		FEB3386F19B8608300D2C2F3 /* 120x120.png */ = {isa = PBXFileReference; lastKnownFileType = image.png; path = 120x120.png; sourceTree = "<group>"; };
		FEB3387019B8608300D2C2F3 /* 2.png */ = {isa = PBXFileReference; lastKnownFileType = image.png; path = 2.png; sourceTree = "<group>"; };
		FEB3387119B8608300D2C2F3 /* 3.png */ = {isa = PBXFileReference; lastKnownFileType = image.png; path = 3.png; sourceTree = "<group>"; };
		FEB3387219B8608300D2C2F3 /* 4.png */ = {isa = PBXFileReference; lastKnownFileType = image.png; path = 4.png; sourceTree = "<group>"; };
		FEB3387319B8608300D2C2F3 /* 5.png */ = {isa = PBXFileReference; lastKnownFileType = image.png; path = 5.png; sourceTree = "<group>"; };
		FEB3387419B8608300D2C2F3 /* 6.png */ = {isa = PBXFileReference; lastKnownFileType = image.png; path = 6.png; sourceTree = "<group>"; };
		FEB3387519B8608300D2C2F3 /* 7.png */ = {isa = PBXFileReference; lastKnownFileType = image.png; path = 7.png; sourceTree = "<group>"; };
		FEB3387619B8608300D2C2F3 /* 8.png */ = {isa = PBXFileReference; lastKnownFileType = image.png; path = 8.png; sourceTree = "<group>"; };
		FEB3387719B8608300D2C2F3 /* 9.png */ = {isa = PBXFileReference; lastKnownFileType = image.png; path = 9.png; sourceTree = "<group>"; };
		FEB3388419B861E800D2C2F3 /* login_bk.png */ = {isa = PBXFileReference; lastKnownFileType = image.png; name = login_bk.png; path = AnyChatCallCenter/bk/login_bk.png; sourceTree = "<group>"; };
		FEB3388719B861FD00D2C2F3 /* Default@2x.png */ = {isa = PBXFileReference; lastKnownFileType = image.png; name = "Default@2x.png"; path = "AnyChatCallCenter/bk/Default@2x.png"; sourceTree = "<group>"; };
		FEB3388819B861FD00D2C2F3 /* Default-568h@2x.png */ = {isa = PBXFileReference; lastKnownFileType = image.png; name = "Default-568h@2x.png"; path = "AnyChatCallCenter/bk/Default-568h@2x.png"; sourceTree = "<group>"; };
		FEB3388C19B862B400D2C2F3 /* AnyChatNavigationController.h */ = {isa = PBXFileReference; fileEncoding = 4; lastKnownFileType = sourcecode.c.h; path = AnyChatNavigationController.h; sourceTree = "<group>"; };
		FEB3388D19B862B400D2C2F3 /* AnyChatNavigationController.m */ = {isa = PBXFileReference; fileEncoding = 4; lastKnownFileType = sourcecode.c.objc; path = AnyChatNavigationController.m; sourceTree = "<group>"; };
/* End PBXFileReference section */

/* Begin PBXFrameworksBuildPhase section */
		FEB337C119B8555200D2C2F3 /* Frameworks */ = {
			isa = PBXFrameworksBuildPhase;
			buildActionMask = 2147483647;
			files = (
				F854CF0B21475157002FC106 /* libc++.tbd in Frameworks */,
				09558A921ECDB95300D966CE /* libz.tbd in Frameworks */,
				096D5C141EDE9BAC001100ED /* libyuv.a in Frameworks */,
				096D5C121EDE9BAC001100ED /* libx264.a in Frameworks */,
				096D5C0B1EDE9BAC001100ED /* libmediashow.a in Frameworks */,
				096D5C081EDE9BAC001100ED /* libavformat.a in Frameworks */,
				096D5C0D1EDE9BAC001100ED /* libmp3lame.a in Frameworks */,
				096D5C101EDE9BAC001100ED /* libswscale.a in Frameworks */,
				096D5C111EDE9BAC001100ED /* libvo-amrwbenc.a in Frameworks */,
				096D5C0A1EDE9BAC001100ED /* libmediacore.a in Frameworks */,
				096D5C061EDE9BAC001100ED /* libavcodec.a in Frameworks */,
				096D5C0E1EDE9BAC001100ED /* libppthelper.a in Frameworks */,
				096D5C131EDE9BAC001100ED /* libyuv_neon.a in Frameworks */,
				096D5C091EDE9BAC001100ED /* libavutil.a in Frameworks */,
				096D5C0C1EDE9BAC001100ED /* libmediautil.a in Frameworks */,
				096D5C071EDE9BAC001100ED /* libavfilter.a in Frameworks */,
				096D5C0F1EDE9BAC001100ED /* libswresample.a in Frameworks */,
				096D5C051EDE9BAC001100ED /* libanychatcore.a in Frameworks */,
				098DF24E1EA743D400FB36FA /* VideoToolbox.framework in Frameworks */,
				FEB3382919B857F800D2C2F3 /* CoreAudio.framework in Frameworks */,
				FEB3382719B857EC00D2C2F3 /* CoreVideo.framework in Frameworks */,
				FEB3382519B857E400D2C2F3 /* AudioToolbox.framework in Frameworks */,
				FEB3382319B857DB00D2C2F3 /* AVFoundation.framework in Frameworks */,
				FEB3382119B857D500D2C2F3 /* CoreMedia.framework in Frameworks */,
				FEB337CA19B8555200D2C2F3 /* CoreGraphics.framework in Frameworks */,
				FEB337CC19B8555200D2C2F3 /* UIKit.framework in Frameworks */,
				FEB337C819B8555200D2C2F3 /* Foundation.framework in Frameworks */,
			);
			runOnlyForDeploymentPostprocessing = 0;
		};
/* End PBXFrameworksBuildPhase section */

/* Begin PBXGroup section */
		F84AE8B122C340CC004CD66F /* IQKeyboardManager */ = {
			isa = PBXGroup;
			children = (
				F84AE8B222C340CC004CD66F /* Categories */,
				F84AE8BD22C340CC004CD66F /* Constants */,
				F84AE8C022C340CC004CD66F /* IQKeyboardManager.h */,
				F84AE8C122C340CC004CD66F /* IQKeyboardManager.m */,
				F84AE8C222C340CC004CD66F /* IQKeyboardReturnKeyHandler.h */,
				F84AE8C322C340CC004CD66F /* IQKeyboardReturnKeyHandler.m */,
				F84AE8C422C340CC004CD66F /* IQTextView */,
				F84AE8C722C340CC004CD66F /* IQToolbar */,
				F84AE8D222C340CC004CD66F /* Resources */,
			);
			path = IQKeyboardManager;
			sourceTree = "<group>";
		};
		F84AE8B222C340CC004CD66F /* Categories */ = {
			isa = PBXGroup;
			children = (
				F84AE8B322C340CC004CD66F /* IQNSArray+Sort.h */,
				F84AE8B422C340CC004CD66F /* IQNSArray+Sort.m */,
				F84AE8B522C340CC004CD66F /* IQUIScrollView+Additions.h */,
				F84AE8B622C340CC004CD66F /* IQUIScrollView+Additions.m */,
				F84AE8B722C340CC004CD66F /* IQUITextFieldView+Additions.h */,
				F84AE8B822C340CC004CD66F /* IQUITextFieldView+Additions.m */,
				F84AE8B922C340CC004CD66F /* IQUIView+Hierarchy.h */,
				F84AE8BA22C340CC004CD66F /* IQUIView+Hierarchy.m */,
				F84AE8BB22C340CC004CD66F /* IQUIViewController+Additions.h */,
				F84AE8BC22C340CC004CD66F /* IQUIViewController+Additions.m */,
			);
			path = Categories;
			sourceTree = "<group>";
		};
		F84AE8BD22C340CC004CD66F /* Constants */ = {
			isa = PBXGroup;
			children = (
				F84AE8BE22C340CC004CD66F /* IQKeyboardManagerConstants.h */,
				F84AE8BF22C340CC004CD66F /* IQKeyboardManagerConstantsInternal.h */,
			);
			path = Constants;
			sourceTree = "<group>";
		};
		F84AE8C422C340CC004CD66F /* IQTextView */ = {
			isa = PBXGroup;
			children = (
				F84AE8C522C340CC004CD66F /* IQTextView.h */,
				F84AE8C622C340CC004CD66F /* IQTextView.m */,
			);
			path = IQTextView;
			sourceTree = "<group>";
		};
		F84AE8C722C340CC004CD66F /* IQToolbar */ = {
			isa = PBXGroup;
			children = (
				F84AE8C822C340CC004CD66F /* IQBarButtonItem.h */,
				F84AE8C922C340CC004CD66F /* IQBarButtonItem.m */,
				F84AE8CA22C340CC004CD66F /* IQPreviousNextView.h */,
				F84AE8CB22C340CC004CD66F /* IQPreviousNextView.m */,
				F84AE8CC22C340CC004CD66F /* IQTitleBarButtonItem.h */,
				F84AE8CD22C340CC004CD66F /* IQTitleBarButtonItem.m */,
				F84AE8CE22C340CC004CD66F /* IQToolbar.h */,
				F84AE8CF22C340CC004CD66F /* IQToolbar.m */,
				F84AE8D022C340CC004CD66F /* IQUIView+IQKeyboardToolbar.h */,
				F84AE8D122C340CC004CD66F /* IQUIView+IQKeyboardToolbar.m */,
			);
			path = IQToolbar;
			sourceTree = "<group>";
		};
		F84AE8D222C340CC004CD66F /* Resources */ = {
			isa = PBXGroup;
			children = (
				F84AE8D322C340CC004CD66F /* IQKeyboardManager.bundle */,
			);
			path = Resources;
			sourceTree = "<group>";
		};
		F84AE8D422C340CD004CD66F /* LEOAlert */ = {
			isa = PBXGroup;
			children = (
				F84AE8D522C340CD004CD66F /* LEOAlertView.h */,
				F84AE8D622C340CD004CD66F /* LEOAlertView.m */,
			);
			path = LEOAlert;
			sourceTree = "<group>";
		};
		FE673EC51A1EE76800C18ACD /* video_footer */ = {
			isa = PBXGroup;
			children = (
				FE673EC61A1EE77600C18ACD /* bg_video_footer.png */,
				FE673EC71A1EE77600C18ACD /* Icon_EndCall.png */,
				FE673EC81A1EE77600C18ACD /* Icon_noCamera.png */,
				FE673EC91A1EE77600C18ACD /* Icon_camera.png */,
				FE673ECA1A1EE77600C18ACD /* Icon_voice.png */,
				FE673ECB1A1EE77600C18ACD /* Icon_noVoice.png */,
				FE673ECC1A1EE77600C18ACD /* Icon_camera_w.png */,
				FE673ECD1A1EE77600C18ACD /* Icon_camera_w_b.png */,
			);
			name = video_footer;
			sourceTree = "<group>";
		};
		FE94CDCE1C609E1B00D199DE /* Libs */ = {
			isa = PBXGroup;
			children = (
				F84AE8B122C340CC004CD66F /* IQKeyboardManager */,
				F84AE8D422C340CD004CD66F /* LEOAlert */,
				F84AE8D722C340CD004CD66F /* MZTimerLabel.h */,
				F84AE8D922C340CD004CD66F /* MZTimerLabel.m */,
				F84AE8B022C340CC004CD66F /* UIView+AdaptScreen.h */,
				F84AE8D822C340CD004CD66F /* UIView+AdaptScreen.m */,
				FE94CF731C65979B00D199DE /* MBProgressHUD */,
			);
			path = Libs;
			sourceTree = "<group>";
		};
		FE94CDE71C609EDF00D199DE /* radio-res-ios */ = {
			isa = PBXGroup;
			children = (
				FE94CDE81C609EDF00D199DE /* checked.png */,
				FE94CDE91C609EDF00D199DE /* checked@2x.png */,
				FE94CDEA1C609EDF00D199DE /* unchecked.png */,
				FE94CDEB1C609EDF00D199DE /* unchecked@2x.png */,
			);
			name = "radio-res-ios";
			path = "AnyChatCallCenter/bk/radio-res-ios";
			sourceTree = "<group>";
		};
		FE94CF731C65979B00D199DE /* MBProgressHUD */ = {
			isa = PBXGroup;
			children = (
				FE94CF741C65979B00D199DE /* MBProgressHUD+JT.h */,
				FE94CF751C65979B00D199DE /* MBProgressHUD+JT.m */,
				FE94CF761C65979B00D199DE /* MBProgressHUD.bundle */,
				FE94CF771C65979B00D199DE /* MBProgressHUD.h */,
				FE94CF781C65979B00D199DE /* MBProgressHUD.m */,
			);
			path = MBProgressHUD;
			sourceTree = "<group>";
		};
		FE94D0D81C65F09E00D199DE /* sdk */ = {
			isa = PBXGroup;
			children = (
				FE94D0D91C65F09E00D199DE /* include */,
				FE94D0DE1C65F09E00D199DE /* libs */,
			);
			name = sdk;
			path = ../../../sdk;
			sourceTree = "<group>";
		};
		FE94D0D91C65F09E00D199DE /* include */ = {
			isa = PBXGroup;
			children = (
				FE94D0DA1C65F09E00D199DE /* AnyChatDefine.h */,
				FE94D0DB1C65F09E00D199DE /* AnyChatErrorCode.h */,
				FE94D0DC1C65F09E00D199DE /* AnyChatObjectDefine.h */,
				FE94D0DD1C65F09E00D199DE /* AnyChatPlatform.h */,
			);
			path = include;
			sourceTree = "<group>";
		};
		FE94D0DE1C65F09E00D199DE /* libs */ = {
			isa = PBXGroup;
			children = (
				096D5BF51EDE9BAC001100ED /* libanychatcore.a */,
				096D5BF61EDE9BAC001100ED /* libavcodec.a */,
				096D5BF71EDE9BAC001100ED /* libavfilter.a */,
				096D5BF81EDE9BAC001100ED /* libavformat.a */,
				096D5BF91EDE9BAC001100ED /* libavutil.a */,
				096D5BFA1EDE9BAC001100ED /* libmediacore.a */,
				096D5BFB1EDE9BAC001100ED /* libmediashow.a */,
				096D5BFC1EDE9BAC001100ED /* libmediautil.a */,
				096D5BFD1EDE9BAC001100ED /* libmp3lame.a */,
				096D5BFE1EDE9BAC001100ED /* libppthelper.a */,
				096D5BFF1EDE9BAC001100ED /* libswresample.a */,
				096D5C001EDE9BAC001100ED /* libswscale.a */,
				096D5C011EDE9BAC001100ED /* libvo-amrwbenc.a */,
				096D5C021EDE9BAC001100ED /* libx264.a */,
				096D5C031EDE9BAC001100ED /* libyuv_neon.a */,
				096D5C041EDE9BAC001100ED /* libyuv.a */,
			);
			path = libs;
			sourceTree = "<group>";
		};
		FEB337BB19B8555200D2C2F3 = {
			isa = PBXGroup;
			children = (
				FEB337CD19B8555200D2C2F3 /* AnyChatCallCenter */,
				FEB337C619B8555200D2C2F3 /* Frameworks */,
				FEB337C519B8555200D2C2F3 /* Products */,
			);
			sourceTree = "<group>";
		};
		FEB337C519B8555200D2C2F3 /* Products */ = {
			isa = PBXGroup;
			children = (
				FEB337C419B8555200D2C2F3 /* AnyChatCallCenter.app */,
			);
			name = Products;
			sourceTree = "<group>";
		};
		FEB337C619B8555200D2C2F3 /* Frameworks */ = {
			isa = PBXGroup;
			children = (
				F854CF0A21475157002FC106 /* libc++.tbd */,
				09558A911ECDB95300D966CE /* libz.tbd */,
				098DF24D1EA743D400FB36FA /* VideoToolbox.framework */,
				FEB3382819B857F800D2C2F3 /* CoreAudio.framework */,
				FEB3382619B857EC00D2C2F3 /* CoreVideo.framework */,
				FEB3382419B857E400D2C2F3 /* AudioToolbox.framework */,
				FEB3382219B857DB00D2C2F3 /* AVFoundation.framework */,
				FEB3382019B857D500D2C2F3 /* CoreMedia.framework */,
				FEB337C719B8555200D2C2F3 /* Foundation.framework */,
				FEB337C919B8555200D2C2F3 /* CoreGraphics.framework */,
				FEB337CB19B8555200D2C2F3 /* UIKit.framework */,
			);
			name = Frameworks;
			sourceTree = "<group>";
		};
		FEB337CD19B8555200D2C2F3 /* AnyChatCallCenter */ = {
			isa = PBXGroup;
			children = (
				FE94D0D81C65F09E00D199DE /* sdk */,
				FEB337D619B8555200D2C2F3 /* AnyChatAppDelegate.h */,
				FEB337D719B8555200D2C2F3 /* AnyChatAppDelegate.m */,
				F84AE8EC22C340F8004CD66F /* ACBaseViewController.h */,
				F84AE8EB22C340F8004CD66F /* ACBaseViewController.m */,
				F88FC35522E01DFD00A58B31 /* UINavigationController+DeviceOrientataion.h */,
				F88FC35622E01DFD00A58B31 /* UINavigationController+DeviceOrientataion.m */,
				FEB3388C19B862B400D2C2F3 /* AnyChatNavigationController.h */,
				FEB3388D19B862B400D2C2F3 /* AnyChatNavigationController.m */,
				FE95EC8F19B944AC000798CF /* LoginViewController.h */,
				FE95EC9019B944AC000798CF /* LoginViewController.m */,
				FE95EC9119B944AC000798CF /* LoginViewController.xib */,
				FE95EC9919B944AC000798CF /* HallViewController.h */,
				FE95EC9A19B944AC000798CF /* HallViewController.m */,
				FE95EC9B19B944AC000798CF /* HallViewController.xib */,
				F84AE8F022C34A91004CD66F /* tableVCell.xib */,
				FE95EC9419B944AC000798CF /* VideoViewController.h */,
				FE95EC9519B944AC000798CF /* VideoViewController.m */,
				FE95EC9619B944AC000798CF /* VideoViewController.xib */,
				FE95EC9219B944AC000798CF /* UserEntity.h */,
				FE95EC9319B944AC000798CF /* UserEntity.m */,
				FE95EC9719B944AC000798CF /* UserInfo.h */,
				FE95EC9819B944AC000798CF /* UserInfo.m */,
				F84AE8F222C35645004CD66F /* ACVideoAlertView.h */,
				F84AE8F422C35646004CD66F /* ACVideoAlertView.m */,
				F84AE8F322C35645004CD66F /* ACVideoAlertView.xib */,
				FEB3388319B8615800D2C2F3 /* bk */,
				FE94CDCE1C609E1B00D199DE /* Libs */,
				FEB337CE19B8555200D2C2F3 /* Supporting Files */,
			);
			path = AnyChatCallCenter;
			sourceTree = "<group>";
		};
		FEB337CE19B8555200D2C2F3 /* Supporting Files */ = {
			isa = PBXGroup;
			children = (
				F84AE8AE22C33F80004CD66F /* Images.xcassets */,
				FEB3386519B85FCC00D2C2F3 /* Toast */,
				FEB337CF19B8555200D2C2F3 /* AnyChatCallCenter-Info.plist */,
				FEB337D019B8555200D2C2F3 /* InfoPlist.strings */,
				FEB337D319B8555200D2C2F3 /* main.m */,
				FEB337D519B8555200D2C2F3 /* AnyChatCallCenter-Prefix.pch */,
				FE673EBF1A1ED9E300C18ACD /* Settings.bundle */,
				F84AE8EE22C3473C004CD66F /* Launch Screen.storyboard */,
			);
			name = "Supporting Files";
			sourceTree = "<group>";
		};
		FEB3386519B85FCC00D2C2F3 /* Toast */ = {
			isa = PBXGroup;
			children = (
				FEB3386919B85FFE00D2C2F3 /* Toast+UIView.m */,
				FEB3386A19B85FFE00D2C2F3 /* Toast+UIView.h */,
			);
			path = Toast;
			sourceTree = "<group>";
		};
		FEB3386C19B8608300D2C2F3 /* HeadPortrait */ = {
			isa = PBXGroup;
			children = (
				FEB3386D19B8608300D2C2F3 /* 1.png */,
				FEB3386F19B8608300D2C2F3 /* 120x120.png */,
				FEB3387019B8608300D2C2F3 /* 2.png */,
				FEB3387119B8608300D2C2F3 /* 3.png */,
				FEB3387219B8608300D2C2F3 /* 4.png */,
				FEB3387319B8608300D2C2F3 /* 5.png */,
				FEB3387419B8608300D2C2F3 /* 6.png */,
				FEB3387519B8608300D2C2F3 /* 7.png */,
				FEB3387619B8608300D2C2F3 /* 8.png */,
				FEB3387719B8608300D2C2F3 /* 9.png */,
			);
			name = HeadPortrait;
			path = AnyChatCallCenter/bk/HeadPortrait;
			sourceTree = "<group>";
		};
		FEB3388319B8615800D2C2F3 /* bk */ = {
			isa = PBXGroup;
			children = (
				FE673EC11A1EE70E00C18ACD /* bg_video@2x.png */,
				FE673EC21A1EE70E00C18ACD /* bg_video-568h@2x.png */,
				FEB3388719B861FD00D2C2F3 /* Default@2x.png */,
				FEB3388819B861FD00D2C2F3 /* Default-568h@2x.png */,
				FEB3388419B861E800D2C2F3 /* login_bk.png */,
				FE94CDE71C609EDF00D199DE /* radio-res-ios */,
				FE673EC51A1EE76800C18ACD /* video_footer */,
				FEB3386C19B8608300D2C2F3 /* HeadPortrait */,
			);
			name = bk;
			path = ..;
			sourceTree = "<group>";
		};
/* End PBXGroup section */

/* Begin PBXNativeTarget section */
		FEB337C319B8555200D2C2F3 /* AnyChatCallCenter */ = {
			isa = PBXNativeTarget;
			buildConfigurationList = FEB337F019B8555200D2C2F3 /* Build configuration list for PBXNativeTarget "AnyChatCallCenter" */;
			buildPhases = (
				FEB337C019B8555200D2C2F3 /* Sources */,
				FEB337C219B8555200D2C2F3 /* Resources */,
				FEB337C119B8555200D2C2F3 /* Frameworks */,
			);
			buildRules = (
			);
			dependencies = (
			);
			name = AnyChatCallCenter;
			productName = AnyChatCallCenter;
			productReference = FEB337C419B8555200D2C2F3 /* AnyChatCallCenter.app */;
			productType = "com.apple.product-type.application";
		};
/* End PBXNativeTarget section */

/* Begin PBXProject section */
		FEB337BC19B8555200D2C2F3 /* Project object */ = {
			isa = PBXProject;
			attributes = {
				CLASSPREFIX = AnyChat;
				LastUpgradeCheck = 0510;
				ORGANIZATIONNAME = "GuangZhou BaiRui NetWork Technology Co.,Ltd.";
				TargetAttributes = {
					FEB337C319B8555200D2C2F3 = {
						DevelopmentTeam = 6TZ958XNMU;
						ProvisioningStyle = Automatic;
						SystemCapabilities = {
							com.apple.BackgroundModes = {
								enabled = 1;
							};
						};
					};
				};
			};
			buildConfigurationList = FEB337BF19B8555200D2C2F3 /* Build configuration list for PBXProject "AnyChatCallCenter" */;
			compatibilityVersion = "Xcode 3.2";
			developmentRegion = English;
			hasScannedForEncodings = 0;
			knownRegions = (
				English,
				en,
			);
			mainGroup = FEB337BB19B8555200D2C2F3;
			productRefGroup = FEB337C519B8555200D2C2F3 /* Products */;
			projectDirPath = "";
			projectRoot = "";
			targets = (
				FEB337C319B8555200D2C2F3 /* AnyChatCallCenter */,
			);
		};
/* End PBXProject section */

/* Begin PBXResourcesBuildPhase section */
		FEB337C219B8555200D2C2F3 /* Resources */ = {
			isa = PBXResourcesBuildPhase;
			buildActionMask = 2147483647;
			files = (
				FE94CDED1C609EDF00D199DE /* checked@2x.png in Resources */,
				FE95ECA219B944AC000798CF /* LoginViewController.xib in Resources */,
				FEB3388119B8608300D2C2F3 /* 8.png in Resources */,
				FEB3388019B8608300D2C2F3 /* 7.png in Resources */,
				FE95ECA819B944AC000798CF /* HallViewController.xib in Resources */,
				FEB3387B19B8608300D2C2F3 /* 2.png in Resources */,
				FEB3387819B8608300D2C2F3 /* 1.png in Resources */,
				FE673ED31A1EE77600C18ACD /* Icon_noVoice.png in Resources */,
				FE673ED41A1EE77600C18ACD /* Icon_camera_w.png in Resources */,
				FEB3388219B8608300D2C2F3 /* 9.png in Resources */,
				FE94CDEE1C609EDF00D199DE /* unchecked.png in Resources */,
				F84AE8AF22C33F80004CD66F /* Images.xcassets in Resources */,
				FEB337D219B8555200D2C2F3 /* InfoPlist.strings in Resources */,
				FE94CDEF1C609EDF00D199DE /* unchecked@2x.png in Resources */,
				FEB3387A19B8608300D2C2F3 /* 120x120.png in Resources */,
				FE94CF7A1C65979B00D199DE /* MBProgressHUD.bundle in Resources */,
				FEB3387F19B8608300D2C2F3 /* 6.png in Resources */,
				FEB3387D19B8608300D2C2F3 /* 4.png in Resources */,
				FE673EC31A1EE70E00C18ACD /* bg_video@2x.png in Resources */,
				FEB3388519B861E800D2C2F3 /* login_bk.png in Resources */,
				FE94CDEC1C609EDF00D199DE /* checked.png in Resources */,
				FE673ED21A1EE77600C18ACD /* Icon_voice.png in Resources */,
				FE673EC01A1ED9E300C18ACD /* Settings.bundle in Resources */,
				F84AE8F522C35646004CD66F /* ACVideoAlertView.xib in Resources */,
				F84AE8F122C34A91004CD66F /* tableVCell.xib in Resources */,
				FEB3387E19B8608300D2C2F3 /* 5.png in Resources */,
				FE673ECF1A1EE77600C18ACD /* Icon_EndCall.png in Resources */,
				F84AE8E722C340CD004CD66F /* IQKeyboardManager.bundle in Resources */,
				FE673EC41A1EE70E00C18ACD /* bg_video-568h@2x.png in Resources */,
				FE673ED01A1EE77600C18ACD /* Icon_noCamera.png in Resources */,
				FE673ECE1A1EE77600C18ACD /* bg_video_footer.png in Resources */,
				FEB3388A19B861FD00D2C2F3 /* Default@2x.png in Resources */,
				F84AE8EF22C3473C004CD66F /* Launch Screen.storyboard in Resources */,
				FE673ED11A1EE77600C18ACD /* Icon_camera.png in Resources */,
				FE673ED51A1EE77600C18ACD /* Icon_camera_w_b.png in Resources */,
				FEB3388B19B861FD00D2C2F3 /* Default-568h@2x.png in Resources */,
				FEB3387C19B8608300D2C2F3 /* 3.png in Resources */,
				FE95ECA519B944AC000798CF /* VideoViewController.xib in Resources */,
			);
			runOnlyForDeploymentPostprocessing = 0;
		};
/* End PBXResourcesBuildPhase section */

/* Begin PBXSourcesBuildPhase section */
		FEB337C019B8555200D2C2F3 /* Sources */ = {
			isa = PBXSourcesBuildPhase;
			buildActionMask = 2147483647;
			files = (
				F84AE8F622C35646004CD66F /* ACVideoAlertView.m in Sources */,
				F84AE8DF22C340CD004CD66F /* IQKeyboardManager.m in Sources */,
				F84AE8DA22C340CD004CD66F /* IQNSArray+Sort.m in Sources */,
				FE95ECA319B944AC000798CF /* UserEntity.m in Sources */,
				FEB3388E19B862B400D2C2F3 /* AnyChatNavigationController.m in Sources */,
				FEB3386B19B85FFE00D2C2F3 /* Toast+UIView.m in Sources */,
				F84AE8E322C340CD004CD66F /* IQPreviousNextView.m in Sources */,
				F84AE8DD22C340CD004CD66F /* IQUIView+Hierarchy.m in Sources */,
				F84AE8E222C340CD004CD66F /* IQBarButtonItem.m in Sources */,
				F84AE8DC22C340CD004CD66F /* IQUITextFieldView+Additions.m in Sources */,
				F88FC35722E01DFD00A58B31 /* UINavigationController+DeviceOrientataion.m in Sources */,
				F84AE8E422C340CD004CD66F /* IQTitleBarButtonItem.m in Sources */,
				FE94CF791C65979B00D199DE /* MBProgressHUD+JT.m in Sources */,
				FE95ECA719B944AC000798CF /* HallViewController.m in Sources */,
				FE95ECA119B944AC000798CF /* LoginViewController.m in Sources */,
				F84AE8DB22C340CD004CD66F /* IQUIScrollView+Additions.m in Sources */,
				F84AE8DE22C340CD004CD66F /* IQUIViewController+Additions.m in Sources */,
				FEB337D419B8555200D2C2F3 /* main.m in Sources */,
				F84AE8E022C340CD004CD66F /* IQKeyboardReturnKeyHandler.m in Sources */,
				F84AE8E922C340CD004CD66F /* UIView+AdaptScreen.m in Sources */,
				FEB337D819B8555200D2C2F3 /* AnyChatAppDelegate.m in Sources */,
				FE94CF7B1C65979B00D199DE /* MBProgressHUD.m in Sources */,
				F84AE8E622C340CD004CD66F /* IQUIView+IQKeyboardToolbar.m in Sources */,
				F84AE8E122C340CD004CD66F /* IQTextView.m in Sources */,
				F84AE8EA22C340CD004CD66F /* MZTimerLabel.m in Sources */,
				F84AE8E822C340CD004CD66F /* LEOAlertView.m in Sources */,
				FE95ECA419B944AC000798CF /* VideoViewController.m in Sources */,
				FE95ECA619B944AC000798CF /* UserInfo.m in Sources */,
				F84AE8E522C340CD004CD66F /* IQToolbar.m in Sources */,
				F84AE8ED22C340F8004CD66F /* ACBaseViewController.m in Sources */,
			);
			runOnlyForDeploymentPostprocessing = 0;
		};
/* End PBXSourcesBuildPhase section */

/* Begin PBXVariantGroup section */
		FEB337D019B8555200D2C2F3 /* InfoPlist.strings */ = {
			isa = PBXVariantGroup;
			children = (
				FEB337D119B8555200D2C2F3 /* en */,
			);
			name = InfoPlist.strings;
			sourceTree = "<group>";
		};
/* End PBXVariantGroup section */

/* Begin XCBuildConfiguration section */
		FEB337EE19B8555200D2C2F3 /* Debug */ = {
			isa = XCBuildConfiguration;
			buildSettings = {
				ALWAYS_SEARCH_USER_PATHS = NO;
				CLANG_CXX_LANGUAGE_STANDARD = "gnu++0x";
				CLANG_CXX_LIBRARY = "libc++";
				CLANG_ENABLE_MODULES = YES;
				CLANG_ENABLE_OBJC_ARC = YES;
				CLANG_WARN_BOOL_CONVERSION = YES;
				CLANG_WARN_CONSTANT_CONVERSION = YES;
				CLANG_WARN_DIRECT_OBJC_ISA_USAGE = YES_ERROR;
				CLANG_WARN_EMPTY_BODY = YES;
				CLANG_WARN_ENUM_CONVERSION = YES;
				CLANG_WARN_INT_CONVERSION = YES;
				CLANG_WARN_OBJC_ROOT_CLASS = YES_ERROR;
				CLANG_WARN__DUPLICATE_METHOD_MATCH = YES;
				CODE_SIGN_IDENTITY = "iPhone Developer";
				"CODE_SIGN_IDENTITY[sdk=iphoneos*]" = "iPhone Developer";
				COPY_PHASE_STRIP = NO;
				GCC_C_LANGUAGE_STANDARD = gnu99;
				GCC_DYNAMIC_NO_PIC = NO;
				GCC_OPTIMIZATION_LEVEL = 0;
				GCC_PREPROCESSOR_DEFINITIONS = (
					"DEBUG=1",
					"$(inherited)",
				);
				GCC_SYMBOLS_PRIVATE_EXTERN = NO;
				GCC_WARN_64_TO_32_BIT_CONVERSION = YES;
				GCC_WARN_ABOUT_RETURN_TYPE = YES_ERROR;
				GCC_WARN_UNDECLARED_SELECTOR = YES;
				GCC_WARN_UNINITIALIZED_AUTOS = YES_AGGRESSIVE;
				GCC_WARN_UNUSED_FUNCTION = YES;
				GCC_WARN_UNUSED_VARIABLE = YES;
				IPHONEOS_DEPLOYMENT_TARGET = 6.0;
				ONLY_ACTIVE_ARCH = YES;
				SDKROOT = iphoneos;
				VALID_ARCHS = "i386 armv7 armv7s arm64 x86_64";
			};
			name = Debug;
		};
		FEB337EF19B8555200D2C2F3 /* Release */ = {
			isa = XCBuildConfiguration;
			buildSettings = {
				ALWAYS_SEARCH_USER_PATHS = NO;
				CLANG_CXX_LANGUAGE_STANDARD = "gnu++0x";
				CLANG_CXX_LIBRARY = "libc++";
				CLANG_ENABLE_MODULES = YES;
				CLANG_ENABLE_OBJC_ARC = YES;
				CLANG_WARN_BOOL_CONVERSION = YES;
				CLANG_WARN_CONSTANT_CONVERSION = YES;
				CLANG_WARN_DIRECT_OBJC_ISA_USAGE = YES_ERROR;
				CLANG_WARN_EMPTY_BODY = YES;
				CLANG_WARN_ENUM_CONVERSION = YES;
				CLANG_WARN_INT_CONVERSION = YES;
				CLANG_WARN_OBJC_ROOT_CLASS = YES_ERROR;
				CLANG_WARN__DUPLICATE_METHOD_MATCH = YES;
				CODE_SIGN_IDENTITY = "iPhone Developer";
				"CODE_SIGN_IDENTITY[sdk=iphoneos*]" = "iPhone Developer";
				COPY_PHASE_STRIP = YES;
				ENABLE_NS_ASSERTIONS = NO;
				GCC_C_LANGUAGE_STANDARD = gnu99;
				GCC_WARN_64_TO_32_BIT_CONVERSION = YES;
				GCC_WARN_ABOUT_RETURN_TYPE = YES_ERROR;
				GCC_WARN_UNDECLARED_SELECTOR = YES;
				GCC_WARN_UNINITIALIZED_AUTOS = YES_AGGRESSIVE;
				GCC_WARN_UNUSED_FUNCTION = YES;
				GCC_WARN_UNUSED_VARIABLE = YES;
				IPHONEOS_DEPLOYMENT_TARGET = 6.0;
				SDKROOT = iphoneos;
				VALIDATE_PRODUCT = YES;
				VALID_ARCHS = "i386 armv7 armv7s arm64 x86_64";
			};
			name = Release;
		};
		FEB337F119B8555200D2C2F3 /* Debug */ = {
			isa = XCBuildConfiguration;
			buildSettings = {
				ARCHS = "$(ARCHS_STANDARD)";
				CLANG_CXX_LANGUAGE_STANDARD = "gnu++0x";
				CLANG_CXX_LIBRARY = "libc++";
				CODE_SIGN_IDENTITY = "iPhone Developer";
				"CODE_SIGN_IDENTITY[sdk=iphoneos*]" = "iPhone Developer";
				DEVELOPMENT_TEAM = 6TZ958XNMU;
				ENABLE_BITCODE = NO;
				GCC_PRECOMPILE_PREFIX_HEADER = YES;
				GCC_PREFIX_HEADER = "AnyChatCallCenter/AnyChatCallCenter-Prefix.pch";
				HEADER_SEARCH_PATHS = (
					"$(inherited)",
					../../sdk/include,
				);
				INFOPLIST_FILE = "AnyChatCallCenter/AnyChatCallCenter-Info.plist";
				IPHONEOS_DEPLOYMENT_TARGET = 8.0;
				LD_NO_PIE = NO;
				LIBRARY_SEARCH_PATHS = (
					"$(inherited)",
					../../sdk/libs,
				);
				ONLY_ACTIVE_ARCH = NO;
				PRODUCT_BUNDLE_IDENTIFIER = com.bairuitech.AnyChatCallCenter;
				PRODUCT_NAME = "$(TARGET_NAME)";
				VALID_ARCHS = "i386 armv7 armv7s arm64 x86_64";
				WRAPPER_EXTENSION = app;
			};
			name = Debug;
		};
		FEB337F219B8555200D2C2F3 /* Release */ = {
			isa = XCBuildConfiguration;
			buildSettings = {
				ARCHS = "$(ARCHS_STANDARD)";
				CLANG_CXX_LANGUAGE_STANDARD = "gnu++0x";
				CLANG_CXX_LIBRARY = "libc++";
				CODE_SIGN_IDENTITY = "iPhone Developer";
				"CODE_SIGN_IDENTITY[sdk=iphoneos*]" = "iPhone Developer";
				DEVELOPMENT_TEAM = 6TZ958XNMU;
				ENABLE_BITCODE = NO;
				GCC_PRECOMPILE_PREFIX_HEADER = YES;
				GCC_PREFIX_HEADER = "AnyChatCallCenter/AnyChatCallCenter-Prefix.pch";
				HEADER_SEARCH_PATHS = (
					"$(inherited)",
					../../sdk/include,
				);
				INFOPLIST_FILE = "AnyChatCallCenter/AnyChatCallCenter-Info.plist";
				IPHONEOS_DEPLOYMENT_TARGET = 8.0;
				LD_NO_PIE = NO;
				LIBRARY_SEARCH_PATHS = (
					"$(inherited)",
					../../sdk/libs,
				);
				ONLY_ACTIVE_ARCH = NO;
				PRODUCT_BUNDLE_IDENTIFIER = com.bairuitech.AnyChatCallCenter;
				PRODUCT_NAME = "$(TARGET_NAME)";
				VALID_ARCHS = "i386 armv7 armv7s arm64 x86_64";
				WRAPPER_EXTENSION = app;
			};
			name = Release;
		};
/* End XCBuildConfiguration section */

/* Begin XCConfigurationList section */
		FEB337BF19B8555200D2C2F3 /* Build configuration list for PBXProject "AnyChatCallCenter" */ = {
			isa = XCConfigurationList;
			buildConfigurations = (
				FEB337EE19B8555200D2C2F3 /* Debug */,
				FEB337EF19B8555200D2C2F3 /* Release */,
			);
			defaultConfigurationIsVisible = 0;
			defaultConfigurationName = Release;
		};
		FEB337F019B8555200D2C2F3 /* Build configuration list for PBXNativeTarget "AnyChatCallCenter" */ = {
			isa = XCConfigurationList;
			buildConfigurations = (
				FEB337F119B8555200D2C2F3 /* Debug */,
				FEB337F219B8555200D2C2F3 /* Release */,
			);
			defaultConfigurationIsVisible = 0;
			defaultConfigurationName = Release;
		};
/* End XCConfigurationList section */
	};
	rootObject = FEB337BC19B8555200D2C2F3 /* Project object */;
}
