// !$*UTF8*$!
{
	archiveVersion = 1;
	classes = {
	};
	objectVersion = 46;
	objects = {

/* Begin PBXBuildFile section */
		043DC10E21B660E5007FACE2 /* icon_signserver@2x.png in Resources */ = {isa = PBXBuildFile; fileRef = 043DC10D21B660E5007FACE2 /* icon_signserver@2x.png */; };
		098DF2401EA7436C00FB36FA /* VideoToolbox.framework in Frameworks */ = {isa = PBXBuildFile; fileRef = 098DF23F1EA7436C00FB36FA /* VideoToolbox.framework */; };
		CFD00A0C2306605100686156 /* Launch Screen.storyboard in Resources */ = {isa = PBXBuildFile; fileRef = CFD00A0B2306605000686156 /* Launch Screen.storyboard */; };
		F3D5DAA124653B5A00E74CB3 /* AnyChatCoreSDK.framework in Frameworks */ = {isa = PBXBuildFile; fileRef = F3D5DAA024653B5A00E74CB3 /* AnyChatCoreSDK.framework */; };
		F84AE89A22C304C6004CD66F /* IQNSArray+Sort.m in Sources */ = {isa = PBXBuildFile; fileRef = F84AE87922C304C6004CD66F /* IQNSArray+Sort.m */; };
		F84AE89B22C304C6004CD66F /* IQUIScrollView+Additions.m in Sources */ = {isa = PBXBuildFile; fileRef = F84AE87B22C304C6004CD66F /* IQUIScrollView+Additions.m */; };
		F84AE89C22C304C6004CD66F /* IQUITextFieldView+Additions.m in Sources */ = {isa = PBXBuildFile; fileRef = F84AE87D22C304C6004CD66F /* IQUITextFieldView+Additions.m */; };
		F84AE89D22C304C6004CD66F /* IQUIView+Hierarchy.m in Sources */ = {isa = PBXBuildFile; fileRef = F84AE87F22C304C6004CD66F /* IQUIView+Hierarchy.m */; };
		F84AE89E22C304C6004CD66F /* IQUIViewController+Additions.m in Sources */ = {isa = PBXBuildFile; fileRef = F84AE88122C304C6004CD66F /* IQUIViewController+Additions.m */; };
		F84AE89F22C304C6004CD66F /* IQKeyboardManager.m in Sources */ = {isa = PBXBuildFile; fileRef = F84AE88622C304C6004CD66F /* IQKeyboardManager.m */; };
		F84AE8A022C304C6004CD66F /* IQKeyboardReturnKeyHandler.m in Sources */ = {isa = PBXBuildFile; fileRef = F84AE88822C304C6004CD66F /* IQKeyboardReturnKeyHandler.m */; };
		F84AE8A122C304C6004CD66F /* IQTextView.m in Sources */ = {isa = PBXBuildFile; fileRef = F84AE88B22C304C6004CD66F /* IQTextView.m */; };
		F84AE8A222C304C6004CD66F /* IQBarButtonItem.m in Sources */ = {isa = PBXBuildFile; fileRef = F84AE88E22C304C6004CD66F /* IQBarButtonItem.m */; };
		F84AE8A322C304C6004CD66F /* IQPreviousNextView.m in Sources */ = {isa = PBXBuildFile; fileRef = F84AE89022C304C6004CD66F /* IQPreviousNextView.m */; };
		F84AE8A422C304C6004CD66F /* IQTitleBarButtonItem.m in Sources */ = {isa = PBXBuildFile; fileRef = F84AE89222C304C6004CD66F /* IQTitleBarButtonItem.m */; };
		F84AE8A522C304C6004CD66F /* IQToolbar.m in Sources */ = {isa = PBXBuildFile; fileRef = F84AE89422C304C6004CD66F /* IQToolbar.m */; };
		F84AE8A622C304C6004CD66F /* IQUIView+IQKeyboardToolbar.m in Sources */ = {isa = PBXBuildFile; fileRef = F84AE89622C304C6004CD66F /* IQUIView+IQKeyboardToolbar.m */; };
		F84AE8A722C304C6004CD66F /* IQKeyboardManager.bundle in Resources */ = {isa = PBXBuildFile; fileRef = F84AE89822C304C6004CD66F /* IQKeyboardManager.bundle */; };
		F84AE8A822C304C6004CD66F /* UIView+AdaptScreen.m in Sources */ = {isa = PBXBuildFile; fileRef = F84AE89922C304C6004CD66F /* UIView+AdaptScreen.m */; };
		F84AE8AB22C304DA004CD66F /* ACBaseViewController.m in Sources */ = {isa = PBXBuildFile; fileRef = F84AE8A922C304DA004CD66F /* ACBaseViewController.m */; };
		F854CEFD21474DC4002FC106 /* libc++.tbd in Frameworks */ = {isa = PBXBuildFile; fileRef = F854CEFC21474DC4002FC106 /* libc++.tbd */; };
		F854CF5A214758F9002FC106 /* libz.tbd in Frameworks */ = {isa = PBXBuildFile; fileRef = 09558B751ECDBCA900D966CE /* libz.tbd */; };
		F88FC36422E069B800A58B31 /* UINavigationController+DeviceOrientataion.m in Sources */ = {isa = PBXBuildFile; fileRef = F88FC36222E069B700A58B31 /* UINavigationController+DeviceOrientataion.m */; };
		F8D082322150EE66002B0DAC /* DetailVC.xib in Resources */ = {isa = PBXBuildFile; fileRef = F8D0822A2150EE66002B0DAC /* DetailVC.xib */; };
		F8D082332150EE66002B0DAC /* VideoSettings.plist in Resources */ = {isa = PBXBuildFile; fileRef = F8D0822B2150EE66002B0DAC /* VideoSettings.plist */; };
		F8D082342150EE66002B0DAC /* SettingVC.m in Sources */ = {isa = PBXBuildFile; fileRef = F8D0822C2150EE66002B0DAC /* SettingVC.m */; };
		F8D082352150EE66002B0DAC /* UserVideoSettings.plist in Resources */ = {isa = PBXBuildFile; fileRef = F8D0822D2150EE66002B0DAC /* UserVideoSettings.plist */; };
		F8D082362150EE66002B0DAC /* DetailVC.m in Sources */ = {isa = PBXBuildFile; fileRef = F8D0822F2150EE66002B0DAC /* DetailVC.m */; };
		F8D082372150EE66002B0DAC /* SettingVC.xib in Resources */ = {isa = PBXBuildFile; fileRef = F8D082312150EE66002B0DAC /* SettingVC.xib */; };
		F8D0825D2150EEB1002B0DAC /* bg.png in Resources */ = {isa = PBXBuildFile; fileRef = F8D082392150EEB1002B0DAC /* bg.png */; };
		F8D0825E2150EEB1002B0DAC /* bg_video-568h@2x.png in Resources */ = {isa = PBXBuildFile; fileRef = F8D0823A2150EEB1002B0DAC /* bg_video-568h@2x.png */; };
		F8D0825F2150EEB1002B0DAC /* bg_video@2x.png in Resources */ = {isa = PBXBuildFile; fileRef = F8D0823B2150EEB1002B0DAC /* bg_video@2x.png */; };
		F8D082602150EEB1002B0DAC /* btn_login_01.png in Resources */ = {isa = PBXBuildFile; fileRef = F8D0823C2150EEB1002B0DAC /* btn_login_01.png */; };
		F8D082612150EEB1002B0DAC /* btn_logout_01.png in Resources */ = {isa = PBXBuildFile; fileRef = F8D0823D2150EEB1002B0DAC /* btn_logout_01.png */; };
		F8D082622150EEB1002B0DAC /* cell_01.png in Resources */ = {isa = PBXBuildFile; fileRef = F8D0823E2150EEB1002B0DAC /* cell_01.png */; };
		F8D082632150EEB1002B0DAC /* Default-568h@2x.png in Resources */ = {isa = PBXBuildFile; fileRef = F8D0823F2150EEB1002B0DAC /* Default-568h@2x.png */; };
		F8D082642150EEB1002B0DAC /* Default@2x.png in Resources */ = {isa = PBXBuildFile; fileRef = F8D082402150EEB1002B0DAC /* Default@2x.png */; };
		F8D082652150EEB1002B0DAC /* 1.png in Resources */ = {isa = PBXBuildFile; fileRef = F8D082422150EEB1002B0DAC /* 1.png */; };
		F8D082662150EEB1002B0DAC /* 2.png in Resources */ = {isa = PBXBuildFile; fileRef = F8D082432150EEB1002B0DAC /* 2.png */; };
		F8D082672150EEB1002B0DAC /* 3.png in Resources */ = {isa = PBXBuildFile; fileRef = F8D082442150EEB1002B0DAC /* 3.png */; };
		F8D082682150EEB1002B0DAC /* 4.png in Resources */ = {isa = PBXBuildFile; fileRef = F8D082452150EEB1002B0DAC /* 4.png */; };
		F8D082692150EEB1002B0DAC /* 5.png in Resources */ = {isa = PBXBuildFile; fileRef = F8D082462150EEB1002B0DAC /* 5.png */; };
		F8D0826A2150EEB1002B0DAC /* Icon@2x.png in Resources */ = {isa = PBXBuildFile; fileRef = F8D082472150EEB1002B0DAC /* Icon@2x.png */; };
		F8D0826B2150EEB1002B0DAC /* Icon_box@2x.png in Resources */ = {isa = PBXBuildFile; fileRef = F8D082482150EEB1002B0DAC /* Icon_box@2x.png */; };
		F8D0826C2150EEB1002B0DAC /* Icon_box@3x.png in Resources */ = {isa = PBXBuildFile; fileRef = F8D082492150EEB1002B0DAC /* Icon_box@3x.png */; };
		F8D0826D2150EEB1002B0DAC /* Icon_guid.png in Resources */ = {isa = PBXBuildFile; fileRef = F8D0824A2150EEB1002B0DAC /* Icon_guid.png */; };
		F8D0826E2150EEB1002B0DAC /* Icon_ip.png in Resources */ = {isa = PBXBuildFile; fileRef = F8D0824B2150EEB1002B0DAC /* Icon_ip.png */; };
		F8D0826F2150EEB1002B0DAC /* Icon_name.png in Resources */ = {isa = PBXBuildFile; fileRef = F8D0824C2150EEB1002B0DAC /* Icon_name.png */; };
		F8D082702150EEB1002B0DAC /* Icon_port.png in Resources */ = {isa = PBXBuildFile; fileRef = F8D0824D2150EEB1002B0DAC /* Icon_port.png */; };
		F8D082712150EEB1002B0DAC /* Icon_room.png in Resources */ = {isa = PBXBuildFile; fileRef = F8D0824E2150EEB1002B0DAC /* Icon_room.png */; };
		F8D082722150EEB1002B0DAC /* checked.png in Resources */ = {isa = PBXBuildFile; fileRef = F8D082502150EEB1002B0DAC /* checked.png */; };
		F8D082732150EEB1002B0DAC /* checked@2x.png in Resources */ = {isa = PBXBuildFile; fileRef = F8D082512150EEB1002B0DAC /* checked@2x.png */; };
		F8D082742150EEB1002B0DAC /* unchecked.png in Resources */ = {isa = PBXBuildFile; fileRef = F8D082522150EEB1002B0DAC /* unchecked.png */; };
		F8D082752150EEB1002B0DAC /* unchecked@2x.png in Resources */ = {isa = PBXBuildFile; fileRef = F8D082532150EEB1002B0DAC /* unchecked@2x.png */; };
		F8D082762150EEB1002B0DAC /* bg_video_footer.png in Resources */ = {isa = PBXBuildFile; fileRef = F8D082552150EEB1002B0DAC /* bg_video_footer.png */; };
		F8D082772150EEB1002B0DAC /* Icon_camera.png in Resources */ = {isa = PBXBuildFile; fileRef = F8D082562150EEB1002B0DAC /* Icon_camera.png */; };
		F8D082782150EEB1002B0DAC /* Icon_camera_w.png in Resources */ = {isa = PBXBuildFile; fileRef = F8D082572150EEB1002B0DAC /* Icon_camera_w.png */; };
		F8D082792150EEB1002B0DAC /* Icon_camera_w_b.png in Resources */ = {isa = PBXBuildFile; fileRef = F8D082582150EEB1002B0DAC /* Icon_camera_w_b.png */; };
		F8D0827A2150EEB1002B0DAC /* Icon_EndCall.png in Resources */ = {isa = PBXBuildFile; fileRef = F8D082592150EEB1002B0DAC /* Icon_EndCall.png */; };
		F8D0827B2150EEB1002B0DAC /* Icon_noCamera.png in Resources */ = {isa = PBXBuildFile; fileRef = F8D0825A2150EEB1002B0DAC /* Icon_noCamera.png */; };
		F8D0827C2150EEB1002B0DAC /* Icon_noVoice.png in Resources */ = {isa = PBXBuildFile; fileRef = F8D0825B2150EEB1002B0DAC /* Icon_noVoice.png */; };
		F8D0827D2150EEB1002B0DAC /* Icon_voice.png in Resources */ = {isa = PBXBuildFile; fileRef = F8D0825C2150EEB1002B0DAC /* Icon_voice.png */; };
		FB3679A819D8453E008D9C5E /* VideoViewController.xib in Resources */ = {isa = PBXBuildFile; fileRef = FB3679A719D8453E008D9C5E /* VideoViewController.xib */; };
		FE1B2E7519C692F300773FE6 /* VideoViewController.m in Sources */ = {isa = PBXBuildFile; fileRef = FE1B2E7319C692F300773FE6 /* VideoViewController.m */; };
		FE85404619D515A800253FA0 /* tableVCell.xib in Resources */ = {isa = PBXBuildFile; fileRef = FE85404519D515A800253FA0 /* tableVCell.xib */; };
		FE94CE3F1C634C6400D199DE /* AFHTTPSessionManager.m in Sources */ = {isa = PBXBuildFile; fileRef = FE94CE2D1C634C6400D199DE /* AFHTTPSessionManager.m */; };
		FE94CE401C634C6400D199DE /* AFNetworkReachabilityManager.m in Sources */ = {isa = PBXBuildFile; fileRef = FE94CE301C634C6400D199DE /* AFNetworkReachabilityManager.m */; };
		FE94CE411C634C6400D199DE /* AFSecurityPolicy.m in Sources */ = {isa = PBXBuildFile; fileRef = FE94CE321C634C6400D199DE /* AFSecurityPolicy.m */; };
		FE94CE421C634C6400D199DE /* AFURLRequestSerialization.m in Sources */ = {isa = PBXBuildFile; fileRef = FE94CE341C634C6400D199DE /* AFURLRequestSerialization.m */; };
		FE94CE431C634C6400D199DE /* AFURLResponseSerialization.m in Sources */ = {isa = PBXBuildFile; fileRef = FE94CE361C634C6400D199DE /* AFURLResponseSerialization.m */; };
		FE94CE441C634C6400D199DE /* AFURLSessionManager.m in Sources */ = {isa = PBXBuildFile; fileRef = FE94CE381C634C6400D199DE /* AFURLSessionManager.m */; };
		FE94CE451C634C6400D199DE /* MBProgressHUD.m in Sources */ = {isa = PBXBuildFile; fileRef = FE94CE3B1C634C6400D199DE /* MBProgressHUD.m */; };
		FE94CE461C634C6400D199DE /* RadioButton.m in Sources */ = {isa = PBXBuildFile; fileRef = FE94CE3E1C634C6400D199DE /* RadioButton.m */; };
		FEBBA25B19C2CC0B009EE02C /* InfoPlist.strings in Resources */ = {isa = PBXBuildFile; fileRef = FEBBA25919C2CC0B009EE02C /* InfoPlist.strings */; };
		FEBBA25D19C2CC0B009EE02C /* main.m in Sources */ = {isa = PBXBuildFile; fileRef = FEBBA25C19C2CC0B009EE02C /* main.m */; };
		FEBBA26119C2CC0B009EE02C /* AppDelegate.m in Sources */ = {isa = PBXBuildFile; fileRef = FEBBA26019C2CC0B009EE02C /* AppDelegate.m */; };
		FEBBA2BA19C2CF67009EE02C /* AnyChatViewController.m in Sources */ = {isa = PBXBuildFile; fileRef = FEBBA2B819C2CF67009EE02C /* AnyChatViewController.m */; };
		FEBBA2BB19C2CF67009EE02C /* AnyChatViewController.xib in Resources */ = {isa = PBXBuildFile; fileRef = FEBBA2B919C2CF67009EE02C /* AnyChatViewController.xib */; };
		FECFA0081C211320002777D9 /* Images.xcassets in Resources */ = {isa = PBXBuildFile; fileRef = FECFA0071C211320002777D9 /* Images.xcassets */; };
/* End PBXBuildFile section */

/* Begin PBXFileReference section */
		043DC10D21B660E5007FACE2 /* icon_signserver@2x.png */ = {isa = PBXFileReference; lastKnownFileType = image.png; path = "icon_signserver@2x.png"; sourceTree = "<group>"; };
		09558B751ECDBCA900D966CE /* libz.tbd */ = {isa = PBXFileReference; lastKnownFileType = "sourcecode.text-based-dylib-definition"; name = libz.tbd; path = usr/lib/libz.tbd; sourceTree = SDKROOT; };
		098DF23F1EA7436C00FB36FA /* VideoToolbox.framework */ = {isa = PBXFileReference; lastKnownFileType = wrapper.framework; name = VideoToolbox.framework; path = System/Library/Frameworks/VideoToolbox.framework; sourceTree = SDKROOT; };
		CFD00A0B2306605000686156 /* Launch Screen.storyboard */ = {isa = PBXFileReference; fileEncoding = 4; lastKnownFileType = file.storyboard; path = "Launch Screen.storyboard"; sourceTree = "<group>"; };
		F3D5DAA024653B5A00E74CB3 /* AnyChatCoreSDK.framework */ = {isa = PBXFileReference; lastKnownFileType = wrapper.framework; path = AnyChatCoreSDK.framework; sourceTree = "<group>"; };
		F84AE87522C304C6004CD66F /* UIView+AdaptScreen.h */ = {isa = PBXFileReference; fileEncoding = 4; lastKnownFileType = sourcecode.c.h; path = "UIView+AdaptScreen.h"; sourceTree = "<group>"; };
		F84AE87822C304C6004CD66F /* IQNSArray+Sort.h */ = {isa = PBXFileReference; fileEncoding = 4; lastKnownFileType = sourcecode.c.h; path = "IQNSArray+Sort.h"; sourceTree = "<group>"; };
		F84AE87922C304C6004CD66F /* IQNSArray+Sort.m */ = {isa = PBXFileReference; fileEncoding = 4; lastKnownFileType = sourcecode.c.objc; path = "IQNSArray+Sort.m"; sourceTree = "<group>"; };
		F84AE87A22C304C6004CD66F /* IQUIScrollView+Additions.h */ = {isa = PBXFileReference; fileEncoding = 4; lastKnownFileType = sourcecode.c.h; path = "IQUIScrollView+Additions.h"; sourceTree = "<group>"; };
		F84AE87B22C304C6004CD66F /* IQUIScrollView+Additions.m */ = {isa = PBXFileReference; fileEncoding = 4; lastKnownFileType = sourcecode.c.objc; path = "IQUIScrollView+Additions.m"; sourceTree = "<group>"; };
		F84AE87C22C304C6004CD66F /* IQUITextFieldView+Additions.h */ = {isa = PBXFileReference; fileEncoding = 4; lastKnownFileType = sourcecode.c.h; path = "IQUITextFieldView+Additions.h"; sourceTree = "<group>"; };
		F84AE87D22C304C6004CD66F /* IQUITextFieldView+Additions.m */ = {isa = PBXFileReference; fileEncoding = 4; lastKnownFileType = sourcecode.c.objc; path = "IQUITextFieldView+Additions.m"; sourceTree = "<group>"; };
		F84AE87E22C304C6004CD66F /* IQUIView+Hierarchy.h */ = {isa = PBXFileReference; fileEncoding = 4; lastKnownFileType = sourcecode.c.h; path = "IQUIView+Hierarchy.h"; sourceTree = "<group>"; };
		F84AE87F22C304C6004CD66F /* IQUIView+Hierarchy.m */ = {isa = PBXFileReference; fileEncoding = 4; lastKnownFileType = sourcecode.c.objc; path = "IQUIView+Hierarchy.m"; sourceTree = "<group>"; };
		F84AE88022C304C6004CD66F /* IQUIViewController+Additions.h */ = {isa = PBXFileReference; fileEncoding = 4; lastKnownFileType = sourcecode.c.h; path = "IQUIViewController+Additions.h"; sourceTree = "<group>"; };
		F84AE88122C304C6004CD66F /* IQUIViewController+Additions.m */ = {isa = PBXFileReference; fileEncoding = 4; lastKnownFileType = sourcecode.c.objc; path = "IQUIViewController+Additions.m"; sourceTree = "<group>"; };
		F84AE88322C304C6004CD66F /* IQKeyboardManagerConstants.h */ = {isa = PBXFileReference; fileEncoding = 4; lastKnownFileType = sourcecode.c.h; path = IQKeyboardManagerConstants.h; sourceTree = "<group>"; };
		F84AE88422C304C6004CD66F /* IQKeyboardManagerConstantsInternal.h */ = {isa = PBXFileReference; fileEncoding = 4; lastKnownFileType = sourcecode.c.h; path = IQKeyboardManagerConstantsInternal.h; sourceTree = "<group>"; };
		F84AE88522C304C6004CD66F /* IQKeyboardManager.h */ = {isa = PBXFileReference; fileEncoding = 4; lastKnownFileType = sourcecode.c.h; path = IQKeyboardManager.h; sourceTree = "<group>"; };
		F84AE88622C304C6004CD66F /* IQKeyboardManager.m */ = {isa = PBXFileReference; fileEncoding = 4; lastKnownFileType = sourcecode.c.objc; path = IQKeyboardManager.m; sourceTree = "<group>"; };
		F84AE88722C304C6004CD66F /* IQKeyboardReturnKeyHandler.h */ = {isa = PBXFileReference; fileEncoding = 4; lastKnownFileType = sourcecode.c.h; path = IQKeyboardReturnKeyHandler.h; sourceTree = "<group>"; };
		F84AE88822C304C6004CD66F /* IQKeyboardReturnKeyHandler.m */ = {isa = PBXFileReference; fileEncoding = 4; lastKnownFileType = sourcecode.c.objc; path = IQKeyboardReturnKeyHandler.m; sourceTree = "<group>"; };
		F84AE88A22C304C6004CD66F /* IQTextView.h */ = {isa = PBXFileReference; fileEncoding = 4; lastKnownFileType = sourcecode.c.h; path = IQTextView.h; sourceTree = "<group>"; };
		F84AE88B22C304C6004CD66F /* IQTextView.m */ = {isa = PBXFileReference; fileEncoding = 4; lastKnownFileType = sourcecode.c.objc; path = IQTextView.m; sourceTree = "<group>"; };
		F84AE88D22C304C6004CD66F /* IQBarButtonItem.h */ = {isa = PBXFileReference; fileEncoding = 4; lastKnownFileType = sourcecode.c.h; path = IQBarButtonItem.h; sourceTree = "<group>"; };
		F84AE88E22C304C6004CD66F /* IQBarButtonItem.m */ = {isa = PBXFileReference; fileEncoding = 4; lastKnownFileType = sourcecode.c.objc; path = IQBarButtonItem.m; sourceTree = "<group>"; };
		F84AE88F22C304C6004CD66F /* IQPreviousNextView.h */ = {isa = PBXFileReference; fileEncoding = 4; lastKnownFileType = sourcecode.c.h; path = IQPreviousNextView.h; sourceTree = "<group>"; };
		F84AE89022C304C6004CD66F /* IQPreviousNextView.m */ = {isa = PBXFileReference; fileEncoding = 4; lastKnownFileType = sourcecode.c.objc; path = IQPreviousNextView.m; sourceTree = "<group>"; };
		F84AE89122C304C6004CD66F /* IQTitleBarButtonItem.h */ = {isa = PBXFileReference; fileEncoding = 4; lastKnownFileType = sourcecode.c.h; path = IQTitleBarButtonItem.h; sourceTree = "<group>"; };
		F84AE89222C304C6004CD66F /* IQTitleBarButtonItem.m */ = {isa = PBXFileReference; fileEncoding = 4; lastKnownFileType = sourcecode.c.objc; path = IQTitleBarButtonItem.m; sourceTree = "<group>"; };
		F84AE89322C304C6004CD66F /* IQToolbar.h */ = {isa = PBXFileReference; fileEncoding = 4; lastKnownFileType = sourcecode.c.h; path = IQToolbar.h; sourceTree = "<group>"; };
		F84AE89422C304C6004CD66F /* IQToolbar.m */ = {isa = PBXFileReference; fileEncoding = 4; lastKnownFileType = sourcecode.c.objc; path = IQToolbar.m; sourceTree = "<group>"; };
		F84AE89522C304C6004CD66F /* IQUIView+IQKeyboardToolbar.h */ = {isa = PBXFileReference; fileEncoding = 4; lastKnownFileType = sourcecode.c.h; path = "IQUIView+IQKeyboardToolbar.h"; sourceTree = "<group>"; };
		F84AE89622C304C6004CD66F /* IQUIView+IQKeyboardToolbar.m */ = {isa = PBXFileReference; fileEncoding = 4; lastKnownFileType = sourcecode.c.objc; path = "IQUIView+IQKeyboardToolbar.m"; sourceTree = "<group>"; };
		F84AE89822C304C6004CD66F /* IQKeyboardManager.bundle */ = {isa = PBXFileReference; lastKnownFileType = "wrapper.plug-in"; path = IQKeyboardManager.bundle; sourceTree = "<group>"; };
		F84AE89922C304C6004CD66F /* UIView+AdaptScreen.m */ = {isa = PBXFileReference; fileEncoding = 4; lastKnownFileType = sourcecode.c.objc; path = "UIView+AdaptScreen.m"; sourceTree = "<group>"; };
		F84AE8A922C304DA004CD66F /* ACBaseViewController.m */ = {isa = PBXFileReference; fileEncoding = 4; lastKnownFileType = sourcecode.c.objc; path = ACBaseViewController.m; sourceTree = "<group>"; };
		F84AE8AA22C304DA004CD66F /* ACBaseViewController.h */ = {isa = PBXFileReference; fileEncoding = 4; lastKnownFileType = sourcecode.c.h; path = ACBaseViewController.h; sourceTree = "<group>"; };
		F854CEFC21474DC4002FC106 /* libc++.tbd */ = {isa = PBXFileReference; lastKnownFileType = "sourcecode.text-based-dylib-definition"; name = "libc++.tbd"; path = "usr/lib/libc++.tbd"; sourceTree = SDKROOT; };
		F88FC36222E069B700A58B31 /* UINavigationController+DeviceOrientataion.m */ = {isa = PBXFileReference; fileEncoding = 4; lastKnownFileType = sourcecode.c.objc; path = "UINavigationController+DeviceOrientataion.m"; sourceTree = "<group>"; };
		F88FC36322E069B700A58B31 /* UINavigationController+DeviceOrientataion.h */ = {isa = PBXFileReference; fileEncoding = 4; lastKnownFileType = sourcecode.c.h; path = "UINavigationController+DeviceOrientataion.h"; sourceTree = "<group>"; };
		F8D0822A2150EE66002B0DAC /* DetailVC.xib */ = {isa = PBXFileReference; fileEncoding = 4; lastKnownFileType = file.xib; name = DetailVC.xib; path = helloAnyChatCloud/DetailVC.xib; sourceTree = "<group>"; };
		F8D0822B2150EE66002B0DAC /* VideoSettings.plist */ = {isa = PBXFileReference; fileEncoding = 4; lastKnownFileType = text.plist.xml; name = VideoSettings.plist; path = helloAnyChatCloud/VideoSettings.plist; sourceTree = "<group>"; };
		F8D0822C2150EE66002B0DAC /* SettingVC.m */ = {isa = PBXFileReference; fileEncoding = 4; lastKnownFileType = sourcecode.c.objc; name = SettingVC.m; path = helloAnyChatCloud/SettingVC.m; sourceTree = "<group>"; };
		F8D0822D2150EE66002B0DAC /* UserVideoSettings.plist */ = {isa = PBXFileReference; fileEncoding = 4; lastKnownFileType = text.plist.xml; name = UserVideoSettings.plist; path = helloAnyChatCloud/UserVideoSettings.plist; sourceTree = "<group>"; };
		F8D0822E2150EE66002B0DAC /* SettingVC.h */ = {isa = PBXFileReference; fileEncoding = 4; lastKnownFileType = sourcecode.c.h; name = SettingVC.h; path = helloAnyChatCloud/SettingVC.h; sourceTree = "<group>"; };
		F8D0822F2150EE66002B0DAC /* DetailVC.m */ = {isa = PBXFileReference; fileEncoding = 4; lastKnownFileType = sourcecode.c.objc; name = DetailVC.m; path = helloAnyChatCloud/DetailVC.m; sourceTree = "<group>"; };
		F8D082302150EE66002B0DAC /* DetailVC.h */ = {isa = PBXFileReference; fileEncoding = 4; lastKnownFileType = sourcecode.c.h; name = DetailVC.h; path = helloAnyChatCloud/DetailVC.h; sourceTree = "<group>"; };
		F8D082312150EE66002B0DAC /* SettingVC.xib */ = {isa = PBXFileReference; fileEncoding = 4; lastKnownFileType = file.xib; name = SettingVC.xib; path = helloAnyChatCloud/SettingVC.xib; sourceTree = "<group>"; };
		F8D082392150EEB1002B0DAC /* bg.png */ = {isa = PBXFileReference; lastKnownFileType = image.png; path = bg.png; sourceTree = "<group>"; };
		F8D0823A2150EEB1002B0DAC /* bg_video-568h@2x.png */ = {isa = PBXFileReference; lastKnownFileType = image.png; path = "bg_video-568h@2x.png"; sourceTree = "<group>"; };
		F8D0823B2150EEB1002B0DAC /* bg_video@2x.png */ = {isa = PBXFileReference; lastKnownFileType = image.png; path = "bg_video@2x.png"; sourceTree = "<group>"; };
		F8D0823C2150EEB1002B0DAC /* btn_login_01.png */ = {isa = PBXFileReference; lastKnownFileType = image.png; path = btn_login_01.png; sourceTree = "<group>"; };
		F8D0823D2150EEB1002B0DAC /* btn_logout_01.png */ = {isa = PBXFileReference; lastKnownFileType = image.png; path = btn_logout_01.png; sourceTree = "<group>"; };
		F8D0823E2150EEB1002B0DAC /* cell_01.png */ = {isa = PBXFileReference; lastKnownFileType = image.png; path = cell_01.png; sourceTree = "<group>"; };
		F8D0823F2150EEB1002B0DAC /* Default-568h@2x.png */ = {isa = PBXFileReference; lastKnownFileType = image.png; path = "Default-568h@2x.png"; sourceTree = "<group>"; };
		F8D082402150EEB1002B0DAC /* Default@2x.png */ = {isa = PBXFileReference; lastKnownFileType = image.png; path = "Default@2x.png"; sourceTree = "<group>"; };
		F8D082422150EEB1002B0DAC /* 1.png */ = {isa = PBXFileReference; lastKnownFileType = image.png; path = 1.png; sourceTree = "<group>"; };
		F8D082432150EEB1002B0DAC /* 2.png */ = {isa = PBXFileReference; lastKnownFileType = image.png; path = 2.png; sourceTree = "<group>"; };
		F8D082442150EEB1002B0DAC /* 3.png */ = {isa = PBXFileReference; lastKnownFileType = image.png; path = 3.png; sourceTree = "<group>"; };
		F8D082452150EEB1002B0DAC /* 4.png */ = {isa = PBXFileReference; lastKnownFileType = image.png; path = 4.png; sourceTree = "<group>"; };
		F8D082462150EEB1002B0DAC /* 5.png */ = {isa = PBXFileReference; lastKnownFileType = image.png; path = 5.png; sourceTree = "<group>"; };
		F8D082472150EEB1002B0DAC /* Icon@2x.png */ = {isa = PBXFileReference; lastKnownFileType = image.png; path = "Icon@2x.png"; sourceTree = "<group>"; };
		F8D082482150EEB1002B0DAC /* Icon_box@2x.png */ = {isa = PBXFileReference; lastKnownFileType = image.png; path = "Icon_box@2x.png"; sourceTree = "<group>"; };
		F8D082492150EEB1002B0DAC /* Icon_box@3x.png */ = {isa = PBXFileReference; lastKnownFileType = image.png; path = "Icon_box@3x.png"; sourceTree = "<group>"; };
		F8D0824A2150EEB1002B0DAC /* Icon_guid.png */ = {isa = PBXFileReference; lastKnownFileType = image.png; path = Icon_guid.png; sourceTree = "<group>"; };
		F8D0824B2150EEB1002B0DAC /* Icon_ip.png */ = {isa = PBXFileReference; lastKnownFileType = image.png; path = Icon_ip.png; sourceTree = "<group>"; };
		F8D0824C2150EEB1002B0DAC /* Icon_name.png */ = {isa = PBXFileReference; lastKnownFileType = image.png; path = Icon_name.png; sourceTree = "<group>"; };
		F8D0824D2150EEB1002B0DAC /* Icon_port.png */ = {isa = PBXFileReference; lastKnownFileType = image.png; path = Icon_port.png; sourceTree = "<group>"; };
		F8D0824E2150EEB1002B0DAC /* Icon_room.png */ = {isa = PBXFileReference; lastKnownFileType = image.png; path = Icon_room.png; sourceTree = "<group>"; };
		F8D082502150EEB1002B0DAC /* checked.png */ = {isa = PBXFileReference; lastKnownFileType = image.png; path = checked.png; sourceTree = "<group>"; };
		F8D082512150EEB1002B0DAC /* checked@2x.png */ = {isa = PBXFileReference; lastKnownFileType = image.png; path = "checked@2x.png"; sourceTree = "<group>"; };
		F8D082522150EEB1002B0DAC /* unchecked.png */ = {isa = PBXFileReference; lastKnownFileType = image.png; path = unchecked.png; sourceTree = "<group>"; };
		F8D082532150EEB1002B0DAC /* unchecked@2x.png */ = {isa = PBXFileReference; lastKnownFileType = image.png; path = "unchecked@2x.png"; sourceTree = "<group>"; };
		F8D082552150EEB1002B0DAC /* bg_video_footer.png */ = {isa = PBXFileReference; lastKnownFileType = image.png; path = bg_video_footer.png; sourceTree = "<group>"; };
		F8D082562150EEB1002B0DAC /* Icon_camera.png */ = {isa = PBXFileReference; lastKnownFileType = image.png; path = Icon_camera.png; sourceTree = "<group>"; };
		F8D082572150EEB1002B0DAC /* Icon_camera_w.png */ = {isa = PBXFileReference; lastKnownFileType = image.png; path = Icon_camera_w.png; sourceTree = "<group>"; };
		F8D082582150EEB1002B0DAC /* Icon_camera_w_b.png */ = {isa = PBXFileReference; lastKnownFileType = image.png; path = Icon_camera_w_b.png; sourceTree = "<group>"; };
		F8D082592150EEB1002B0DAC /* Icon_EndCall.png */ = {isa = PBXFileReference; lastKnownFileType = image.png; path = Icon_EndCall.png; sourceTree = "<group>"; };
		F8D0825A2150EEB1002B0DAC /* Icon_noCamera.png */ = {isa = PBXFileReference; lastKnownFileType = image.png; path = Icon_noCamera.png; sourceTree = "<group>"; };
		F8D0825B2150EEB1002B0DAC /* Icon_noVoice.png */ = {isa = PBXFileReference; lastKnownFileType = image.png; path = Icon_noVoice.png; sourceTree = "<group>"; };
		F8D0825C2150EEB1002B0DAC /* Icon_voice.png */ = {isa = PBXFileReference; lastKnownFileType = image.png; path = Icon_voice.png; sourceTree = "<group>"; };
		FB3679A719D8453E008D9C5E /* VideoViewController.xib */ = {isa = PBXFileReference; fileEncoding = 4; lastKnownFileType = file.xib; path = VideoViewController.xib; sourceTree = "<group>"; };
		FE1B2E7219C692F300773FE6 /* VideoViewController.h */ = {isa = PBXFileReference; fileEncoding = 4; lastKnownFileType = sourcecode.c.h; path = VideoViewController.h; sourceTree = "<group>"; };
		FE1B2E7319C692F300773FE6 /* VideoViewController.m */ = {isa = PBXFileReference; fileEncoding = 4; lastKnownFileType = sourcecode.c.objc; lineEnding = 0; path = VideoViewController.m; sourceTree = "<group>"; xcLanguageSpecificationIdentifier = xcode.lang.objc; };
		FE85404519D515A800253FA0 /* tableVCell.xib */ = {isa = PBXFileReference; fileEncoding = 4; lastKnownFileType = file.xib; path = tableVCell.xib; sourceTree = "<group>"; };
		FE94CE2C1C634C6400D199DE /* AFHTTPSessionManager.h */ = {isa = PBXFileReference; fileEncoding = 4; lastKnownFileType = sourcecode.c.h; path = AFHTTPSessionManager.h; sourceTree = "<group>"; };
		FE94CE2D1C634C6400D199DE /* AFHTTPSessionManager.m */ = {isa = PBXFileReference; fileEncoding = 4; lastKnownFileType = sourcecode.c.objc; path = AFHTTPSessionManager.m; sourceTree = "<group>"; };
		FE94CE2E1C634C6400D199DE /* AFNetworking.h */ = {isa = PBXFileReference; fileEncoding = 4; lastKnownFileType = sourcecode.c.h; path = AFNetworking.h; sourceTree = "<group>"; };
		FE94CE2F1C634C6400D199DE /* AFNetworkReachabilityManager.h */ = {isa = PBXFileReference; fileEncoding = 4; lastKnownFileType = sourcecode.c.h; path = AFNetworkReachabilityManager.h; sourceTree = "<group>"; };
		FE94CE301C634C6400D199DE /* AFNetworkReachabilityManager.m */ = {isa = PBXFileReference; fileEncoding = 4; lastKnownFileType = sourcecode.c.objc; path = AFNetworkReachabilityManager.m; sourceTree = "<group>"; };
		FE94CE311C634C6400D199DE /* AFSecurityPolicy.h */ = {isa = PBXFileReference; fileEncoding = 4; lastKnownFileType = sourcecode.c.h; path = AFSecurityPolicy.h; sourceTree = "<group>"; };
		FE94CE321C634C6400D199DE /* AFSecurityPolicy.m */ = {isa = PBXFileReference; fileEncoding = 4; lastKnownFileType = sourcecode.c.objc; path = AFSecurityPolicy.m; sourceTree = "<group>"; };
		FE94CE331C634C6400D199DE /* AFURLRequestSerialization.h */ = {isa = PBXFileReference; fileEncoding = 4; lastKnownFileType = sourcecode.c.h; path = AFURLRequestSerialization.h; sourceTree = "<group>"; };
		FE94CE341C634C6400D199DE /* AFURLRequestSerialization.m */ = {isa = PBXFileReference; fileEncoding = 4; lastKnownFileType = sourcecode.c.objc; path = AFURLRequestSerialization.m; sourceTree = "<group>"; };
		FE94CE351C634C6400D199DE /* AFURLResponseSerialization.h */ = {isa = PBXFileReference; fileEncoding = 4; lastKnownFileType = sourcecode.c.h; path = AFURLResponseSerialization.h; sourceTree = "<group>"; };
		FE94CE361C634C6400D199DE /* AFURLResponseSerialization.m */ = {isa = PBXFileReference; fileEncoding = 4; lastKnownFileType = sourcecode.c.objc; path = AFURLResponseSerialization.m; sourceTree = "<group>"; };
		FE94CE371C634C6400D199DE /* AFURLSessionManager.h */ = {isa = PBXFileReference; fileEncoding = 4; lastKnownFileType = sourcecode.c.h; path = AFURLSessionManager.h; sourceTree = "<group>"; };
		FE94CE381C634C6400D199DE /* AFURLSessionManager.m */ = {isa = PBXFileReference; fileEncoding = 4; lastKnownFileType = sourcecode.c.objc; path = AFURLSessionManager.m; sourceTree = "<group>"; };
		FE94CE3A1C634C6400D199DE /* MBProgressHUD.h */ = {isa = PBXFileReference; fileEncoding = 4; lastKnownFileType = sourcecode.c.h; path = MBProgressHUD.h; sourceTree = "<group>"; };
		FE94CE3B1C634C6400D199DE /* MBProgressHUD.m */ = {isa = PBXFileReference; fileEncoding = 4; lastKnownFileType = sourcecode.c.objc; path = MBProgressHUD.m; sourceTree = "<group>"; };
		FE94CE3D1C634C6400D199DE /* RadioButton.h */ = {isa = PBXFileReference; fileEncoding = 4; lastKnownFileType = sourcecode.c.h; path = RadioButton.h; sourceTree = "<group>"; };
		FE94CE3E1C634C6400D199DE /* RadioButton.m */ = {isa = PBXFileReference; fileEncoding = 4; lastKnownFileType = sourcecode.c.objc; path = RadioButton.m; sourceTree = "<group>"; };
		FEBBA24D19C2CC0B009EE02C /* helloAnyChatCloud.app */ = {isa = PBXFileReference; explicitFileType = wrapper.application; includeInIndex = 0; path = helloAnyChatCloud.app; sourceTree = BUILT_PRODUCTS_DIR; };
		FEBBA25819C2CC0B009EE02C /* helloAnyChatCloud-Info.plist */ = {isa = PBXFileReference; lastKnownFileType = text.plist.xml; path = "helloAnyChatCloud-Info.plist"; sourceTree = "<group>"; };
		FEBBA25A19C2CC0B009EE02C /* en */ = {isa = PBXFileReference; lastKnownFileType = text.plist.strings; name = en; path = en.lproj/InfoPlist.strings; sourceTree = "<group>"; };
		FEBBA25C19C2CC0B009EE02C /* main.m */ = {isa = PBXFileReference; lastKnownFileType = sourcecode.c.objc; path = main.m; sourceTree = "<group>"; };
		FEBBA25E19C2CC0B009EE02C /* helloAnyChatCloud-Prefix.pch */ = {isa = PBXFileReference; lastKnownFileType = sourcecode.c.h; path = "helloAnyChatCloud-Prefix.pch"; sourceTree = "<group>"; };
		FEBBA25F19C2CC0B009EE02C /* AppDelegate.h */ = {isa = PBXFileReference; lastKnownFileType = sourcecode.c.h; path = AppDelegate.h; sourceTree = "<group>"; };
		FEBBA26019C2CC0B009EE02C /* AppDelegate.m */ = {isa = PBXFileReference; lastKnownFileType = sourcecode.c.objc; path = AppDelegate.m; sourceTree = "<group>"; };
		FEBBA2B719C2CF67009EE02C /* AnyChatViewController.h */ = {isa = PBXFileReference; fileEncoding = 4; lastKnownFileType = sourcecode.c.h; path = AnyChatViewController.h; sourceTree = "<group>"; };
		FEBBA2B819C2CF67009EE02C /* AnyChatViewController.m */ = {isa = PBXFileReference; fileEncoding = 4; lastKnownFileType = sourcecode.c.objc; lineEnding = 0; path = AnyChatViewController.m; sourceTree = "<group>"; xcLanguageSpecificationIdentifier = xcode.lang.objc; };
		FEBBA2B919C2CF67009EE02C /* AnyChatViewController.xib */ = {isa = PBXFileReference; fileEncoding = 4; lastKnownFileType = file.xib; path = AnyChatViewController.xib; sourceTree = "<group>"; };
		FECFA0071C211320002777D9 /* Images.xcassets */ = {isa = PBXFileReference; lastKnownFileType = folder.assetcatalog; path = Images.xcassets; sourceTree = "<group>"; };
/* End PBXFileReference section */

/* Begin PBXFrameworksBuildPhase section */
		FEBBA24A19C2CC0B009EE02C /* Frameworks */ = {
			isa = PBXFrameworksBuildPhase;
			buildActionMask = 2147483647;
			files = (
				F3D5DAA124653B5A00E74CB3 /* AnyChatCoreSDK.framework in Frameworks */,
				F854CF5A214758F9002FC106 /* libz.tbd in Frameworks */,
				F854CEFD21474DC4002FC106 /* libc++.tbd in Frameworks */,
				098DF2401EA7436C00FB36FA /* VideoToolbox.framework in Frameworks */,
			);
			runOnlyForDeploymentPostprocessing = 0;
		};
/* End PBXFrameworksBuildPhase section */

/* Begin PBXGroup section */
		F84AE87622C304C6004CD66F /* IQKeyboardManager */ = {
			isa = PBXGroup;
			children = (
				F84AE87722C304C6004CD66F /* Categories */,
				F84AE88222C304C6004CD66F /* Constants */,
				F84AE88522C304C6004CD66F /* IQKeyboardManager.h */,
				F84AE88622C304C6004CD66F /* IQKeyboardManager.m */,
				F84AE88722C304C6004CD66F /* IQKeyboardReturnKeyHandler.h */,
				F84AE88822C304C6004CD66F /* IQKeyboardReturnKeyHandler.m */,
				F84AE88922C304C6004CD66F /* IQTextView */,
				F84AE88C22C304C6004CD66F /* IQToolbar */,
				F84AE89722C304C6004CD66F /* Resources */,
			);
			path = IQKeyboardManager;
			sourceTree = "<group>";
		};
		F84AE87722C304C6004CD66F /* Categories */ = {
			isa = PBXGroup;
			children = (
				F84AE87822C304C6004CD66F /* IQNSArray+Sort.h */,
				F84AE87922C304C6004CD66F /* IQNSArray+Sort.m */,
				F84AE87A22C304C6004CD66F /* IQUIScrollView+Additions.h */,
				F84AE87B22C304C6004CD66F /* IQUIScrollView+Additions.m */,
				F84AE87C22C304C6004CD66F /* IQUITextFieldView+Additions.h */,
				F84AE87D22C304C6004CD66F /* IQUITextFieldView+Additions.m */,
				F84AE87E22C304C6004CD66F /* IQUIView+Hierarchy.h */,
				F84AE87F22C304C6004CD66F /* IQUIView+Hierarchy.m */,
				F84AE88022C304C6004CD66F /* IQUIViewController+Additions.h */,
				F84AE88122C304C6004CD66F /* IQUIViewController+Additions.m */,
			);
			path = Categories;
			sourceTree = "<group>";
		};
		F84AE88222C304C6004CD66F /* Constants */ = {
			isa = PBXGroup;
			children = (
				F84AE88322C304C6004CD66F /* IQKeyboardManagerConstants.h */,
				F84AE88422C304C6004CD66F /* IQKeyboardManagerConstantsInternal.h */,
			);
			path = Constants;
			sourceTree = "<group>";
		};
		F84AE88922C304C6004CD66F /* IQTextView */ = {
			isa = PBXGroup;
			children = (
				F84AE88A22C304C6004CD66F /* IQTextView.h */,
				F84AE88B22C304C6004CD66F /* IQTextView.m */,
			);
			path = IQTextView;
			sourceTree = "<group>";
		};
		F84AE88C22C304C6004CD66F /* IQToolbar */ = {
			isa = PBXGroup;
			children = (
				F84AE88D22C304C6004CD66F /* IQBarButtonItem.h */,
				F84AE88E22C304C6004CD66F /* IQBarButtonItem.m */,
				F84AE88F22C304C6004CD66F /* IQPreviousNextView.h */,
				F84AE89022C304C6004CD66F /* IQPreviousNextView.m */,
				F84AE89122C304C6004CD66F /* IQTitleBarButtonItem.h */,
				F84AE89222C304C6004CD66F /* IQTitleBarButtonItem.m */,
				F84AE89322C304C6004CD66F /* IQToolbar.h */,
				F84AE89422C304C6004CD66F /* IQToolbar.m */,
				F84AE89522C304C6004CD66F /* IQUIView+IQKeyboardToolbar.h */,
				F84AE89622C304C6004CD66F /* IQUIView+IQKeyboardToolbar.m */,
			);
			path = IQToolbar;
			sourceTree = "<group>";
		};
		F84AE89722C304C6004CD66F /* Resources */ = {
			isa = PBXGroup;
			children = (
				F84AE89822C304C6004CD66F /* IQKeyboardManager.bundle */,
			);
			path = Resources;
			sourceTree = "<group>";
		};
		F8D082382150EEB1002B0DAC /* Resources */ = {
			isa = PBXGroup;
			children = (
				043DC10D21B660E5007FACE2 /* icon_signserver@2x.png */,
				F8D082392150EEB1002B0DAC /* bg.png */,
				F8D0823A2150EEB1002B0DAC /* bg_video-568h@2x.png */,
				F8D0823B2150EEB1002B0DAC /* bg_video@2x.png */,
				F8D0823C2150EEB1002B0DAC /* btn_login_01.png */,
				F8D0823D2150EEB1002B0DAC /* btn_logout_01.png */,
				F8D0823E2150EEB1002B0DAC /* cell_01.png */,
				F8D0823F2150EEB1002B0DAC /* Default-568h@2x.png */,
				F8D082402150EEB1002B0DAC /* Default@2x.png */,
				F8D082412150EEB1002B0DAC /* HeadPortrait */,
				F8D082472150EEB1002B0DAC /* Icon@2x.png */,
				F8D082482150EEB1002B0DAC /* Icon_box@2x.png */,
				F8D082492150EEB1002B0DAC /* Icon_box@3x.png */,
				F8D0824A2150EEB1002B0DAC /* Icon_guid.png */,
				F8D0824B2150EEB1002B0DAC /* Icon_ip.png */,
				F8D0824C2150EEB1002B0DAC /* Icon_name.png */,
				F8D0824D2150EEB1002B0DAC /* Icon_port.png */,
				F8D0824E2150EEB1002B0DAC /* Icon_room.png */,
				F8D0824F2150EEB1002B0DAC /* radio-res-ios */,
				F8D082542150EEB1002B0DAC /* video_footer */,
			);
			name = Resources;
			path = helloAnyChatCloud/Resources;
			sourceTree = "<group>";
		};
		F8D082412150EEB1002B0DAC /* HeadPortrait */ = {
			isa = PBXGroup;
			children = (
				F8D082422150EEB1002B0DAC /* 1.png */,
				F8D082432150EEB1002B0DAC /* 2.png */,
				F8D082442150EEB1002B0DAC /* 3.png */,
				F8D082452150EEB1002B0DAC /* 4.png */,
				F8D082462150EEB1002B0DAC /* 5.png */,
			);
			path = HeadPortrait;
			sourceTree = "<group>";
		};
		F8D0824F2150EEB1002B0DAC /* radio-res-ios */ = {
			isa = PBXGroup;
			children = (
				F8D082502150EEB1002B0DAC /* checked.png */,
				F8D082512150EEB1002B0DAC /* checked@2x.png */,
				F8D082522150EEB1002B0DAC /* unchecked.png */,
				F8D082532150EEB1002B0DAC /* unchecked@2x.png */,
			);
			path = "radio-res-ios";
			sourceTree = "<group>";
		};
		F8D082542150EEB1002B0DAC /* video_footer */ = {
			isa = PBXGroup;
			children = (
				F8D082552150EEB1002B0DAC /* bg_video_footer.png */,
				F8D082562150EEB1002B0DAC /* Icon_camera.png */,
				F8D082572150EEB1002B0DAC /* Icon_camera_w.png */,
				F8D082582150EEB1002B0DAC /* Icon_camera_w_b.png */,
				F8D082592150EEB1002B0DAC /* Icon_EndCall.png */,
				F8D0825A2150EEB1002B0DAC /* Icon_noCamera.png */,
				F8D0825B2150EEB1002B0DAC /* Icon_noVoice.png */,
				F8D0825C2150EEB1002B0DAC /* Icon_voice.png */,
			);
			path = video_footer;
			sourceTree = "<group>";
		};
		FE01D91119D41858005D1189 /* Resources */ = {
			isa = PBXGroup;
			children = (
				FECF538119EFBB3A00338859 /* images */,
			);
			name = Resources;
			sourceTree = "<group>";
		};
		FE94CE2A1C634C6400D199DE /* Libs */ = {
			isa = PBXGroup;
			children = (
				F84AE87522C304C6004CD66F /* UIView+AdaptScreen.h */,
				F84AE89922C304C6004CD66F /* UIView+AdaptScreen.m */,
				F84AE87622C304C6004CD66F /* IQKeyboardManager */,
				FE94CE2B1C634C6400D199DE /* AFNetworking */,
				FE94CE391C634C6400D199DE /* MBProgressHUD */,
				FE94CE3C1C634C6400D199DE /* RadioButton */,
			);
			path = Libs;
			sourceTree = "<group>";
		};
		FE94CE2B1C634C6400D199DE /* AFNetworking */ = {
			isa = PBXGroup;
			children = (
				FE94CE2C1C634C6400D199DE /* AFHTTPSessionManager.h */,
				FE94CE2D1C634C6400D199DE /* AFHTTPSessionManager.m */,
				FE94CE2E1C634C6400D199DE /* AFNetworking.h */,
				FE94CE2F1C634C6400D199DE /* AFNetworkReachabilityManager.h */,
				FE94CE301C634C6400D199DE /* AFNetworkReachabilityManager.m */,
				FE94CE311C634C6400D199DE /* AFSecurityPolicy.h */,
				FE94CE321C634C6400D199DE /* AFSecurityPolicy.m */,
				FE94CE331C634C6400D199DE /* AFURLRequestSerialization.h */,
				FE94CE341C634C6400D199DE /* AFURLRequestSerialization.m */,
				FE94CE351C634C6400D199DE /* AFURLResponseSerialization.h */,
				FE94CE361C634C6400D199DE /* AFURLResponseSerialization.m */,
				FE94CE371C634C6400D199DE /* AFURLSessionManager.h */,
				FE94CE381C634C6400D199DE /* AFURLSessionManager.m */,
			);
			path = AFNetworking;
			sourceTree = "<group>";
		};
		FE94CE391C634C6400D199DE /* MBProgressHUD */ = {
			isa = PBXGroup;
			children = (
				FE94CE3A1C634C6400D199DE /* MBProgressHUD.h */,
				FE94CE3B1C634C6400D199DE /* MBProgressHUD.m */,
			);
			path = MBProgressHUD;
			sourceTree = "<group>";
		};
		FE94CE3C1C634C6400D199DE /* RadioButton */ = {
			isa = PBXGroup;
			children = (
				FE94CE3D1C634C6400D199DE /* RadioButton.h */,
				FE94CE3E1C634C6400D199DE /* RadioButton.m */,
			);
			path = RadioButton;
			sourceTree = "<group>";
		};
		FE94CFB61C65EA6200D199DE /* sdk */ = {
			isa = PBXGroup;
			children = (
				F3D5DAA024653B5A00E74CB3 /* AnyChatCoreSDK.framework */,
			);
			name = sdk;
			path = ../../../sdk;
			sourceTree = "<group>";
		};
		FEBBA24419C2CC0B009EE02C = {
			isa = PBXGroup;
			children = (
				FEBBA25619C2CC0B009EE02C /* helloAnyChatCloud */,
				FED273F01A51610D00DC64AD /* Setting */,
				FE01D91119D41858005D1189 /* Resources */,
				FEBBA24F19C2CC0B009EE02C /* Frameworks */,
				FEBBA24E19C2CC0B009EE02C /* Products */,
			);
			sourceTree = "<group>";
		};
		FEBBA24E19C2CC0B009EE02C /* Products */ = {
			isa = PBXGroup;
			children = (
				FEBBA24D19C2CC0B009EE02C /* helloAnyChatCloud.app */,
			);
			name = Products;
			sourceTree = "<group>";
		};
		FEBBA24F19C2CC0B009EE02C /* Frameworks */ = {
			isa = PBXGroup;
			children = (
				F854CEFC21474DC4002FC106 /* libc++.tbd */,
				09558B751ECDBCA900D966CE /* libz.tbd */,
				098DF23F1EA7436C00FB36FA /* VideoToolbox.framework */,
			);
			name = Frameworks;
			sourceTree = "<group>";
		};
		FEBBA25619C2CC0B009EE02C /* helloAnyChatCloud */ = {
			isa = PBXGroup;
			children = (
				FE94CFB61C65EA6200D199DE /* sdk */,
				FE94CE2A1C634C6400D199DE /* Libs */,
				FEBBA25F19C2CC0B009EE02C /* AppDelegate.h */,
				FEBBA26019C2CC0B009EE02C /* AppDelegate.m */,
				F84AE8AA22C304DA004CD66F /* ACBaseViewController.h */,
				F84AE8A922C304DA004CD66F /* ACBaseViewController.m */,
				F88FC36322E069B700A58B31 /* UINavigationController+DeviceOrientataion.h */,
				F88FC36222E069B700A58B31 /* UINavigationController+DeviceOrientataion.m */,
				FE85404519D515A800253FA0 /* tableVCell.xib */,
				FEBBA2B719C2CF67009EE02C /* AnyChatViewController.h */,
				FEBBA2B819C2CF67009EE02C /* AnyChatViewController.m */,
				FEBBA2B919C2CF67009EE02C /* AnyChatViewController.xib */,
				FE1B2E7219C692F300773FE6 /* VideoViewController.h */,
				FE1B2E7319C692F300773FE6 /* VideoViewController.m */,
				FB3679A719D8453E008D9C5E /* VideoViewController.xib */,
				FECFA0071C211320002777D9 /* Images.xcassets */,
				FEBBA25719C2CC0B009EE02C /* Supporting Files */,
			);
			path = helloAnyChatCloud;
			sourceTree = "<group>";
		};
		FEBBA25719C2CC0B009EE02C /* Supporting Files */ = {
			isa = PBXGroup;
			children = (
				FEBBA25819C2CC0B009EE02C /* helloAnyChatCloud-Info.plist */,
				FEBBA25919C2CC0B009EE02C /* InfoPlist.strings */,
				FEBBA25C19C2CC0B009EE02C /* main.m */,
				FEBBA25E19C2CC0B009EE02C /* helloAnyChatCloud-Prefix.pch */,
				CFD00A0B2306605000686156 /* Launch Screen.storyboard */,
			);
			name = "Supporting Files";
			sourceTree = "<group>";
		};
		FECF538119EFBB3A00338859 /* images */ = {
			isa = PBXGroup;
			children = (
				F8D082382150EEB1002B0DAC /* Resources */,
			);
			name = images;
			sourceTree = "<group>";
		};
		FED273F01A51610D00DC64AD /* Setting */ = {
			isa = PBXGroup;
			children = (
				F8D082302150EE66002B0DAC /* DetailVC.h */,
				F8D0822F2150EE66002B0DAC /* DetailVC.m */,
				F8D0822A2150EE66002B0DAC /* DetailVC.xib */,
				F8D0822E2150EE66002B0DAC /* SettingVC.h */,
				F8D0822C2150EE66002B0DAC /* SettingVC.m */,
				F8D082312150EE66002B0DAC /* SettingVC.xib */,
				F8D0822D2150EE66002B0DAC /* UserVideoSettings.plist */,
				F8D0822B2150EE66002B0DAC /* VideoSettings.plist */,
			);
			name = Setting;
			sourceTree = "<group>";
		};
/* End PBXGroup section */

/* Begin PBXNativeTarget section */
		FEBBA24C19C2CC0B009EE02C /* helloAnyChatCloud */ = {
			isa = PBXNativeTarget;
			buildConfigurationList = FEBBA27919C2CC0B009EE02C /* Build configuration list for PBXNativeTarget "helloAnyChatCloud" */;
			buildPhases = (
				FEBBA24919C2CC0B009EE02C /* Sources */,
				FEBBA24B19C2CC0B009EE02C /* Resources */,
				FEBBA24A19C2CC0B009EE02C /* Frameworks */,
			);
			buildRules = (
			);
			dependencies = (
			);
			name = helloAnyChatCloud;
			productName = helloAnyChat;
			productReference = FEBBA24D19C2CC0B009EE02C /* helloAnyChatCloud.app */;
			productType = "com.apple.product-type.application";
		};
/* End PBXNativeTarget section */

/* Begin PBXProject section */
		FEBBA24519C2CC0B009EE02C /* Project object */ = {
			isa = PBXProject;
			attributes = {
				LastUpgradeCheck = 0510;
				ORGANIZATIONNAME = "GuangZhou BaiRui NetWork Technology Co.,Ltd.";
				TargetAttributes = {
					FEBBA24C19C2CC0B009EE02C = {
						DevelopmentTeam = 7448PDV238;
						ProvisioningStyle = Automatic;
					};
				};
			};
			buildConfigurationList = FEBBA24819C2CC0B009EE02C /* Build configuration list for PBXProject "helloAnyChatCloud" */;
			compatibilityVersion = "Xcode 3.2";
			developmentRegion = English;
			hasScannedForEncodings = 0;
			knownRegions = (
				English,
				en,
			);
			mainGroup = FEBBA24419C2CC0B009EE02C;
			productRefGroup = FEBBA24E19C2CC0B009EE02C /* Products */;
			projectDirPath = "";
			projectRoot = "";
			targets = (
				FEBBA24C19C2CC0B009EE02C /* helloAnyChatCloud */,
			);
		};
/* End PBXProject section */

/* Begin PBXResourcesBuildPhase section */
		FEBBA24B19C2CC0B009EE02C /* Resources */ = {
			isa = PBXResourcesBuildPhase;
			buildActionMask = 2147483647;
			files = (
				F8D0825D2150EEB1002B0DAC /* bg.png in Resources */,
				F8D082742150EEB1002B0DAC /* unchecked.png in Resources */,
				F8D082372150EE66002B0DAC /* SettingVC.xib in Resources */,
				CFD00A0C2306605100686156 /* Launch Screen.storyboard in Resources */,
				FE85404619D515A800253FA0 /* tableVCell.xib in Resources */,
				FEBBA25B19C2CC0B009EE02C /* InfoPlist.strings in Resources */,
				F8D082352150EE66002B0DAC /* UserVideoSettings.plist in Resources */,
				F8D0826A2150EEB1002B0DAC /* Icon@2x.png in Resources */,
				F8D082772150EEB1002B0DAC /* Icon_camera.png in Resources */,
				FECFA0081C211320002777D9 /* Images.xcassets in Resources */,
				F8D0825E2150EEB1002B0DAC /* bg_video-568h@2x.png in Resources */,
				F8D082322150EE66002B0DAC /* DetailVC.xib in Resources */,
				F8D0826E2150EEB1002B0DAC /* Icon_ip.png in Resources */,
				F8D082792150EEB1002B0DAC /* Icon_camera_w_b.png in Resources */,
				FEBBA2BB19C2CF67009EE02C /* AnyChatViewController.xib in Resources */,
				F8D082652150EEB1002B0DAC /* 1.png in Resources */,
				F8D082642150EEB1002B0DAC /* Default@2x.png in Resources */,
				F8D082692150EEB1002B0DAC /* 5.png in Resources */,
				F8D082752150EEB1002B0DAC /* unchecked@2x.png in Resources */,
				F8D0827B2150EEB1002B0DAC /* Icon_noCamera.png in Resources */,
				F8D082612150EEB1002B0DAC /* btn_logout_01.png in Resources */,
				F8D082762150EEB1002B0DAC /* bg_video_footer.png in Resources */,
				F8D082332150EE66002B0DAC /* VideoSettings.plist in Resources */,
				F8D0827A2150EEB1002B0DAC /* Icon_EndCall.png in Resources */,
				F8D0826D2150EEB1002B0DAC /* Icon_guid.png in Resources */,
				F8D0826F2150EEB1002B0DAC /* Icon_name.png in Resources */,
				F8D082732150EEB1002B0DAC /* checked@2x.png in Resources */,
				FB3679A819D8453E008D9C5E /* VideoViewController.xib in Resources */,
				F8D0827D2150EEB1002B0DAC /* Icon_voice.png in Resources */,
				F8D0825F2150EEB1002B0DAC /* bg_video@2x.png in Resources */,
				F8D082682150EEB1002B0DAC /* 4.png in Resources */,
				F8D082672150EEB1002B0DAC /* 3.png in Resources */,
				F8D082722150EEB1002B0DAC /* checked.png in Resources */,
				F8D082632150EEB1002B0DAC /* Default-568h@2x.png in Resources */,
				F8D082702150EEB1002B0DAC /* Icon_port.png in Resources */,
				F84AE8A722C304C6004CD66F /* IQKeyboardManager.bundle in Resources */,
				043DC10E21B660E5007FACE2 /* icon_signserver@2x.png in Resources */,
				F8D082662150EEB1002B0DAC /* 2.png in Resources */,
				F8D0826B2150EEB1002B0DAC /* Icon_box@2x.png in Resources */,
				F8D0826C2150EEB1002B0DAC /* Icon_box@3x.png in Resources */,
				F8D082602150EEB1002B0DAC /* btn_login_01.png in Resources */,
				F8D082622150EEB1002B0DAC /* cell_01.png in Resources */,
				F8D0827C2150EEB1002B0DAC /* Icon_noVoice.png in Resources */,
				F8D082712150EEB1002B0DAC /* Icon_room.png in Resources */,
				F8D082782150EEB1002B0DAC /* Icon_camera_w.png in Resources */,
			);
			runOnlyForDeploymentPostprocessing = 0;
		};
/* End PBXResourcesBuildPhase section */

/* Begin PBXSourcesBuildPhase section */
		FEBBA24919C2CC0B009EE02C /* Sources */ = {
			isa = PBXSourcesBuildPhase;
			buildActionMask = 2147483647;
			files = (
				F84AE89F22C304C6004CD66F /* IQKeyboardManager.m in Sources */,
				F84AE8A022C304C6004CD66F /* IQKeyboardReturnKeyHandler.m in Sources */,
				FEBBA26119C2CC0B009EE02C /* AppDelegate.m in Sources */,
				F84AE8A222C304C6004CD66F /* IQBarButtonItem.m in Sources */,
				F84AE89B22C304C6004CD66F /* IQUIScrollView+Additions.m in Sources */,
				F8D082362150EE66002B0DAC /* DetailVC.m in Sources */,
				FE94CE411C634C6400D199DE /* AFSecurityPolicy.m in Sources */,
				F84AE8A622C304C6004CD66F /* IQUIView+IQKeyboardToolbar.m in Sources */,
				FEBBA25D19C2CC0B009EE02C /* main.m in Sources */,
				F84AE8A322C304C6004CD66F /* IQPreviousNextView.m in Sources */,
				F88FC36422E069B800A58B31 /* UINavigationController+DeviceOrientataion.m in Sources */,
				F84AE8A522C304C6004CD66F /* IQToolbar.m in Sources */,
				FE94CE431C634C6400D199DE /* AFURLResponseSerialization.m in Sources */,
				FE1B2E7519C692F300773FE6 /* VideoViewController.m in Sources */,
				F84AE8A122C304C6004CD66F /* IQTextView.m in Sources */,
				F84AE89C22C304C6004CD66F /* IQUITextFieldView+Additions.m in Sources */,
				FE94CE3F1C634C6400D199DE /* AFHTTPSessionManager.m in Sources */,
				FE94CE421C634C6400D199DE /* AFURLRequestSerialization.m in Sources */,
				F84AE8A822C304C6004CD66F /* UIView+AdaptScreen.m in Sources */,
				F84AE8A422C304C6004CD66F /* IQTitleBarButtonItem.m in Sources */,
				F84AE89E22C304C6004CD66F /* IQUIViewController+Additions.m in Sources */,
				FE94CE451C634C6400D199DE /* MBProgressHUD.m in Sources */,
				F84AE89A22C304C6004CD66F /* IQNSArray+Sort.m in Sources */,
				F8D082342150EE66002B0DAC /* SettingVC.m in Sources */,
				FE94CE441C634C6400D199DE /* AFURLSessionManager.m in Sources */,
				FE94CE401C634C6400D199DE /* AFNetworkReachabilityManager.m in Sources */,
				F84AE8AB22C304DA004CD66F /* ACBaseViewController.m in Sources */,
				FEBBA2BA19C2CF67009EE02C /* AnyChatViewController.m in Sources */,
				F84AE89D22C304C6004CD66F /* IQUIView+Hierarchy.m in Sources */,
				FE94CE461C634C6400D199DE /* RadioButton.m in Sources */,
			);
			runOnlyForDeploymentPostprocessing = 0;
		};
/* End PBXSourcesBuildPhase section */

/* Begin PBXVariantGroup section */
		FEBBA25919C2CC0B009EE02C /* InfoPlist.strings */ = {
			isa = PBXVariantGroup;
			children = (
				FEBBA25A19C2CC0B009EE02C /* en */,
			);
			name = InfoPlist.strings;
			sourceTree = "<group>";
		};
/* End PBXVariantGroup section */

/* Begin XCBuildConfiguration section */
		FEBBA27719C2CC0B009EE02C /* Debug */ = {
			isa = XCBuildConfiguration;
			buildSettings = {
				ALWAYS_SEARCH_USER_PATHS = NO;
				CLANG_CXX_LANGUAGE_STANDARD = "gnu++0x";
				CLANG_CXX_LIBRARY = "libc++";
				CLANG_ENABLE_MODULES = YES;
				CLANG_ENABLE_OBJC_ARC = YES;
				CLANG_WARN_BOOL_CONVERSION = YES;
				CLANG_WARN_CONSTANT_CONVERSION = YES;
				CLANG_WARN_DIRECT_OBJC_ISA_USAGE = YES_ERROR;
				CLANG_WARN_EMPTY_BODY = YES;
				CLANG_WARN_ENUM_CONVERSION = YES;
				CLANG_WARN_INT_CONVERSION = YES;
				CLANG_WARN_OBJC_ROOT_CLASS = YES_ERROR;
				CLANG_WARN__DUPLICATE_METHOD_MATCH = YES;
				"CODE_SIGN_IDENTITY[sdk=iphoneos*]" = "iPhone Developer";
				COPY_PHASE_STRIP = NO;
				GCC_C_LANGUAGE_STANDARD = gnu99;
				GCC_DYNAMIC_NO_PIC = NO;
				GCC_OPTIMIZATION_LEVEL = 0;
				GCC_PREPROCESSOR_DEFINITIONS = (
					"DEBUG=1",
					"$(inherited)",
				);
				GCC_SYMBOLS_PRIVATE_EXTERN = NO;
				GCC_WARN_64_TO_32_BIT_CONVERSION = YES;
				GCC_WARN_ABOUT_RETURN_TYPE = YES_ERROR;
				GCC_WARN_UNDECLARED_SELECTOR = YES;
				GCC_WARN_UNINITIALIZED_AUTOS = YES_AGGRESSIVE;
				GCC_WARN_UNUSED_FUNCTION = YES;
				GCC_WARN_UNUSED_VARIABLE = YES;
				HEADER_SEARCH_PATHS = "$(inherited)";
				IPHONEOS_DEPLOYMENT_TARGET = 4.3;
				LIBRARY_SEARCH_PATHS = "$(inherited)";
				ONLY_ACTIVE_ARCH = YES;
				SDKROOT = iphoneos;
				VALID_ARCHS = "i386 armv7 armv7s arm64 x86_64";
			};
			name = Debug;
		};
		FEBBA27819C2CC0B009EE02C /* Release */ = {
			isa = XCBuildConfiguration;
			buildSettings = {
				ALWAYS_SEARCH_USER_PATHS = NO;
				CLANG_CXX_LANGUAGE_STANDARD = "gnu++0x";
				CLANG_CXX_LIBRARY = "libc++";
				CLANG_ENABLE_MODULES = YES;
				CLANG_ENABLE_OBJC_ARC = YES;
				CLANG_WARN_BOOL_CONVERSION = YES;
				CLANG_WARN_CONSTANT_CONVERSION = YES;
				CLANG_WARN_DIRECT_OBJC_ISA_USAGE = YES_ERROR;
				CLANG_WARN_EMPTY_BODY = YES;
				CLANG_WARN_ENUM_CONVERSION = YES;
				CLANG_WARN_INT_CONVERSION = YES;
				CLANG_WARN_OBJC_ROOT_CLASS = YES_ERROR;
				CLANG_WARN__DUPLICATE_METHOD_MATCH = YES;
				"CODE_SIGN_IDENTITY[sdk=iphoneos*]" = "iPhone Developer";
				COPY_PHASE_STRIP = YES;
				ENABLE_NS_ASSERTIONS = NO;
				GCC_C_LANGUAGE_STANDARD = gnu99;
				GCC_WARN_64_TO_32_BIT_CONVERSION = YES;
				GCC_WARN_ABOUT_RETURN_TYPE = YES_ERROR;
				GCC_WARN_UNDECLARED_SELECTOR = YES;
				GCC_WARN_UNINITIALIZED_AUTOS = YES_AGGRESSIVE;
				GCC_WARN_UNUSED_FUNCTION = YES;
				GCC_WARN_UNUSED_VARIABLE = YES;
				HEADER_SEARCH_PATHS = "$(inherited)";
				IPHONEOS_DEPLOYMENT_TARGET = 4.3;
				LIBRARY_SEARCH_PATHS = "$(inherited)";
				SDKROOT = iphoneos;
				VALIDATE_PRODUCT = YES;
				VALID_ARCHS = "i386 armv7 armv7s arm64 x86_64";
			};
			name = Release;
		};
		FEBBA27A19C2CC0B009EE02C /* Debug */ = {
			isa = XCBuildConfiguration;
			buildSettings = {
				ARCHS = "$(ARCHS_STANDARD)";
				ASSETCATALOG_COMPILER_APPICON_NAME = AppIcon;
				CLANG_CXX_LANGUAGE_STANDARD = "gnu++0x";
				CLANG_CXX_LIBRARY = "libstdc++";
				CODE_SIGN_IDENTITY = "iPhone Distribution: Guangzhou BaiRui Network Technology Co. Ltd.";
				"CODE_SIGN_IDENTITY[sdk=iphoneos*]" = "iPhone Developer";
				CURRENT_PROJECT_VERSION = 20200922;
				DEVELOPMENT_TEAM = 7448PDV238;
				ENABLE_BITCODE = NO;
				FRAMEWORK_SEARCH_PATHS = ../../sdk/;
				GCC_PRECOMPILE_PREFIX_HEADER = YES;
				GCC_PREFIX_HEADER = "helloAnyChatCloud/helloAnyChatCloud-Prefix.pch";
				HEADER_SEARCH_PATHS = "$(inherited)";
				INFOPLIST_FILE = "helloAnyChatCloud/helloAnyChatCloud-Info.plist";
				IPHONEOS_DEPLOYMENT_TARGET = 8.0;
				LD_NO_PIE = NO;
				LIBRARY_SEARCH_PATHS = "$(inherited)";
				MACH_O_TYPE = mh_execute;
				MARKETING_VERSION = 8.2;
				ONLY_ACTIVE_ARCH = YES;
				PRODUCT_BUNDLE_IDENTIFIER = com.bairui.helloAnyChatCloudiOS;
				PRODUCT_NAME = "$(TARGET_NAME)";
				PROVISIONING_PROFILE = "";
				PROVISIONING_PROFILE_SPECIFIER = "";
				TARGETED_DEVICE_FAMILY = 1;
				VALID_ARCHS = "$(ARCHS_STANDARD)";
				WRAPPER_EXTENSION = app;
			};
			name = Debug;
		};
		FEBBA27B19C2CC0B009EE02C /* Release */ = {
			isa = XCBuildConfiguration;
			buildSettings = {
				ARCHS = "$(ARCHS_STANDARD)";
				ASSETCATALOG_COMPILER_APPICON_NAME = AppIcon;
				CLANG_CXX_LANGUAGE_STANDARD = "gnu++0x";
				CLANG_CXX_LIBRARY = "libstdc++";
				CODE_SIGN_IDENTITY = "iPhone Distribution: Guangzhou BaiRui Network Technology Co. Ltd.";
				"CODE_SIGN_IDENTITY[sdk=iphoneos*]" = "iPhone Developer";
				CURRENT_PROJECT_VERSION = 20200922;
				DEVELOPMENT_TEAM = 7448PDV238;
				ENABLE_BITCODE = NO;
				FRAMEWORK_SEARCH_PATHS = ../../sdk/;
				GCC_PRECOMPILE_PREFIX_HEADER = YES;
				GCC_PREFIX_HEADER = "helloAnyChatCloud/helloAnyChatCloud-Prefix.pch";
				HEADER_SEARCH_PATHS = "$(inherited)";
				INFOPLIST_FILE = "helloAnyChatCloud/helloAnyChatCloud-Info.plist";
				IPHONEOS_DEPLOYMENT_TARGET = 8.0;
				LD_NO_PIE = NO;
				LIBRARY_SEARCH_PATHS = "$(inherited)";
				MACH_O_TYPE = mh_execute;
				MARKETING_VERSION = 8.2;
				PRODUCT_BUNDLE_IDENTIFIER = com.bairui.helloAnyChatCloudiOS;
				PRODUCT_NAME = "$(TARGET_NAME)";
				PROVISIONING_PROFILE = "";
				PROVISIONING_PROFILE_SPECIFIER = "";
				TARGETED_DEVICE_FAMILY = 1;
				VALID_ARCHS = "$(ARCHS_STANDARD)";
				WRAPPER_EXTENSION = app;
			};
			name = Release;
		};
/* End XCBuildConfiguration section */

/* Begin XCConfigurationList section */
		FEBBA24819C2CC0B009EE02C /* Build configuration list for PBXProject "helloAnyChatCloud" */ = {
			isa = XCConfigurationList;
			buildConfigurations = (
				FEBBA27719C2CC0B009EE02C /* Debug */,
				FEBBA27819C2CC0B009EE02C /* Release */,
			);
			defaultConfigurationIsVisible = 0;
			defaultConfigurationName = Release;
		};
		FEBBA27919C2CC0B009EE02C /* Build configuration list for PBXNativeTarget "helloAnyChatCloud" */ = {
			isa = XCConfigurationList;
			buildConfigurations = (
				FEBBA27A19C2CC0B009EE02C /* Debug */,
				FEBBA27B19C2CC0B009EE02C /* Release */,
			);
			defaultConfigurationIsVisible = 0;
			defaultConfigurationName = Release;
		};
/* End XCConfigurationList section */
	};
	rootObject = FEBBA24519C2CC0B009EE02C /* Project object */;
}
